PODS:
  - AFNetworking (1.3.4)
  - MUKMediaGallery (2.2.2):
    - MUKMediaGallery/ImageScrollView (= 2.2.2)
    - MUKSignal (~> 1.1.0)
    - MUKToolkit (~> 1.1)
    - XCDYouTubeKit (~> 2.0)
  - MUKMediaGallery/ImageScrollView (2.2.2):
    - MUKSignal (~> 1.1.0)
    - MUKToolkit (~> 1.1)
    - XCDYouTubeKit (~> 2.0)
  - MUKSignal (1.1)
  - MUKToolkit (1.1.4)
  - XCDYouTubeKit (2.14.1)

DEPENDENCIES:
  - AFNetworking (~> 1.3)
  - MUKMediaGallery (from `..`)
  - MUKToolkit (~> 1.1)

SPEC REPOS:
  trunk:
    - AFNetworking
    - MUKSignal
    - MUKToolkit
    - XCDYouTubeKit

EXTERNAL SOURCES:
  MUKMediaGallery:
    :path: ".."

SPEC CHECKSUMS:
  AFNetworking: cf8e418e16f0c9c7e5c3150d019a3c679d015018
  MUKMediaGallery: 70400a30ecff2aadff416855ead334ccf8545882
  MUKSignal: 37e5dd227e69f4bc1de8bacf32ede996468f67f7
  MUKToolkit: 68d80c87be918154bfd21e64158b1580c6dd2472
  XCDYouTubeKit: 5d50bbacdd9fedf26fb578bab901d946ff3d064c

PODFILE CHECKSUM: 1477218c74701004cb5479860789bd9bbab48430

COCOAPODS: 1.9.3
