PODS:
  - AFNetworking (1.3.3)
  - LBYouTubeView (0.0.1)
  - MUKMediaGallery (2.1.1):
    - LBYouTubeView (~> 0.0)
    - MUKMediaGallery/ImageScrollView
    - MUKToolkit (~> 1.1)
  - MUKMediaGallery/ImageScrollView (2.1.1):
    - LBYouTubeView (~> 0.0)
    - MUKToolkit (~> 1.1)
  - MUKToolkit (1.1.1)

DEPENDENCIES:
  - AFNetworking (~> 1.3)
  - MUKMediaGallery (from `..`)
  - MUKToolkit (~> 1.1)

EXTERNAL SOURCES:
  MUKMediaGallery:
    :path: ..

SPEC CHECKSUMS:
  AFNetworking: 61fdd49e2ffe6380378df37b3b6e70630bb9dd66
  LBYouTubeView: f4b750e734df5097391361663ca56f037cd751a1
  MUKMediaGallery: 2a15cb28199b437eb6ff7a6db4fd590789d5e5ad
  MUKToolkit: ad8366bc72beaf24026704d0633a521ce0cafadc

COCOAPODS: 0.28.0
