// !$*UTF8*$!
{
	archiveVersion = 1;
	classes = {
	};
	objectVersion = 46;
	objects = {

/* Begin PBXAggregateTarget section */
		060049E8154C16C9004A3B17 /* MUKMediaGalleryDocumentation */ = {
			isa = PBXAggregateTarget;
			buildConfigurationList = 060049E9154C16C9004A3B17 /* Build configuration list for PBXAggregateTarget "MUKMediaGalleryDocumentation" */;
			buildPhases = (
				060049EC154C16D4004A3B17 /* ShellScript */,
			);
			dependencies = (
			);
			name = MUKMediaGalleryDocumentation;
			productName = MUKMediaGalleryDocumentation;
		};
/* End PBXAggregateTarget section */

/* Begin PBXBuildFile section */
		06004954154C13BA004A3B17 /* Foundation.framework in Frameworks */ = {isa = PBXBuildFile; fileRef = 06004953154C13BA004A3B17 /* Foundation.framework */; };
		06004962154C13BA004A3B17 /* SenTestingKit.framework in Frameworks */ = {isa = PBXBuildFile; fileRef = 06004961154C13BA004A3B17 /* SenTestingKit.framework */; };
		06004965154C13BA004A3B17 /* Foundation.framework in Frameworks */ = {isa = PBXBuildFile; fileRef = 06004953154C13BA004A3B17 /* Foundation.framework */; };
		06004968154C13BA004A3B17 /* libMUKMediaGallery.a in Frameworks */ = {isa = PBXBuildFile; fileRef = 06004950154C13BA004A3B17 /* libMUKMediaGallery.a */; };
		060049DF154C1667004A3B17 /* MUKMediaGallery-Prefix.pch in Headers */ = {isa = PBXBuildFile; fileRef = 060049DD154C1667004A3B17 /* MUKMediaGallery-Prefix.pch */; };
		060049E0154C1667004A3B17 /* MUKMediaGallery.h in Headers */ = {isa = PBXBuildFile; fileRef = 060049DE154C1667004A3B17 /* MUKMediaGallery.h */; settings = {ATTRIBUTES = (Public, ); }; };
		060049E7154C168F004A3B17 /* MUKMediaGalleryTests.m in Sources */ = {isa = PBXBuildFile; fileRef = 060049E5154C168F004A3B17 /* MUKMediaGalleryTests.m */; };
		060049F0154C1781004A3B17 /* MUKMediaAssetProtocol.h in Headers */ = {isa = PBXBuildFile; fileRef = 060049EF154C1781004A3B17 /* MUKMediaAssetProtocol.h */; settings = {ATTRIBUTES = (Public, ); }; };
		060049FB154C18FC004A3B17 /* CoreFoundation.framework in Frameworks */ = {isa = PBXBuildFile; fileRef = 060049FA154C18FC004A3B17 /* CoreFoundation.framework */; };
		06004A01154C18FC004A3B17 /* InfoPlist.strings in Resources */ = {isa = PBXBuildFile; fileRef = 060049FF154C18FC004A3B17 /* InfoPlist.strings */; };
		06004A0A154C1CEB004A3B17 /* MUKMediaThumbnailsView.h in Headers */ = {isa = PBXBuildFile; fileRef = 06004A08154C1CEB004A3B17 /* MUKMediaThumbnailsView.h */; settings = {ATTRIBUTES = (Public, ); }; };
		06004A0B154C1CEB004A3B17 /* MUKMediaThumbnailsView.m in Sources */ = {isa = PBXBuildFile; fileRef = 06004A09154C1CEB004A3B17 /* MUKMediaThumbnailsView.m */; };
		06004A36154C24AD004A3B17 /* MUKMediaThumbnailsCountView_.h in Headers */ = {isa = PBXBuildFile; fileRef = 06004A34154C24AD004A3B17 /* MUKMediaThumbnailsCountView_.h */; };
		06004A37154C24AD004A3B17 /* MUKMediaThumbnailsCountView_.m in Sources */ = {isa = PBXBuildFile; fileRef = 06004A35154C24AD004A3B17 /* MUKMediaThumbnailsCountView_.m */; };
		06004A39154C26CC004A3B17 /* MUKMediaThumbnailsView_MediaAssetsCountView.h in Headers */ = {isa = PBXBuildFile; fileRef = 06004A38154C26CC004A3B17 /* MUKMediaThumbnailsView_MediaAssetsCountView.h */; };
		06004A3E154C2972004A3B17 /* MUKMediaGalleryUtils_.h in Headers */ = {isa = PBXBuildFile; fileRef = 06004A3C154C2972004A3B17 /* MUKMediaGalleryUtils_.h */; };
		06004A3F154C2972004A3B17 /* MUKMediaGalleryUtils_.m in Sources */ = {isa = PBXBuildFile; fileRef = 06004A3D154C2972004A3B17 /* MUKMediaGalleryUtils_.m */; };
		06004A42154C2AB7004A3B17 /* Localizable.strings in Resources */ = {isa = PBXBuildFile; fileRef = 06004A44154C2AB7004A3B17 /* Localizable.strings */; };
		06004A47154C3420004A3B17 /* MUKMediaImageAssetProtocol.h in Headers */ = {isa = PBXBuildFile; fileRef = 06004A46154C3420004A3B17 /* MUKMediaImageAssetProtocol.h */; settings = {ATTRIBUTES = (Public, ); }; };
		06004A49154C3446004A3B17 /* MUKMediaVideoAssetProtocol.h in Headers */ = {isa = PBXBuildFile; fileRef = 06004A48154C3446004A3B17 /* MUKMediaVideoAssetProtocol.h */; settings = {ATTRIBUTES = (Public, ); }; };
		06004A4B154C345F004A3B17 /* MUKMediaAudioAssetProtocol.h in Headers */ = {isa = PBXBuildFile; fileRef = 06004A4A154C345F004A3B17 /* MUKMediaAudioAssetProtocol.h */; settings = {ATTRIBUTES = (Public, ); }; };
		06004A4D154C36BF004A3B17 /* MUKMediaThumbnailsView_Layout.h in Headers */ = {isa = PBXBuildFile; fileRef = 06004A4C154C36BF004A3B17 /* MUKMediaThumbnailsView_Layout.h */; };
		06004A51154C3B56004A3B17 /* MUKMediaThumbnailView_.h in Headers */ = {isa = PBXBuildFile; fileRef = 06004A4F154C3B56004A3B17 /* MUKMediaThumbnailView_.h */; };
		06004A52154C3B56004A3B17 /* MUKMediaThumbnailView_.m in Sources */ = {isa = PBXBuildFile; fileRef = 06004A50154C3B56004A3B17 /* MUKMediaThumbnailView_.m */; };
		06004A56154C40A0004A3B17 /* MUKMediaThumbnailsView_Cells.h in Headers */ = {isa = PBXBuildFile; fileRef = 06004A55154C40A0004A3B17 /* MUKMediaThumbnailsView_Cells.h */; };
		060B1AB91551428200454D72 /* MUKMediaThumbnailsView_Thumbnails.h in Headers */ = {isa = PBXBuildFile; fileRef = 060B1AB81551428200454D72 /* MUKMediaThumbnailsView_Thumbnails.h */; };
		060B1B3C1551611900454D72 /* MUKMediaImageAsset.h in Headers */ = {isa = PBXBuildFile; fileRef = 060B1B3A1551611900454D72 /* MUKMediaImageAsset.h */; settings = {ATTRIBUTES = (Public, ); }; };
		060B1B3D1551611900454D72 /* MUKMediaImageAsset.m in Sources */ = {isa = PBXBuildFile; fileRef = 060B1B3B1551611900454D72 /* MUKMediaImageAsset.m */; };
		060B1B41155161F700454D72 /* MUKMediaAsset.h in Headers */ = {isa = PBXBuildFile; fileRef = 060B1B3F155161F700454D72 /* MUKMediaAsset.h */; settings = {ATTRIBUTES = (Public, ); }; };
		060B1B42155161F700454D72 /* MUKMediaAsset.m in Sources */ = {isa = PBXBuildFile; fileRef = 060B1B40155161F700454D72 /* MUKMediaAsset.m */; };
		060B1B471551813D00454D72 /* MUKMediaAudioAsset.h in Headers */ = {isa = PBXBuildFile; fileRef = 060B1B451551813D00454D72 /* MUKMediaAudioAsset.h */; settings = {ATTRIBUTES = (Public, ); }; };
		060B1B481551813D00454D72 /* MUKMediaAudioAsset.m in Sources */ = {isa = PBXBuildFile; fileRef = 060B1B461551813D00454D72 /* MUKMediaAudioAsset.m */; };
		060B1B4C155181D200454D72 /* MUKMediaVideoAsset.h in Headers */ = {isa = PBXBuildFile; fileRef = 060B1B4A155181D200454D72 /* MUKMediaVideoAsset.h */; settings = {ATTRIBUTES = (Public, ); }; };
		060B1B4D155181D200454D72 /* MUKMediaVideoAsset.m in Sources */ = {isa = PBXBuildFile; fileRef = 060B1B4B155181D200454D72 /* MUKMediaVideoAsset.m */; };
		0624482E15527F8C005CE74D /* MUKMediaThumbnailView_audio.png in Resources */ = {isa = PBXBuildFile; fileRef = 0624482815527F8C005CE74D /* MUKMediaThumbnailView_audio.png */; };
		0624482F15527F8C005CE74D /* MUKMediaThumbnailView_audio@2x.png in Resources */ = {isa = PBXBuildFile; fileRef = 0624482915527F8C005CE74D /* MUKMediaThumbnailView_audio@2x.png */; };
		0624483015527F8C005CE74D /* MUKMediaThumbnailView_video.png in Resources */ = {isa = PBXBuildFile; fileRef = 0624482A15527F8C005CE74D /* MUKMediaThumbnailView_video.png */; };
		0624483115527F8C005CE74D /* MUKMediaThumbnailView_video@2x.png in Resources */ = {isa = PBXBuildFile; fileRef = 0624482B15527F8C005CE74D /* MUKMediaThumbnailView_video@2x.png */; };
		0624483215527F8C005CE74D /* MUKMediaThumbnailView_.xib in Resources */ = {isa = PBXBuildFile; fileRef = 0624482D15527F8C005CE74D /* MUKMediaThumbnailView_.xib */; };
		06499740156239F100B9A254 /* MUKMediaCarouselViewController.h in Headers */ = {isa = PBXBuildFile; fileRef = 0649973E156239F100B9A254 /* MUKMediaCarouselViewController.h */; settings = {ATTRIBUTES = (Public, ); }; };
		06499741156239F100B9A254 /* MUKMediaCarouselViewController.m in Sources */ = {isa = PBXBuildFile; fileRef = 0649973F156239F100B9A254 /* MUKMediaCarouselViewController.m */; };
		065BF44E155D07E5008C91BD /* MUKMediaCarouselView.h in Headers */ = {isa = PBXBuildFile; fileRef = 065BF44C155D07E5008C91BD /* MUKMediaCarouselView.h */; settings = {ATTRIBUTES = (Public, ); }; };
		065BF44F155D07E5008C91BD /* MUKMediaCarouselView.m in Sources */ = {isa = PBXBuildFile; fileRef = 065BF44D155D07E5008C91BD /* MUKMediaCarouselView.m */; };
		0671974A1560F6F20017EAC0 /* MUKMediaCarouselPlayerCellView_.h in Headers */ = {isa = PBXBuildFile; fileRef = 067197481560F6F20017EAC0 /* MUKMediaCarouselPlayerCellView_.h */; };
		0671974B1560F6F20017EAC0 /* MUKMediaCarouselPlayerCellView_.m in Sources */ = {isa = PBXBuildFile; fileRef = 067197491560F6F20017EAC0 /* MUKMediaCarouselPlayerCellView_.m */; };
		06A26C30155E5CFE009D36F0 /* MUKMediaGalleryImageFetcher_.h in Headers */ = {isa = PBXBuildFile; fileRef = 06A26C2E155E5CFE009D36F0 /* MUKMediaGalleryImageFetcher_.h */; };
		06A26C31155E5CFE009D36F0 /* MUKMediaGalleryImageFetcher_.m in Sources */ = {isa = PBXBuildFile; fileRef = 06A26C2F155E5CFE009D36F0 /* MUKMediaGalleryImageFetcher_.m */; };
		06A26C37155E613B009D36F0 /* MUKMediaCarouselImageCellView_.h in Headers */ = {isa = PBXBuildFile; fileRef = 06A26C35155E613B009D36F0 /* MUKMediaCarouselImageCellView_.h */; };
		06A26C38155E613B009D36F0 /* MUKMediaCarouselImageCellView_.m in Sources */ = {isa = PBXBuildFile; fileRef = 06A26C36155E613B009D36F0 /* MUKMediaCarouselImageCellView_.m */; };
		06A26C3A155E6731009D36F0 /* MUKMediaCarouselView_Thumbnails.h in Headers */ = {isa = PBXBuildFile; fileRef = 06A26C39155E6731009D36F0 /* MUKMediaCarouselView_Thumbnails.h */; };
		06A26C74155E8743009D36F0 /* MUKMediaCarouselView_FullImage.h in Headers */ = {isa = PBXBuildFile; fileRef = 06A26C73155E8743009D36F0 /* MUKMediaCarouselView_FullImage.h */; };
		06A26C7C155E8ADE009D36F0 /* MUKMediaCarouselCellView_.h in Headers */ = {isa = PBXBuildFile; fileRef = 06A26C7A155E8ADE009D36F0 /* MUKMediaCarouselCellView_.h */; };
		06A26C7D155E8ADE009D36F0 /* MUKMediaCarouselCellView_.m in Sources */ = {isa = PBXBuildFile; fileRef = 06A26C7B155E8ADE009D36F0 /* MUKMediaCarouselCellView_.m */; };
		06A26C7F155E8BC6009D36F0 /* MUKMediaCarouselView_Cells.h in Headers */ = {isa = PBXBuildFile; fileRef = 06A26C7E155E8BC5009D36F0 /* MUKMediaCarouselView_Cells.h */; };
		06A82AD41557CDDD00B6D449 /* MUKMediaThumbnailsView_Selection.h in Headers */ = {isa = PBXBuildFile; fileRef = 06A82AD31557CDDD00B6D449 /* MUKMediaThumbnailsView_Selection.h */; };
		06A93C58155A5BC30083CFE4 /* MUKImageFetcher.h in Headers */ = {isa = PBXBuildFile; fileRef = 06A93C56155A5BC30083CFE4 /* MUKImageFetcher.h */; settings = {ATTRIBUTES = (Public, ); }; };
		06A93C59155A5BC30083CFE4 /* MUKImageFetcher.m in Sources */ = {isa = PBXBuildFile; fileRef = 06A93C57155A5BC30083CFE4 /* MUKImageFetcher.m */; };
		06A93C61155A6EAF0083CFE4 /* MUKImageFetcherURLConnectionQueue_.h in Headers */ = {isa = PBXBuildFile; fileRef = 06A93C5F155A6EAF0083CFE4 /* MUKImageFetcherURLConnectionQueue_.h */; };
		06A93C62155A6EAF0083CFE4 /* MUKImageFetcherURLConnectionQueue_.m in Sources */ = {isa = PBXBuildFile; fileRef = 06A93C60155A6EAF0083CFE4 /* MUKImageFetcherURLConnectionQueue_.m */; };
		06D0729215610C42000296C3 /* PSYouTubeExtractor.h in Headers */ = {isa = PBXBuildFile; fileRef = 06D0728E15610C42000296C3 /* PSYouTubeExtractor.h */; };
		06D072A015610CBC000296C3 /* MUKMediaCarouselYouTubeCellView_.h in Headers */ = {isa = PBXBuildFile; fileRef = 06D0729E15610CBC000296C3 /* MUKMediaCarouselYouTubeCellView_.h */; };
		06D072A115610CBC000296C3 /* MUKMediaCarouselYouTubeCellView_.m in Sources */ = {isa = PBXBuildFile; fileRef = 06D0729F15610CBC000296C3 /* MUKMediaCarouselYouTubeCellView_.m */; };
		06D072D5156189A8000296C3 /* MUKMediaThumbnailsViewController.h in Headers */ = {isa = PBXBuildFile; fileRef = 06D072D3156189A8000296C3 /* MUKMediaThumbnailsViewController.h */; settings = {ATTRIBUTES = (Public, ); }; };
		06D072D6156189A8000296C3 /* MUKMediaThumbnailsViewController.m in Sources */ = {isa = PBXBuildFile; fileRef = 06D072D4156189A8000296C3 /* MUKMediaThumbnailsViewController.m */; };
		06D7B9BE15669068006F1E42 /* UIKit.framework in Frameworks */ = {isa = PBXBuildFile; fileRef = 06D7B9BD15669068006F1E42 /* UIKit.framework */; };
		06D7B9C01566906D006F1E42 /* CoreGraphics.framework in Frameworks */ = {isa = PBXBuildFile; fileRef = 06D7B9BF1566906D006F1E42 /* CoreGraphics.framework */; };
		06D7BA0E15669222006F1E42 /* MUK.h in Headers */ = {isa = PBXBuildFile; fileRef = 06D7BA0615669222006F1E42 /* MUK.h */; };
		06D7BA0F15669222006F1E42 /* MUK+String.h in Headers */ = {isa = PBXBuildFile; fileRef = 06D7BA0715669222006F1E42 /* MUK+String.h */; };
		06D7BA1015669222006F1E42 /* MUK+Date.h in Headers */ = {isa = PBXBuildFile; fileRef = 06D7BA0815669222006F1E42 /* MUK+Date.h */; };
		06D7BA1115669222006F1E42 /* MUK+Array.h in Headers */ = {isa = PBXBuildFile; fileRef = 06D7BA0915669222006F1E42 /* MUK+Array.h */; };
		06D7BA1215669222006F1E42 /* MUK+URL.h in Headers */ = {isa = PBXBuildFile; fileRef = 06D7BA0A15669222006F1E42 /* MUK+URL.h */; };
		06D7BA1315669222006F1E42 /* MUK+Geometry.h in Headers */ = {isa = PBXBuildFile; fileRef = 06D7BA0B15669222006F1E42 /* MUK+Geometry.h */; };
		06D7BA1415669222006F1E42 /* MUK+Object.h in Headers */ = {isa = PBXBuildFile; fileRef = 06D7BA0C15669222006F1E42 /* MUK+Object.h */; };
		06D7BA1515669222006F1E42 /* MUK+Data.h in Headers */ = {isa = PBXBuildFile; fileRef = 06D7BA0D15669222006F1E42 /* MUK+Data.h */; };
		06D7BA1715669236006F1E42 /* MUKObjectCache.h in Headers */ = {isa = PBXBuildFile; fileRef = 06D7BA1615669236006F1E42 /* MUKObjectCache.h */; };
		06D7BA1B15669282006F1E42 /* MUKURLConnection.h in Headers */ = {isa = PBXBuildFile; fileRef = 06D7BA1915669282006F1E42 /* MUKURLConnection.h */; };
		06D7BA1C15669282006F1E42 /* MUKURLConnectionQueue.h in Headers */ = {isa = PBXBuildFile; fileRef = 06D7BA1A15669282006F1E42 /* MUKURLConnectionQueue.h */; };
		06D7BA26156692A0006F1E42 /* MUKRecyclingScrollView.h in Headers */ = {isa = PBXBuildFile; fileRef = 06D7BA1E156692A0006F1E42 /* MUKRecyclingScrollView.h */; };
		06D7BA27156692A0006F1E42 /* MUKRecyclable.h in Headers */ = {isa = PBXBuildFile; fileRef = 06D7BA1F156692A0006F1E42 /* MUKRecyclable.h */; };
		06D7BA28156692A0006F1E42 /* MUKGridView.h in Headers */ = {isa = PBXBuildFile; fileRef = 06D7BA20156692A0006F1E42 /* MUKGridView.h */; };
		06D7BA29156692A0006F1E42 /* MUKGridCoordinate.h in Headers */ = {isa = PBXBuildFile; fileRef = 06D7BA21156692A0006F1E42 /* MUKGridCoordinate.h */; };
		06D7BA2A156692A0006F1E42 /* MUKGridCellSize.h in Headers */ = {isa = PBXBuildFile; fileRef = 06D7BA22156692A0006F1E42 /* MUKGridCellSize.h */; };
		06D7BA2B156692A0006F1E42 /* MUKGridCellFixedSize.h in Headers */ = {isa = PBXBuildFile; fileRef = 06D7BA23156692A0006F1E42 /* MUKGridCellFixedSize.h */; };
		06D7BA2C156692A0006F1E42 /* MUKGridCellOptions.h in Headers */ = {isa = PBXBuildFile; fileRef = 06D7BA24156692A0006F1E42 /* MUKGridCellOptions.h */; };
		06D7BA2D156692A0006F1E42 /* MUKRecyclableView.h in Headers */ = {isa = PBXBuildFile; fileRef = 06D7BA25156692A0006F1E42 /* MUKRecyclableView.h */; };
		06D7BA3E156692EA006F1E42 /* libMUKToolkit.a in Frameworks */ = {isa = PBXBuildFile; fileRef = 06D7BA02156691FF006F1E42 /* libMUKToolkit.a */; };
		06D7BA3F156692F1006F1E42 /* libMUKNetworking.a in Frameworks */ = {isa = PBXBuildFile; fileRef = 06D7B9E11566919C006F1E42 /* libMUKNetworking.a */; };
		06D7BA40156692F1006F1E42 /* libMUKObjectCache.a in Frameworks */ = {isa = PBXBuildFile; fileRef = 06D7B9E81566919C006F1E42 /* libMUKObjectCache.a */; };
		06D7BA41156692F1006F1E42 /* libMUKScrolling.a in Frameworks */ = {isa = PBXBuildFile; fileRef = 06D7B9EF1566919C006F1E42 /* libMUKScrolling.a */; };
		06D7BA4215669301006F1E42 /* PSYouTubeExtractor.m in Sources */ = {isa = PBXBuildFile; fileRef = 06D0728F15610C42000296C3 /* PSYouTubeExtractor.m */; };
		06FF1B8015678C8B0040DA06 /* MUKToolkit.h in Headers */ = {isa = PBXBuildFile; fileRef = 06FF1B7F15678C8B0040DA06 /* MUKToolkit.h */; };
		06FF1B8315678C9A0040DA06 /* MUKNetworking.h in Headers */ = {isa = PBXBuildFile; fileRef = 06FF1B8215678C9A0040DA06 /* MUKNetworking.h */; };
		06FF1B8515678CBD0040DA06 /* MUKScrolling.h in Headers */ = {isa = PBXBuildFile; fileRef = 06FF1B8415678CBD0040DA06 /* MUKScrolling.h */; };
		06FF1B9B15678DC40040DA06 /* MUKScrolling.h in Copy MUKScrolling Headers */ = {isa = PBXBuildFile; fileRef = 06FF1B8415678CBD0040DA06 /* MUKScrolling.h */; };
		06FF1B9C15678DC40040DA06 /* MUKRecyclingScrollView.h in Copy MUKScrolling Headers */ = {isa = PBXBuildFile; fileRef = 06D7BA1E156692A0006F1E42 /* MUKRecyclingScrollView.h */; };
		06FF1B9D15678DC40040DA06 /* MUKRecyclable.h in Copy MUKScrolling Headers */ = {isa = PBXBuildFile; fileRef = 06D7BA1F156692A0006F1E42 /* MUKRecyclable.h */; };
		06FF1B9E15678DC40040DA06 /* MUKGridView.h in Copy MUKScrolling Headers */ = {isa = PBXBuildFile; fileRef = 06D7BA20156692A0006F1E42 /* MUKGridView.h */; };
		06FF1B9F15678DC40040DA06 /* MUKGridCoordinate.h in Copy MUKScrolling Headers */ = {isa = PBXBuildFile; fileRef = 06D7BA21156692A0006F1E42 /* MUKGridCoordinate.h */; };
		06FF1BA015678DC40040DA06 /* MUKGridCellSize.h in Copy MUKScrolling Headers */ = {isa = PBXBuildFile; fileRef = 06D7BA22156692A0006F1E42 /* MUKGridCellSize.h */; };
		06FF1BA115678DC40040DA06 /* MUKGridCellFixedSize.h in Copy MUKScrolling Headers */ = {isa = PBXBuildFile; fileRef = 06D7BA23156692A0006F1E42 /* MUKGridCellFixedSize.h */; };
		06FF1BA215678DC40040DA06 /* MUKGridCellOptions.h in Copy MUKScrolling Headers */ = {isa = PBXBuildFile; fileRef = 06D7BA24156692A0006F1E42 /* MUKGridCellOptions.h */; };
		06FF1BA315678DC40040DA06 /* MUKRecyclableView.h in Copy MUKScrolling Headers */ = {isa = PBXBuildFile; fileRef = 06D7BA25156692A0006F1E42 /* MUKRecyclableView.h */; };
		06FF1BA415678DDE0040DA06 /* MUKObjectCache.h in Copy MUKObjectCache Headers */ = {isa = PBXBuildFile; fileRef = 06D7BA1615669236006F1E42 /* MUKObjectCache.h */; };
		06FF1BA515678E0D0040DA06 /* MUKNetworking.h in Copy MUKNetworking Headers */ = {isa = PBXBuildFile; fileRef = 06FF1B8215678C9A0040DA06 /* MUKNetworking.h */; };
		06FF1BA615678E0D0040DA06 /* MUKURLConnection.h in Copy MUKNetworking Headers */ = {isa = PBXBuildFile; fileRef = 06D7BA1915669282006F1E42 /* MUKURLConnection.h */; };
		06FF1BA715678E0D0040DA06 /* MUKURLConnectionQueue.h in Copy MUKNetworking Headers */ = {isa = PBXBuildFile; fileRef = 06D7BA1A15669282006F1E42 /* MUKURLConnectionQueue.h */; };
		06FF1BAB1567910C0040DA06 /* MUKToolkit.h in Copy MUKToolkit Headers */ = {isa = PBXBuildFile; fileRef = 06FF1B7F15678C8B0040DA06 /* MUKToolkit.h */; };
		06FF1BAC1567910C0040DA06 /* MUK.h in Copy MUKToolkit Headers */ = {isa = PBXBuildFile; fileRef = 06D7BA0615669222006F1E42 /* MUK.h */; };
		06FF1BAD1567910C0040DA06 /* MUK+String.h in Copy MUKToolkit Headers */ = {isa = PBXBuildFile; fileRef = 06D7BA0715669222006F1E42 /* MUK+String.h */; };
		06FF1BAE1567910C0040DA06 /* MUK+Date.h in Copy MUKToolkit Headers */ = {isa = PBXBuildFile; fileRef = 06D7BA0815669222006F1E42 /* MUK+Date.h */; };
		06FF1BAF1567910C0040DA06 /* MUK+Array.h in Copy MUKToolkit Headers */ = {isa = PBXBuildFile; fileRef = 06D7BA0915669222006F1E42 /* MUK+Array.h */; };
		06FF1BB01567910C0040DA06 /* MUK+URL.h in Copy MUKToolkit Headers */ = {isa = PBXBuildFile; fileRef = 06D7BA0A15669222006F1E42 /* MUK+URL.h */; };
		06FF1BB11567910C0040DA06 /* MUK+Geometry.h in Copy MUKToolkit Headers */ = {isa = PBXBuildFile; fileRef = 06D7BA0B15669222006F1E42 /* MUK+Geometry.h */; };
		06FF1BB21567910C0040DA06 /* MUK+Object.h in Copy MUKToolkit Headers */ = {isa = PBXBuildFile; fileRef = 06D7BA0C15669222006F1E42 /* MUK+Object.h */; };
		06FF1BB31567910C0040DA06 /* MUK+Data.h in Copy MUKToolkit Headers */ = {isa = PBXBuildFile; fileRef = 06D7BA0D15669222006F1E42 /* MUK+Data.h */; };
/* End PBXBuildFile section */

/* Begin PBXContainerItemProxy section */
		06D7B9E01566919C006F1E42 /* PBXContainerItemProxy */ = {
			isa = PBXContainerItemProxy;
			containerPortal = 06D7B9C31566919B006F1E42 /* MUKNetworking.xcodeproj */;
			proxyType = 2;
			remoteGlobalIDString = 0656683E1517A85A00DA53AA;
			remoteInfo = MUKNetworking;
		};
		06D7B9E21566919C006F1E42 /* PBXContainerItemProxy */ = {
			isa = PBXContainerItemProxy;
			containerPortal = 06D7B9C31566919B006F1E42 /* MUKNetworking.xcodeproj */;
			proxyType = 2;
			remoteGlobalIDString = 0656684E1517A85A00DA53AA;
			remoteInfo = MUKNetworkingTests;
		};
		06D7B9E71566919C006F1E42 /* PBXContainerItemProxy */ = {
			isa = PBXContainerItemProxy;
			containerPortal = 06D7B9C61566919B006F1E42 /* MUKObjectCache.xcodeproj */;
			proxyType = 2;
			remoteGlobalIDString = 066F8468154ECD6B00704724;
			remoteInfo = MUKObjectCache;
		};
		06D7B9E91566919C006F1E42 /* PBXContainerItemProxy */ = {
			isa = PBXContainerItemProxy;
			containerPortal = 06D7B9C61566919B006F1E42 /* MUKObjectCache.xcodeproj */;
			proxyType = 2;
			remoteGlobalIDString = 066F8478154ECD6B00704724;
			remoteInfo = MUKObjectCacheTests;
		};
		06D7B9EE1566919C006F1E42 /* PBXContainerItemProxy */ = {
			isa = PBXContainerItemProxy;
			containerPortal = 06D7B9C91566919B006F1E42 /* MUKScrolling.xcodeproj */;
			proxyType = 2;
			remoteGlobalIDString = 06339BC9153584FD00FB07ED;
			remoteInfo = MUKScrolling;
		};
		06D7B9F01566919C006F1E42 /* PBXContainerItemProxy */ = {
			isa = PBXContainerItemProxy;
			containerPortal = 06D7B9C91566919B006F1E42 /* MUKScrolling.xcodeproj */;
			proxyType = 2;
			remoteGlobalIDString = 06339BD9153584FD00FB07ED;
			remoteInfo = MUKScrollingTests;
		};
		06D7BA01156691FF006F1E42 /* PBXContainerItemProxy */ = {
			isa = PBXContainerItemProxy;
			containerPortal = 06D7B9F8156691FE006F1E42 /* MUKToolkit.xcodeproj */;
			proxyType = 2;
			remoteGlobalIDString = 065793871523337F00D6762A;
			remoteInfo = MUKToolkit;
		};
		06D7BA03156691FF006F1E42 /* PBXContainerItemProxy */ = {
			isa = PBXContainerItemProxy;
			containerPortal = 06D7B9F8156691FE006F1E42 /* MUKToolkit.xcodeproj */;
			proxyType = 2;
			remoteGlobalIDString = 065793971523337F00D6762A;
			remoteInfo = MUKToolkitTests;
		};
		06D7BA32156692B7006F1E42 /* PBXContainerItemProxy */ = {
			isa = PBXContainerItemProxy;
			containerPortal = 06D7B9F8156691FE006F1E42 /* MUKToolkit.xcodeproj */;
			proxyType = 1;
			remoteGlobalIDString = 065793861523337F00D6762A;
			remoteInfo = MUKToolkit;
		};
		06D7BA36156692E0006F1E42 /* PBXContainerItemProxy */ = {
			isa = PBXContainerItemProxy;
			containerPortal = 06004947154C13BA004A3B17 /* Project object */;
			proxyType = 1;
			remoteGlobalIDString = 0600494F154C13BA004A3B17;
			remoteInfo = MUKMediaGallery;
		};
		06D7BA38156692E0006F1E42 /* PBXContainerItemProxy */ = {
			isa = PBXContainerItemProxy;
			containerPortal = 06D7B9C61566919B006F1E42 /* MUKObjectCache.xcodeproj */;
			proxyType = 1;
			remoteGlobalIDString = 066F8467154ECD6A00704724;
			remoteInfo = MUKObjectCache;
		};
		06D7BA3A156692E0006F1E42 /* PBXContainerItemProxy */ = {
			isa = PBXContainerItemProxy;
			containerPortal = 06D7B9C91566919B006F1E42 /* MUKScrolling.xcodeproj */;
			proxyType = 1;
			remoteGlobalIDString = 06339BC8153584FD00FB07ED;
			remoteInfo = MUKScrolling;
		};
		06D7BA3C156692E0006F1E42 /* PBXContainerItemProxy */ = {
			isa = PBXContainerItemProxy;
			containerPortal = 06D7B9C31566919B006F1E42 /* MUKNetworking.xcodeproj */;
			proxyType = 1;
			remoteGlobalIDString = 0656683D1517A85A00DA53AA;
			remoteInfo = MUKNetworking;
		};
/* End PBXContainerItemProxy section */

/* Begin PBXCopyFilesBuildPhase section */
		06FF1B9715678D8A0040DA06 /* Copy MUKToolkit Headers */ = {
			isa = PBXCopyFilesBuildPhase;
			buildActionMask = 2147483647;
			dstPath = MUK/DependenciesHeaders/MUKToolkit;
			dstSubfolderSpec = 16;
			files = (
				06FF1BAB1567910C0040DA06 /* MUKToolkit.h in Copy MUKToolkit Headers */,
				06FF1BAC1567910C0040DA06 /* MUK.h in Copy MUKToolkit Headers */,
				06FF1BAD1567910C0040DA06 /* MUK+String.h in Copy MUKToolkit Headers */,
				06FF1BAE1567910C0040DA06 /* MUK+Date.h in Copy MUKToolkit Headers */,
				06FF1BAF1567910C0040DA06 /* MUK+Array.h in Copy MUKToolkit Headers */,
				06FF1BB01567910C0040DA06 /* MUK+URL.h in Copy MUKToolkit Headers */,
				06FF1BB11567910C0040DA06 /* MUK+Geometry.h in Copy MUKToolkit Headers */,
				06FF1BB21567910C0040DA06 /* MUK+Object.h in Copy MUKToolkit Headers */,
				06FF1BB31567910C0040DA06 /* MUK+Data.h in Copy MUKToolkit Headers */,
			);
			name = "Copy MUKToolkit Headers";
			runOnlyForDeploymentPostprocessing = 0;
		};
		06FF1B9815678D8C0040DA06 /* Copy MUKNetworking Headers */ = {
			isa = PBXCopyFilesBuildPhase;
			buildActionMask = 2147483647;
			dstPath = MUK/DependenciesHeaders/MUKNetworking;
			dstSubfolderSpec = 16;
			files = (
				06FF1BA515678E0D0040DA06 /* MUKNetworking.h in Copy MUKNetworking Headers */,
				06FF1BA615678E0D0040DA06 /* MUKURLConnection.h in Copy MUKNetworking Headers */,
				06FF1BA715678E0D0040DA06 /* MUKURLConnectionQueue.h in Copy MUKNetworking Headers */,
			);
			name = "Copy MUKNetworking Headers";
			runOnlyForDeploymentPostprocessing = 0;
		};
		06FF1B9915678D8E0040DA06 /* Copy MUKObjectCache Headers */ = {
			isa = PBXCopyFilesBuildPhase;
			buildActionMask = 2147483647;
			dstPath = MUK/DependenciesHeaders/MUKObjectCache;
			dstSubfolderSpec = 16;
			files = (
				06FF1BA415678DDE0040DA06 /* MUKObjectCache.h in Copy MUKObjectCache Headers */,
			);
			name = "Copy MUKObjectCache Headers";
			runOnlyForDeploymentPostprocessing = 0;
		};
		06FF1B9A15678D8F0040DA06 /* Copy MUKScrolling Headers */ = {
			isa = PBXCopyFilesBuildPhase;
			buildActionMask = 2147483647;
			dstPath = MUK/DependenciesHeaders/MUKScrolling;
			dstSubfolderSpec = 16;
			files = (
				06FF1B9B15678DC40040DA06 /* MUKScrolling.h in Copy MUKScrolling Headers */,
				06FF1B9C15678DC40040DA06 /* MUKRecyclingScrollView.h in Copy MUKScrolling Headers */,
				06FF1B9D15678DC40040DA06 /* MUKRecyclable.h in Copy MUKScrolling Headers */,
				06FF1B9E15678DC40040DA06 /* MUKGridView.h in Copy MUKScrolling Headers */,
				06FF1B9F15678DC40040DA06 /* MUKGridCoordinate.h in Copy MUKScrolling Headers */,
				06FF1BA015678DC40040DA06 /* MUKGridCellSize.h in Copy MUKScrolling Headers */,
				06FF1BA115678DC40040DA06 /* MUKGridCellFixedSize.h in Copy MUKScrolling Headers */,
				06FF1BA215678DC40040DA06 /* MUKGridCellOptions.h in Copy MUKScrolling Headers */,
				06FF1BA315678DC40040DA06 /* MUKRecyclableView.h in Copy MUKScrolling Headers */,
			);
			name = "Copy MUKScrolling Headers";
			runOnlyForDeploymentPostprocessing = 0;
		};
/* End PBXCopyFilesBuildPhase section */

/* Begin PBXFileReference section */
		06004950154C13BA004A3B17 /* libMUKMediaGallery.a */ = {isa = PBXFileReference; explicitFileType = archive.ar; includeInIndex = 0; path = libMUKMediaGallery.a; sourceTree = BUILT_PRODUCTS_DIR; };
		06004953154C13BA004A3B17 /* Foundation.framework */ = {isa = PBXFileReference; lastKnownFileType = wrapper.framework; name = Foundation.framework; path = System/Library/Frameworks/Foundation.framework; sourceTree = SDKROOT; };
		06004960154C13BA004A3B17 /* MUKMediaGalleryTests.octest */ = {isa = PBXFileReference; explicitFileType = wrapper.cfbundle; includeInIndex = 0; path = MUKMediaGalleryTests.octest; sourceTree = BUILT_PRODUCTS_DIR; };
		06004961154C13BA004A3B17 /* SenTestingKit.framework */ = {isa = PBXFileReference; lastKnownFileType = wrapper.framework; name = SenTestingKit.framework; path = Library/Frameworks/SenTestingKit.framework; sourceTree = DEVELOPER_DIR; };
		060049DD154C1667004A3B17 /* MUKMediaGallery-Prefix.pch */ = {isa = PBXFileReference; fileEncoding = 4; lastKnownFileType = sourcecode.c.h; name = "MUKMediaGallery-Prefix.pch"; path = "MUKMediaGallery/MUKMediaGallery-Prefix.pch"; sourceTree = "<group>"; };
		060049DE154C1667004A3B17 /* MUKMediaGallery.h */ = {isa = PBXFileReference; fileEncoding = 4; lastKnownFileType = sourcecode.c.h; name = MUKMediaGallery.h; path = MUKMediaGallery/MUKMediaGallery.h; sourceTree = "<group>"; };
		060049E1154C167C004A3B17 /* LICENSE */ = {isa = PBXFileReference; lastKnownFileType = text; path = LICENSE; sourceTree = "<group>"; };
		060049E3154C168F004A3B17 /* MUKMediaGalleryTests-Info.plist */ = {isa = PBXFileReference; fileEncoding = 4; lastKnownFileType = text.plist.xml; path = "MUKMediaGalleryTests-Info.plist"; sourceTree = "<group>"; };
		060049E4154C168F004A3B17 /* MUKMediaGalleryTests.h */ = {isa = PBXFileReference; fileEncoding = 4; lastKnownFileType = sourcecode.c.h; path = MUKMediaGalleryTests.h; sourceTree = "<group>"; };
		060049E5154C168F004A3B17 /* MUKMediaGalleryTests.m */ = {isa = PBXFileReference; fileEncoding = 4; lastKnownFileType = sourcecode.c.objc; path = MUKMediaGalleryTests.m; sourceTree = "<group>"; };
		060049EF154C1781004A3B17 /* MUKMediaAssetProtocol.h */ = {isa = PBXFileReference; fileEncoding = 4; lastKnownFileType = sourcecode.c.h; path = MUKMediaAssetProtocol.h; sourceTree = "<group>"; };
		060049F9154C18FC004A3B17 /* MUKMediaGallery.bundle */ = {isa = PBXFileReference; explicitFileType = wrapper.cfbundle; includeInIndex = 0; path = MUKMediaGallery.bundle; sourceTree = BUILT_PRODUCTS_DIR; };
		060049FA154C18FC004A3B17 /* CoreFoundation.framework */ = {isa = PBXFileReference; lastKnownFileType = wrapper.framework; name = CoreFoundation.framework; path = System/Library/Frameworks/CoreFoundation.framework; sourceTree = SDKROOT; };
		060049FE154C18FC004A3B17 /* MUKMediaGalleryResources-Info.plist */ = {isa = PBXFileReference; lastKnownFileType = text.plist.xml; path = "MUKMediaGalleryResources-Info.plist"; sourceTree = "<group>"; };
		06004A00154C18FC004A3B17 /* en */ = {isa = PBXFileReference; lastKnownFileType = text.plist.strings; name = en; path = en.lproj/InfoPlist.strings; sourceTree = "<group>"; };
		06004A02154C18FC004A3B17 /* MUKMediaGalleryResources-Prefix.pch */ = {isa = PBXFileReference; lastKnownFileType = sourcecode.c.h; path = "MUKMediaGalleryResources-Prefix.pch"; sourceTree = "<group>"; };
		06004A08154C1CEB004A3B17 /* MUKMediaThumbnailsView.h */ = {isa = PBXFileReference; fileEncoding = 4; lastKnownFileType = sourcecode.c.h; path = MUKMediaThumbnailsView.h; sourceTree = "<group>"; };
		06004A09154C1CEB004A3B17 /* MUKMediaThumbnailsView.m */ = {isa = PBXFileReference; fileEncoding = 4; lastKnownFileType = sourcecode.c.objc; path = MUKMediaThumbnailsView.m; sourceTree = "<group>"; };
		06004A34154C24AD004A3B17 /* MUKMediaThumbnailsCountView_.h */ = {isa = PBXFileReference; fileEncoding = 4; lastKnownFileType = sourcecode.c.h; path = MUKMediaThumbnailsCountView_.h; sourceTree = "<group>"; };
		06004A35154C24AD004A3B17 /* MUKMediaThumbnailsCountView_.m */ = {isa = PBXFileReference; fileEncoding = 4; lastKnownFileType = sourcecode.c.objc; path = MUKMediaThumbnailsCountView_.m; sourceTree = "<group>"; };
		06004A38154C26CC004A3B17 /* MUKMediaThumbnailsView_MediaAssetsCountView.h */ = {isa = PBXFileReference; fileEncoding = 4; lastKnownFileType = sourcecode.c.h; path = MUKMediaThumbnailsView_MediaAssetsCountView.h; sourceTree = "<group>"; };
		06004A3C154C2972004A3B17 /* MUKMediaGalleryUtils_.h */ = {isa = PBXFileReference; fileEncoding = 4; lastKnownFileType = sourcecode.c.h; path = MUKMediaGalleryUtils_.h; sourceTree = "<group>"; };
		06004A3D154C2972004A3B17 /* MUKMediaGalleryUtils_.m */ = {isa = PBXFileReference; fileEncoding = 4; lastKnownFileType = sourcecode.c.objc; path = MUKMediaGalleryUtils_.m; sourceTree = "<group>"; };
		06004A43154C2AB7004A3B17 /* en */ = {isa = PBXFileReference; fileEncoding = 10; lastKnownFileType = text.plist.strings; name = en; path = en.lproj/Localizable.strings; sourceTree = "<group>"; };
		06004A45154C2AC6004A3B17 /* it */ = {isa = PBXFileReference; fileEncoding = 10; lastKnownFileType = text.plist.strings; name = it; path = it.lproj/Localizable.strings; sourceTree = "<group>"; };
		06004A46154C3420004A3B17 /* MUKMediaImageAssetProtocol.h */ = {isa = PBXFileReference; fileEncoding = 4; lastKnownFileType = sourcecode.c.h; path = MUKMediaImageAssetProtocol.h; sourceTree = "<group>"; };
		06004A48154C3446004A3B17 /* MUKMediaVideoAssetProtocol.h */ = {isa = PBXFileReference; fileEncoding = 4; lastKnownFileType = sourcecode.c.h; path = MUKMediaVideoAssetProtocol.h; sourceTree = "<group>"; };
		06004A4A154C345F004A3B17 /* MUKMediaAudioAssetProtocol.h */ = {isa = PBXFileReference; fileEncoding = 4; lastKnownFileType = sourcecode.c.h; path = MUKMediaAudioAssetProtocol.h; sourceTree = "<group>"; };
		06004A4C154C36BF004A3B17 /* MUKMediaThumbnailsView_Layout.h */ = {isa = PBXFileReference; fileEncoding = 4; lastKnownFileType = sourcecode.c.h; path = MUKMediaThumbnailsView_Layout.h; sourceTree = "<group>"; };
		06004A4F154C3B56004A3B17 /* MUKMediaThumbnailView_.h */ = {isa = PBXFileReference; fileEncoding = 4; lastKnownFileType = sourcecode.c.h; path = MUKMediaThumbnailView_.h; sourceTree = "<group>"; };
		06004A50154C3B56004A3B17 /* MUKMediaThumbnailView_.m */ = {isa = PBXFileReference; fileEncoding = 4; lastKnownFileType = sourcecode.c.objc; path = MUKMediaThumbnailView_.m; sourceTree = "<group>"; };
		06004A55154C40A0004A3B17 /* MUKMediaThumbnailsView_Cells.h */ = {isa = PBXFileReference; fileEncoding = 4; lastKnownFileType = sourcecode.c.h; path = MUKMediaThumbnailsView_Cells.h; sourceTree = "<group>"; };
		060B1AB81551428200454D72 /* MUKMediaThumbnailsView_Thumbnails.h */ = {isa = PBXFileReference; fileEncoding = 4; lastKnownFileType = sourcecode.c.h; path = MUKMediaThumbnailsView_Thumbnails.h; sourceTree = "<group>"; };
		060B1B3A1551611900454D72 /* MUKMediaImageAsset.h */ = {isa = PBXFileReference; fileEncoding = 4; lastKnownFileType = sourcecode.c.h; path = MUKMediaImageAsset.h; sourceTree = "<group>"; };
		060B1B3B1551611900454D72 /* MUKMediaImageAsset.m */ = {isa = PBXFileReference; fileEncoding = 4; lastKnownFileType = sourcecode.c.objc; path = MUKMediaImageAsset.m; sourceTree = "<group>"; };
		060B1B3F155161F700454D72 /* MUKMediaAsset.h */ = {isa = PBXFileReference; fileEncoding = 4; lastKnownFileType = sourcecode.c.h; path = MUKMediaAsset.h; sourceTree = "<group>"; };
		060B1B40155161F700454D72 /* MUKMediaAsset.m */ = {isa = PBXFileReference; fileEncoding = 4; lastKnownFileType = sourcecode.c.objc; path = MUKMediaAsset.m; sourceTree = "<group>"; };
		060B1B451551813D00454D72 /* MUKMediaAudioAsset.h */ = {isa = PBXFileReference; fileEncoding = 4; lastKnownFileType = sourcecode.c.h; path = MUKMediaAudioAsset.h; sourceTree = "<group>"; };
		060B1B461551813D00454D72 /* MUKMediaAudioAsset.m */ = {isa = PBXFileReference; fileEncoding = 4; lastKnownFileType = sourcecode.c.objc; path = MUKMediaAudioAsset.m; sourceTree = "<group>"; };
		060B1B4A155181D200454D72 /* MUKMediaVideoAsset.h */ = {isa = PBXFileReference; fileEncoding = 4; lastKnownFileType = sourcecode.c.h; path = MUKMediaVideoAsset.h; sourceTree = "<group>"; };
		060B1B4B155181D200454D72 /* MUKMediaVideoAsset.m */ = {isa = PBXFileReference; fileEncoding = 4; lastKnownFileType = sourcecode.c.objc; path = MUKMediaVideoAsset.m; sourceTree = "<group>"; };
		0624482815527F8C005CE74D /* MUKMediaThumbnailView_audio.png */ = {isa = PBXFileReference; lastKnownFileType = image.png; path = MUKMediaThumbnailView_audio.png; sourceTree = "<group>"; };
		0624482915527F8C005CE74D /* MUKMediaThumbnailView_audio@2x.png */ = {isa = PBXFileReference; lastKnownFileType = image.png; path = "MUKMediaThumbnailView_audio@2x.png"; sourceTree = "<group>"; };
		0624482A15527F8C005CE74D /* MUKMediaThumbnailView_video.png */ = {isa = PBXFileReference; lastKnownFileType = image.png; path = MUKMediaThumbnailView_video.png; sourceTree = "<group>"; };
		0624482B15527F8C005CE74D /* MUKMediaThumbnailView_video@2x.png */ = {isa = PBXFileReference; lastKnownFileType = image.png; path = "MUKMediaThumbnailView_video@2x.png"; sourceTree = "<group>"; };
		0624482D15527F8C005CE74D /* MUKMediaThumbnailView_.xib */ = {isa = PBXFileReference; fileEncoding = 4; lastKnownFileType = file.xib; path = MUKMediaThumbnailView_.xib; sourceTree = "<group>"; };
		0624483815528741005CE74D /* it */ = {isa = PBXFileReference; lastKnownFileType = text.plist.strings; name = it; path = "/Users/muccy/Documents/Developer/Personal/Xcode/Git/MUKit GitHub/MUKMediaGallery/MUKMediaGalleryResources/it.lproj/Localizable.strings"; sourceTree = "<absolute>"; };
		0624483915528741005CE74D /* it */ = {isa = PBXFileReference; lastKnownFileType = text.plist.strings; name = it; path = "/Users/muccy/Documents/Developer/Personal/Xcode/Git/MUKit GitHub/MUKMediaGallery/MUKMediaGalleryResources/it.lproj/InfoPlist.strings"; sourceTree = "<absolute>"; };
		0649973E156239F100B9A254 /* MUKMediaCarouselViewController.h */ = {isa = PBXFileReference; fileEncoding = 4; lastKnownFileType = sourcecode.c.h; path = MUKMediaCarouselViewController.h; sourceTree = "<group>"; };
		0649973F156239F100B9A254 /* MUKMediaCarouselViewController.m */ = {isa = PBXFileReference; fileEncoding = 4; lastKnownFileType = sourcecode.c.objc; path = MUKMediaCarouselViewController.m; sourceTree = "<group>"; };
		065BF44C155D07E5008C91BD /* MUKMediaCarouselView.h */ = {isa = PBXFileReference; fileEncoding = 4; lastKnownFileType = sourcecode.c.h; path = MUKMediaCarouselView.h; sourceTree = "<group>"; };
		065BF44D155D07E5008C91BD /* MUKMediaCarouselView.m */ = {isa = PBXFileReference; fileEncoding = 4; lastKnownFileType = sourcecode.c.objc; path = MUKMediaCarouselView.m; sourceTree = "<group>"; };
		067197481560F6F20017EAC0 /* MUKMediaCarouselPlayerCellView_.h */ = {isa = PBXFileReference; fileEncoding = 4; lastKnownFileType = sourcecode.c.h; path = MUKMediaCarouselPlayerCellView_.h; sourceTree = "<group>"; };
		067197491560F6F20017EAC0 /* MUKMediaCarouselPlayerCellView_.m */ = {isa = PBXFileReference; fileEncoding = 4; lastKnownFileType = sourcecode.c.objc; path = MUKMediaCarouselPlayerCellView_.m; sourceTree = "<group>"; };
		06A26C2E155E5CFE009D36F0 /* MUKMediaGalleryImageFetcher_.h */ = {isa = PBXFileReference; fileEncoding = 4; lastKnownFileType = sourcecode.c.h; path = MUKMediaGalleryImageFetcher_.h; sourceTree = "<group>"; };
		06A26C2F155E5CFE009D36F0 /* MUKMediaGalleryImageFetcher_.m */ = {isa = PBXFileReference; fileEncoding = 4; lastKnownFileType = sourcecode.c.objc; path = MUKMediaGalleryImageFetcher_.m; sourceTree = "<group>"; };
		06A26C35155E613B009D36F0 /* MUKMediaCarouselImageCellView_.h */ = {isa = PBXFileReference; fileEncoding = 4; lastKnownFileType = sourcecode.c.h; path = MUKMediaCarouselImageCellView_.h; sourceTree = "<group>"; };
		06A26C36155E613B009D36F0 /* MUKMediaCarouselImageCellView_.m */ = {isa = PBXFileReference; fileEncoding = 4; lastKnownFileType = sourcecode.c.objc; path = MUKMediaCarouselImageCellView_.m; sourceTree = "<group>"; };
		06A26C39155E6731009D36F0 /* MUKMediaCarouselView_Thumbnails.h */ = {isa = PBXFileReference; fileEncoding = 4; lastKnownFileType = sourcecode.c.h; path = MUKMediaCarouselView_Thumbnails.h; sourceTree = "<group>"; };
		06A26C73155E8743009D36F0 /* MUKMediaCarouselView_FullImage.h */ = {isa = PBXFileReference; fileEncoding = 4; lastKnownFileType = sourcecode.c.h; path = MUKMediaCarouselView_FullImage.h; sourceTree = "<group>"; };
		06A26C7A155E8ADE009D36F0 /* MUKMediaCarouselCellView_.h */ = {isa = PBXFileReference; fileEncoding = 4; lastKnownFileType = sourcecode.c.h; path = MUKMediaCarouselCellView_.h; sourceTree = "<group>"; };
		06A26C7B155E8ADE009D36F0 /* MUKMediaCarouselCellView_.m */ = {isa = PBXFileReference; fileEncoding = 4; lastKnownFileType = sourcecode.c.objc; path = MUKMediaCarouselCellView_.m; sourceTree = "<group>"; };
		06A26C7E155E8BC5009D36F0 /* MUKMediaCarouselView_Cells.h */ = {isa = PBXFileReference; fileEncoding = 4; lastKnownFileType = sourcecode.c.h; path = MUKMediaCarouselView_Cells.h; sourceTree = "<group>"; };
		06A82AD31557CDDD00B6D449 /* MUKMediaThumbnailsView_Selection.h */ = {isa = PBXFileReference; fileEncoding = 4; lastKnownFileType = sourcecode.c.h; path = MUKMediaThumbnailsView_Selection.h; sourceTree = "<group>"; };
		06A93C56155A5BC30083CFE4 /* MUKImageFetcher.h */ = {isa = PBXFileReference; fileEncoding = 4; lastKnownFileType = sourcecode.c.h; path = MUKImageFetcher.h; sourceTree = "<group>"; };
		06A93C57155A5BC30083CFE4 /* MUKImageFetcher.m */ = {isa = PBXFileReference; fileEncoding = 4; lastKnownFileType = sourcecode.c.objc; path = MUKImageFetcher.m; sourceTree = "<group>"; };
		06A93C5F155A6EAF0083CFE4 /* MUKImageFetcherURLConnectionQueue_.h */ = {isa = PBXFileReference; fileEncoding = 4; lastKnownFileType = sourcecode.c.h; path = MUKImageFetcherURLConnectionQueue_.h; sourceTree = "<group>"; };
		06A93C60155A6EAF0083CFE4 /* MUKImageFetcherURLConnectionQueue_.m */ = {isa = PBXFileReference; fileEncoding = 4; lastKnownFileType = sourcecode.c.objc; path = MUKImageFetcherURLConnectionQueue_.m; sourceTree = "<group>"; };
		06D0728E15610C42000296C3 /* PSYouTubeExtractor.h */ = {isa = PBXFileReference; fileEncoding = 4; lastKnownFileType = sourcecode.c.h; name = PSYouTubeExtractor.h; path = Submodules/PSYouTubeExtractor/PSYouTubeExtractor.h; sourceTree = "<group>"; };
		06D0728F15610C42000296C3 /* PSYouTubeExtractor.m */ = {isa = PBXFileReference; fileEncoding = 4; lastKnownFileType = sourcecode.c.objc; name = PSYouTubeExtractor.m; path = Submodules/PSYouTubeExtractor/PSYouTubeExtractor.m; sourceTree = "<group>"; };
		06D0729E15610CBC000296C3 /* MUKMediaCarouselYouTubeCellView_.h */ = {isa = PBXFileReference; fileEncoding = 4; lastKnownFileType = sourcecode.c.h; path = MUKMediaCarouselYouTubeCellView_.h; sourceTree = "<group>"; };
		06D0729F15610CBC000296C3 /* MUKMediaCarouselYouTubeCellView_.m */ = {isa = PBXFileReference; fileEncoding = 4; lastKnownFileType = sourcecode.c.objc; path = MUKMediaCarouselYouTubeCellView_.m; sourceTree = "<group>"; };
		06D072D3156189A8000296C3 /* MUKMediaThumbnailsViewController.h */ = {isa = PBXFileReference; fileEncoding = 4; lastKnownFileType = sourcecode.c.h; path = MUKMediaThumbnailsViewController.h; sourceTree = "<group>"; };
		06D072D4156189A8000296C3 /* MUKMediaThumbnailsViewController.m */ = {isa = PBXFileReference; fileEncoding = 4; lastKnownFileType = sourcecode.c.objc; path = MUKMediaThumbnailsViewController.m; sourceTree = "<group>"; };
		06D7B9BD15669068006F1E42 /* UIKit.framework */ = {isa = PBXFileReference; lastKnownFileType = wrapper.framework; name = UIKit.framework; path = System/Library/Frameworks/UIKit.framework; sourceTree = SDKROOT; };
		06D7B9BF1566906D006F1E42 /* CoreGraphics.framework */ = {isa = PBXFileReference; lastKnownFileType = wrapper.framework; name = CoreGraphics.framework; path = System/Library/Frameworks/CoreGraphics.framework; sourceTree = SDKROOT; };
		06D7B9C31566919B006F1E42 /* MUKNetworking.xcodeproj */ = {isa = PBXFileReference; lastKnownFileType = "wrapper.pb-project"; name = MUKNetworking.xcodeproj; path = Submodules/MUKNetworking/MUKNetworking.xcodeproj; sourceTree = "<group>"; };
		06D7B9C61566919B006F1E42 /* MUKObjectCache.xcodeproj */ = {isa = PBXFileReference; lastKnownFileType = "wrapper.pb-project"; name = MUKObjectCache.xcodeproj; path = Submodules/MUKObjectCache/MUKObjectCache.xcodeproj; sourceTree = "<group>"; };
		06D7B9C91566919B006F1E42 /* MUKScrolling.xcodeproj */ = {isa = PBXFileReference; lastKnownFileType = "wrapper.pb-project"; name = MUKScrolling.xcodeproj; path = Submodules/MUKScrolling/MUKScrolling.xcodeproj; sourceTree = "<group>"; };
		06D7B9F8156691FE006F1E42 /* MUKToolkit.xcodeproj */ = {isa = PBXFileReference; lastKnownFileType = "wrapper.pb-project"; name = MUKToolkit.xcodeproj; path = Submodules/MUKToolkit/MUKToolkit.xcodeproj; sourceTree = "<group>"; };
		06D7BA0615669222006F1E42 /* MUK.h */ = {isa = PBXFileReference; fileEncoding = 4; lastKnownFileType = sourcecode.c.h; name = MUK.h; path = Submodules/MUKToolkit/MUKToolkit/Classes/Base/MUK.h; sourceTree = "<group>"; };
		06D7BA0715669222006F1E42 /* MUK+String.h */ = {isa = PBXFileReference; fileEncoding = 4; lastKnownFileType = sourcecode.c.h; name = "MUK+String.h"; path = "Submodules/MUKToolkit/MUKToolkit/Classes/String/MUK+String.h"; sourceTree = "<group>"; };
		06D7BA0815669222006F1E42 /* MUK+Date.h */ = {isa = PBXFileReference; fileEncoding = 4; lastKnownFileType = sourcecode.c.h; name = "MUK+Date.h"; path = "Submodules/MUKToolkit/MUKToolkit/Classes/Date/MUK+Date.h"; sourceTree = "<group>"; };
		06D7BA0915669222006F1E42 /* MUK+Array.h */ = {isa = PBXFileReference; fileEncoding = 4; lastKnownFileType = sourcecode.c.h; name = "MUK+Array.h"; path = "Submodules/MUKToolkit/MUKToolkit/Classes/Array/MUK+Array.h"; sourceTree = "<group>"; };
		06D7BA0A15669222006F1E42 /* MUK+URL.h */ = {isa = PBXFileReference; fileEncoding = 4; lastKnownFileType = sourcecode.c.h; name = "MUK+URL.h"; path = "Submodules/MUKToolkit/MUKToolkit/Classes/URL/MUK+URL.h"; sourceTree = "<group>"; };
		06D7BA0B15669222006F1E42 /* MUK+Geometry.h */ = {isa = PBXFileReference; fileEncoding = 4; lastKnownFileType = sourcecode.c.h; name = "MUK+Geometry.h"; path = "Submodules/MUKToolkit/MUKToolkit/Classes/Geometry/MUK+Geometry.h"; sourceTree = "<group>"; };
		06D7BA0C15669222006F1E42 /* MUK+Object.h */ = {isa = PBXFileReference; fileEncoding = 4; lastKnownFileType = sourcecode.c.h; name = "MUK+Object.h"; path = "Submodules/MUKToolkit/MUKToolkit/Classes/Object/MUK+Object.h"; sourceTree = "<group>"; };
		06D7BA0D15669222006F1E42 /* MUK+Data.h */ = {isa = PBXFileReference; fileEncoding = 4; lastKnownFileType = sourcecode.c.h; name = "MUK+Data.h"; path = "Submodules/MUKToolkit/MUKToolkit/Classes/Data/MUK+Data.h"; sourceTree = "<group>"; };
		06D7BA1615669236006F1E42 /* MUKObjectCache.h */ = {isa = PBXFileReference; fileEncoding = 4; lastKnownFileType = sourcecode.c.h; name = MUKObjectCache.h; path = Submodules/MUKObjectCache/MUKObjectCache/MUKObjectCache.h; sourceTree = "<group>"; };
		06D7BA1915669282006F1E42 /* MUKURLConnection.h */ = {isa = PBXFileReference; fileEncoding = 4; lastKnownFileType = sourcecode.c.h; name = MUKURLConnection.h; path = "Submodules/MUKNetworking/MUKNetworking/Classes/URL Connection/MUKURLConnection.h"; sourceTree = "<group>"; };
		06D7BA1A15669282006F1E42 /* MUKURLConnectionQueue.h */ = {isa = PBXFileReference; fileEncoding = 4; lastKnownFileType = sourcecode.c.h; name = MUKURLConnectionQueue.h; path = Submodules/MUKNetworking/MUKNetworking/Classes/Queue/MUKURLConnectionQueue.h; sourceTree = "<group>"; };
		06D7BA1E156692A0006F1E42 /* MUKRecyclingScrollView.h */ = {isa = PBXFileReference; fileEncoding = 4; lastKnownFileType = sourcecode.c.h; name = MUKRecyclingScrollView.h; path = "Submodules/MUKScrolling/MUKScrolling/Classes/Recycling Scroll View/MUKRecyclingScrollView.h"; sourceTree = "<group>"; };
		06D7BA1F156692A0006F1E42 /* MUKRecyclable.h */ = {isa = PBXFileReference; fileEncoding = 4; lastKnownFileType = sourcecode.c.h; name = MUKRecyclable.h; path = Submodules/MUKScrolling/MUKScrolling/Classes/Types/MUKRecyclable.h; sourceTree = "<group>"; };
		06D7BA20156692A0006F1E42 /* MUKGridView.h */ = {isa = PBXFileReference; fileEncoding = 4; lastKnownFileType = sourcecode.c.h; name = MUKGridView.h; path = Submodules/MUKScrolling/MUKScrolling/Classes/Grid/MUKGridView.h; sourceTree = "<group>"; };
		06D7BA21156692A0006F1E42 /* MUKGridCoordinate.h */ = {isa = PBXFileReference; fileEncoding = 4; lastKnownFileType = sourcecode.c.h; name = MUKGridCoordinate.h; path = Submodules/MUKScrolling/MUKScrolling/Classes/Grid/Coordinate/MUKGridCoordinate.h; sourceTree = "<group>"; };
		06D7BA22156692A0006F1E42 /* MUKGridCellSize.h */ = {isa = PBXFileReference; fileEncoding = 4; lastKnownFileType = sourcecode.c.h; name = MUKGridCellSize.h; path = "Submodules/MUKScrolling/MUKScrolling/Classes/Grid/Cell Size/MUKGridCellSize.h"; sourceTree = "<group>"; };
		06D7BA23156692A0006F1E42 /* MUKGridCellFixedSize.h */ = {isa = PBXFileReference; fileEncoding = 4; lastKnownFileType = sourcecode.c.h; name = MUKGridCellFixedSize.h; path = "Submodules/MUKScrolling/MUKScrolling/Classes/Grid/Cell Size/Fixed/MUKGridCellFixedSize.h"; sourceTree = "<group>"; };
		06D7BA24156692A0006F1E42 /* MUKGridCellOptions.h */ = {isa = PBXFileReference; fileEncoding = 4; lastKnownFileType = sourcecode.c.h; name = MUKGridCellOptions.h; path = "Submodules/MUKScrolling/MUKScrolling/Classes/Grid/Cell Options/MUKGridCellOptions.h"; sourceTree = "<group>"; };
		06D7BA25156692A0006F1E42 /* MUKRecyclableView.h */ = {isa = PBXFileReference; fileEncoding = 4; lastKnownFileType = sourcecode.c.h; name = MUKRecyclableView.h; path = "Submodules/MUKScrolling/MUKScrolling/Classes/Recyclable View/MUKRecyclableView.h"; sourceTree = "<group>"; };
		06FF1B7F15678C8B0040DA06 /* MUKToolkit.h */ = {isa = PBXFileReference; fileEncoding = 4; lastKnownFileType = sourcecode.c.h; name = MUKToolkit.h; path = Submodules/MUKToolkit/MUKToolkit/MUKToolkit.h; sourceTree = "<group>"; };
		06FF1B8215678C9A0040DA06 /* MUKNetworking.h */ = {isa = PBXFileReference; fileEncoding = 4; lastKnownFileType = sourcecode.c.h; name = MUKNetworking.h; path = Submodules/MUKNetworking/MUKNetworking/MUKNetworking.h; sourceTree = "<group>"; };
		06FF1B8415678CBD0040DA06 /* MUKScrolling.h */ = {isa = PBXFileReference; fileEncoding = 4; lastKnownFileType = sourcecode.c.h; name = MUKScrolling.h; path = Submodules/MUKScrolling/MUKScrolling/MUKScrolling.h; sourceTree = "<group>"; };
/* End PBXFileReference section */

/* Begin PBXFrameworksBuildPhase section */
		0600494D154C13BA004A3B17 /* Frameworks */ = {
			isa = PBXFrameworksBuildPhase;
			buildActionMask = 2147483647;
			files = (
				06D7B9C01566906D006F1E42 /* CoreGraphics.framework in Frameworks */,
				06D7B9BE15669068006F1E42 /* UIKit.framework in Frameworks */,
				06004954154C13BA004A3B17 /* Foundation.framework in Frameworks */,
			);
			runOnlyForDeploymentPostprocessing = 0;
		};
		0600495C154C13BA004A3B17 /* Frameworks */ = {
			isa = PBXFrameworksBuildPhase;
			buildActionMask = 2147483647;
			files = (
				06D7BA3F156692F1006F1E42 /* libMUKNetworking.a in Frameworks */,
				06D7BA40156692F1006F1E42 /* libMUKObjectCache.a in Frameworks */,
				06D7BA41156692F1006F1E42 /* libMUKScrolling.a in Frameworks */,
				06004962154C13BA004A3B17 /* SenTestingKit.framework in Frameworks */,
				06004965154C13BA004A3B17 /* Foundation.framework in Frameworks */,
				06004968154C13BA004A3B17 /* libMUKMediaGallery.a in Frameworks */,
				06D7BA3E156692EA006F1E42 /* libMUKToolkit.a in Frameworks */,
			);
			runOnlyForDeploymentPostprocessing = 0;
		};
		060049F6154C18FC004A3B17 /* Frameworks */ = {
			isa = PBXFrameworksBuildPhase;
			buildActionMask = 2147483647;
			files = (
				060049FB154C18FC004A3B17 /* CoreFoundation.framework in Frameworks */,
			);
			runOnlyForDeploymentPostprocessing = 0;
		};
/* End PBXFrameworksBuildPhase section */

/* Begin PBXGroup section */
		06004945154C13BA004A3B17 = {
			isa = PBXGroup;
			children = (
				06D7B9AF15668FF6006F1E42 /* Dependencies */,
				060049E1154C167C004A3B17 /* LICENSE */,
				060049DD154C1667004A3B17 /* MUKMediaGallery-Prefix.pch */,
				060049DE154C1667004A3B17 /* MUKMediaGallery.h */,
				060049DC154C1667004A3B17 /* Classes */,
				06D7B9C11566909E006F1E42 /* Dependencies Public Headers */,
				060049E2154C168F004A3B17 /* Unit Tests */,
				060049FC154C18FC004A3B17 /* MUKMediaGalleryResources */,
				06004952154C13BA004A3B17 /* Frameworks */,
				06004951154C13BA004A3B17 /* Products */,
			);
			sourceTree = "<group>";
		};
		06004951154C13BA004A3B17 /* Products */ = {
			isa = PBXGroup;
			children = (
				06004950154C13BA004A3B17 /* libMUKMediaGallery.a */,
				06004960154C13BA004A3B17 /* MUKMediaGalleryTests.octest */,
				060049F9154C18FC004A3B17 /* MUKMediaGallery.bundle */,
			);
			name = Products;
			sourceTree = "<group>";
		};
		06004952154C13BA004A3B17 /* Frameworks */ = {
			isa = PBXGroup;
			children = (
				06D7B9BF1566906D006F1E42 /* CoreGraphics.framework */,
				06D7B9BD15669068006F1E42 /* UIKit.framework */,
				06004953154C13BA004A3B17 /* Foundation.framework */,
				06004961154C13BA004A3B17 /* SenTestingKit.framework */,
				060049FA154C18FC004A3B17 /* CoreFoundation.framework */,
			);
			name = Frameworks;
			sourceTree = "<group>";
		};
		060049DC154C1667004A3B17 /* Classes */ = {
			isa = PBXGroup;
			children = (
				06004A3A154C2958004A3B17 /* Private */,
				066F8454154E940600704724 /* Models */,
				06D072D01561898D000296C3 /* Controllers */,
				06004A06154C1CCF004A3B17 /* Views */,
				060049ED154C176E004A3B17 /* Protocols */,
			);
			name = Classes;
			path = MUKMediaGallery/Classes;
			sourceTree = "<group>";
		};
		060049E2154C168F004A3B17 /* Unit Tests */ = {
			isa = PBXGroup;
			children = (
				060049E3154C168F004A3B17 /* MUKMediaGalleryTests-Info.plist */,
				060049E4154C168F004A3B17 /* MUKMediaGalleryTests.h */,
				060049E5154C168F004A3B17 /* MUKMediaGalleryTests.m */,
			);
			name = "Unit Tests";
			path = "MUKMediaGallery/Unit Tests";
			sourceTree = "<group>";
		};
		060049ED154C176E004A3B17 /* Protocols */ = {
			isa = PBXGroup;
			children = (
				060049EE154C176E004A3B17 /* Media Asset */,
			);
			path = Protocols;
			sourceTree = "<group>";
		};
		060049EE154C176E004A3B17 /* Media Asset */ = {
			isa = PBXGroup;
			children = (
				060049EF154C1781004A3B17 /* MUKMediaAssetProtocol.h */,
				06004A46154C3420004A3B17 /* MUKMediaImageAssetProtocol.h */,
				06004A48154C3446004A3B17 /* MUKMediaVideoAssetProtocol.h */,
				06004A4A154C345F004A3B17 /* MUKMediaAudioAssetProtocol.h */,
			);
			path = "Media Asset";
			sourceTree = "<group>";
		};
		060049FC154C18FC004A3B17 /* MUKMediaGalleryResources */ = {
			isa = PBXGroup;
			children = (
				0624482715527F8C005CE74D /* Images */,
				0624482C15527F8C005CE74D /* XIBs */,
				060049FD154C18FC004A3B17 /* Supporting Files */,
				06004A44154C2AB7004A3B17 /* Localizable.strings */,
			);
			path = MUKMediaGalleryResources;
			sourceTree = "<group>";
		};
		060049FD154C18FC004A3B17 /* Supporting Files */ = {
			isa = PBXGroup;
			children = (
				060049FE154C18FC004A3B17 /* MUKMediaGalleryResources-Info.plist */,
				060049FF154C18FC004A3B17 /* InfoPlist.strings */,
				06004A02154C18FC004A3B17 /* MUKMediaGalleryResources-Prefix.pch */,
			);
			name = "Supporting Files";
			sourceTree = "<group>";
		};
		06004A06154C1CCF004A3B17 /* Views */ = {
			isa = PBXGroup;
			children = (
				065BF444155D07AE008C91BD /* Carousel */,
				06004A07154C1CCF004A3B17 /* Thumbnails */,
			);
			path = Views;
			sourceTree = "<group>";
		};
		06004A07154C1CCF004A3B17 /* Thumbnails */ = {
			isa = PBXGroup;
			children = (
				06004A31154C2487004A3B17 /* Private */,
				06004A08154C1CEB004A3B17 /* MUKMediaThumbnailsView.h */,
				06004A09154C1CEB004A3B17 /* MUKMediaThumbnailsView.m */,
			);
			path = Thumbnails;
			sourceTree = "<group>";
		};
		06004A31154C2487004A3B17 /* Private */ = {
			isa = PBXGroup;
			children = (
				06004A33154C24A1004A3B17 /* Count View */,
				06004A4E154C3B2B004A3B17 /* Thumbnail View */,
				06004A38154C26CC004A3B17 /* MUKMediaThumbnailsView_MediaAssetsCountView.h */,
				06004A4C154C36BF004A3B17 /* MUKMediaThumbnailsView_Layout.h */,
				06004A55154C40A0004A3B17 /* MUKMediaThumbnailsView_Cells.h */,
				060B1AB81551428200454D72 /* MUKMediaThumbnailsView_Thumbnails.h */,
				06A82AD31557CDDD00B6D449 /* MUKMediaThumbnailsView_Selection.h */,
			);
			path = Private;
			sourceTree = "<group>";
		};
		06004A33154C24A1004A3B17 /* Count View */ = {
			isa = PBXGroup;
			children = (
				06004A34154C24AD004A3B17 /* MUKMediaThumbnailsCountView_.h */,
				06004A35154C24AD004A3B17 /* MUKMediaThumbnailsCountView_.m */,
			);
			path = "Count View";
			sourceTree = "<group>";
		};
		06004A3A154C2958004A3B17 /* Private */ = {
			isa = PBXGroup;
			children = (
				06A26C26155E5CBC009D36F0 /* Image Fetcher */,
				06004A3B154C2958004A3B17 /* Utils */,
			);
			path = Private;
			sourceTree = "<group>";
		};
		06004A3B154C2958004A3B17 /* Utils */ = {
			isa = PBXGroup;
			children = (
				06004A3C154C2972004A3B17 /* MUKMediaGalleryUtils_.h */,
				06004A3D154C2972004A3B17 /* MUKMediaGalleryUtils_.m */,
			);
			path = Utils;
			sourceTree = "<group>";
		};
		06004A4E154C3B2B004A3B17 /* Thumbnail View */ = {
			isa = PBXGroup;
			children = (
				06004A4F154C3B56004A3B17 /* MUKMediaThumbnailView_.h */,
				06004A50154C3B56004A3B17 /* MUKMediaThumbnailView_.m */,
			);
			path = "Thumbnail View";
			sourceTree = "<group>";
		};
		060B1B381551610E00454D72 /* Media Assets */ = {
			isa = PBXGroup;
			children = (
				060B1B3E155161E600454D72 /* Base */,
				060B1B441551812A00454D72 /* Audio */,
				060B1B391551610E00454D72 /* Image */,
				060B1B49155181B300454D72 /* Video */,
			);
			path = "Media Assets";
			sourceTree = "<group>";
		};
		060B1B391551610E00454D72 /* Image */ = {
			isa = PBXGroup;
			children = (
				060B1B3A1551611900454D72 /* MUKMediaImageAsset.h */,
				060B1B3B1551611900454D72 /* MUKMediaImageAsset.m */,
			);
			path = Image;
			sourceTree = "<group>";
		};
		060B1B3E155161E600454D72 /* Base */ = {
			isa = PBXGroup;
			children = (
				060B1B3F155161F700454D72 /* MUKMediaAsset.h */,
				060B1B40155161F700454D72 /* MUKMediaAsset.m */,
			);
			path = Base;
			sourceTree = "<group>";
		};
		060B1B441551812A00454D72 /* Audio */ = {
			isa = PBXGroup;
			children = (
				060B1B451551813D00454D72 /* MUKMediaAudioAsset.h */,
				060B1B461551813D00454D72 /* MUKMediaAudioAsset.m */,
			);
			path = Audio;
			sourceTree = "<group>";
		};
		060B1B49155181B300454D72 /* Video */ = {
			isa = PBXGroup;
			children = (
				060B1B4A155181D200454D72 /* MUKMediaVideoAsset.h */,
				060B1B4B155181D200454D72 /* MUKMediaVideoAsset.m */,
			);
			path = Video;
			sourceTree = "<group>";
		};
		0624482715527F8C005CE74D /* Images */ = {
			isa = PBXGroup;
			children = (
				0624482815527F8C005CE74D /* MUKMediaThumbnailView_audio.png */,
				0624482915527F8C005CE74D /* MUKMediaThumbnailView_audio@2x.png */,
				0624482A15527F8C005CE74D /* MUKMediaThumbnailView_video.png */,
				0624482B15527F8C005CE74D /* MUKMediaThumbnailView_video@2x.png */,
			);
			path = Images;
			sourceTree = "<group>";
		};
		0624482C15527F8C005CE74D /* XIBs */ = {
			isa = PBXGroup;
			children = (
				0624482D15527F8C005CE74D /* MUKMediaThumbnailView_.xib */,
			);
			path = XIBs;
			sourceTree = "<group>";
		};
		065BF444155D07AE008C91BD /* Carousel */ = {
			isa = PBXGroup;
			children = (
				06A26C32155E60F9009D36F0 /* Private */,
				065BF44C155D07E5008C91BD /* MUKMediaCarouselView.h */,
				065BF44D155D07E5008C91BD /* MUKMediaCarouselView.m */,
			);
			path = Carousel;
			sourceTree = "<group>";
		};
		066F8454154E940600704724 /* Models */ = {
			isa = PBXGroup;
			children = (
				06A93C55155A5BAD0083CFE4 /* Image Fetcher */,
				060B1B381551610E00454D72 /* Media Assets */,
			);
			path = Models;
			sourceTree = "<group>";
		};
		067197401560F6CE0017EAC0 /* Media Player */ = {
			isa = PBXGroup;
			children = (
				067197481560F6F20017EAC0 /* MUKMediaCarouselPlayerCellView_.h */,
				067197491560F6F20017EAC0 /* MUKMediaCarouselPlayerCellView_.m */,
			);
			path = "Media Player";
			sourceTree = "<group>";
		};
		06A26C26155E5CBC009D36F0 /* Image Fetcher */ = {
			isa = PBXGroup;
			children = (
				06A26C2E155E5CFE009D36F0 /* MUKMediaGalleryImageFetcher_.h */,
				06A26C2F155E5CFE009D36F0 /* MUKMediaGalleryImageFetcher_.m */,
			);
			path = "Image Fetcher";
			sourceTree = "<group>";
		};
		06A26C32155E60F9009D36F0 /* Private */ = {
			isa = PBXGroup;
			children = (
				06A26C33155E60F9009D36F0 /* Cells */,
				06A26C39155E6731009D36F0 /* MUKMediaCarouselView_Thumbnails.h */,
				06A26C73155E8743009D36F0 /* MUKMediaCarouselView_FullImage.h */,
				06A26C7E155E8BC5009D36F0 /* MUKMediaCarouselView_Cells.h */,
			);
			path = Private;
			sourceTree = "<group>";
		};
		06A26C33155E60F9009D36F0 /* Cells */ = {
			isa = PBXGroup;
			children = (
				06A26C75155E8A4E009D36F0 /* Base */,
				06A26C34155E60F9009D36F0 /* Image */,
				067197401560F6CE0017EAC0 /* Media Player */,
				06D0729D15610CA7000296C3 /* YouTube */,
			);
			path = Cells;
			sourceTree = "<group>";
		};
		06A26C34155E60F9009D36F0 /* Image */ = {
			isa = PBXGroup;
			children = (
				06A26C35155E613B009D36F0 /* MUKMediaCarouselImageCellView_.h */,
				06A26C36155E613B009D36F0 /* MUKMediaCarouselImageCellView_.m */,
			);
			path = Image;
			sourceTree = "<group>";
		};
		06A26C75155E8A4E009D36F0 /* Base */ = {
			isa = PBXGroup;
			children = (
				06A26C7A155E8ADE009D36F0 /* MUKMediaCarouselCellView_.h */,
				06A26C7B155E8ADE009D36F0 /* MUKMediaCarouselCellView_.m */,
			);
			path = Base;
			sourceTree = "<group>";
		};
		06A93C55155A5BAD0083CFE4 /* Image Fetcher */ = {
			isa = PBXGroup;
			children = (
				06A93C5E155A6E970083CFE4 /* Private */,
				06A93C56155A5BC30083CFE4 /* MUKImageFetcher.h */,
				06A93C57155A5BC30083CFE4 /* MUKImageFetcher.m */,
			);
			path = "Image Fetcher";
			sourceTree = "<group>";
		};
		06A93C5E155A6E970083CFE4 /* Private */ = {
			isa = PBXGroup;
			children = (
				06A93C5F155A6EAF0083CFE4 /* MUKImageFetcherURLConnectionQueue_.h */,
				06A93C60155A6EAF0083CFE4 /* MUKImageFetcherURLConnectionQueue_.m */,
			);
			path = Private;
			sourceTree = "<group>";
		};
		06D0728615610BFD000296C3 /* PSYouTubeExtractor */ = {
			isa = PBXGroup;
			children = (
				06D0728E15610C42000296C3 /* PSYouTubeExtractor.h */,
				06D0728F15610C42000296C3 /* PSYouTubeExtractor.m */,
			);
			name = PSYouTubeExtractor;
			sourceTree = "<group>";
		};
		06D0729D15610CA7000296C3 /* YouTube */ = {
			isa = PBXGroup;
			children = (
				06D0729E15610CBC000296C3 /* MUKMediaCarouselYouTubeCellView_.h */,
				06D0729F15610CBC000296C3 /* MUKMediaCarouselYouTubeCellView_.m */,
			);
			path = YouTube;
			sourceTree = "<group>";
		};
		06D072D01561898D000296C3 /* Controllers */ = {
			isa = PBXGroup;
			children = (
				06D072D11561898D000296C3 /* Carousel */,
				06D072D21561898D000296C3 /* Thumbnails */,
			);
			path = Controllers;
			sourceTree = "<group>";
		};
		06D072D11561898D000296C3 /* Carousel */ = {
			isa = PBXGroup;
			children = (
				0649973E156239F100B9A254 /* MUKMediaCarouselViewController.h */,
				0649973F156239F100B9A254 /* MUKMediaCarouselViewController.m */,
			);
			path = Carousel;
			sourceTree = "<group>";
		};
		06D072D21561898D000296C3 /* Thumbnails */ = {
			isa = PBXGroup;
			children = (
				06D072D3156189A8000296C3 /* MUKMediaThumbnailsViewController.h */,
				06D072D4156189A8000296C3 /* MUKMediaThumbnailsViewController.m */,
			);
			path = Thumbnails;
			sourceTree = "<group>";
		};
		06D7B9AF15668FF6006F1E42 /* Dependencies */ = {
			isa = PBXGroup;
			children = (
				06D7B9F8156691FE006F1E42 /* MUKToolkit.xcodeproj */,
				06D7B9C31566919B006F1E42 /* MUKNetworking.xcodeproj */,
				06D7B9C61566919B006F1E42 /* MUKObjectCache.xcodeproj */,
				06D7B9C91566919B006F1E42 /* MUKScrolling.xcodeproj */,
				06D0728615610BFD000296C3 /* PSYouTubeExtractor */,
			);
			name = Dependencies;
			sourceTree = "<group>";
		};
		06D7B9C11566909E006F1E42 /* Dependencies Public Headers */ = {
			isa = PBXGroup;
			children = (
				06D7BA0515669214006F1E42 /* MUKToolkit */,
				06D7BA181566926B006F1E42 /* MUKNetworking */,
				06D7B9C2156690A9006F1E42 /* MUKObjectCache */,
				06D7BA1D1566928F006F1E42 /* MUKScrolling */,
			);
			name = "Dependencies Public Headers";
			sourceTree = "<group>";
		};
		06D7B9C2156690A9006F1E42 /* MUKObjectCache */ = {
			isa = PBXGroup;
			children = (
				06D7BA1615669236006F1E42 /* MUKObjectCache.h */,
			);
			name = MUKObjectCache;
			sourceTree = "<group>";
		};
		06D7B9C41566919B006F1E42 /* Products */ = {
			isa = PBXGroup;
			children = (
				06D7B9E11566919C006F1E42 /* libMUKNetworking.a */,
				06D7B9E31566919C006F1E42 /* MUKNetworkingTests.octest */,
			);
			name = Products;
			sourceTree = "<group>";
		};
		06D7B9C71566919B006F1E42 /* Products */ = {
			isa = PBXGroup;
			children = (
				06D7B9E81566919C006F1E42 /* libMUKObjectCache.a */,
				06D7B9EA1566919C006F1E42 /* MUKObjectCacheTests.octest */,
			);
			name = Products;
			sourceTree = "<group>";
		};
		06D7B9CA1566919B006F1E42 /* Products */ = {
			isa = PBXGroup;
			children = (
				06D7B9EF1566919C006F1E42 /* libMUKScrolling.a */,
				06D7B9F11566919C006F1E42 /* MUKScrollingTests.octest */,
			);
			name = Products;
			sourceTree = "<group>";
		};
		06D7B9F9156691FE006F1E42 /* Products */ = {
			isa = PBXGroup;
			children = (
				06D7BA02156691FF006F1E42 /* libMUKToolkit.a */,
				06D7BA04156691FF006F1E42 /* MUKToolkitTests.octest */,
			);
			name = Products;
			sourceTree = "<group>";
		};
		06D7BA0515669214006F1E42 /* MUKToolkit */ = {
			isa = PBXGroup;
			children = (
				06FF1B7F15678C8B0040DA06 /* MUKToolkit.h */,
				06D7BA0615669222006F1E42 /* MUK.h */,
				06D7BA0715669222006F1E42 /* MUK+String.h */,
				06D7BA0815669222006F1E42 /* MUK+Date.h */,
				06D7BA0915669222006F1E42 /* MUK+Array.h */,
				06D7BA0A15669222006F1E42 /* MUK+URL.h */,
				06D7BA0B15669222006F1E42 /* MUK+Geometry.h */,
				06D7BA0C15669222006F1E42 /* MUK+Object.h */,
				06D7BA0D15669222006F1E42 /* MUK+Data.h */,
			);
			name = MUKToolkit;
			sourceTree = "<group>";
		};
		06D7BA181566926B006F1E42 /* MUKNetworking */ = {
			isa = PBXGroup;
			children = (
				06FF1B8215678C9A0040DA06 /* MUKNetworking.h */,
				06D7BA1915669282006F1E42 /* MUKURLConnection.h */,
				06D7BA1A15669282006F1E42 /* MUKURLConnectionQueue.h */,
			);
			name = MUKNetworking;
			sourceTree = "<group>";
		};
		06D7BA1D1566928F006F1E42 /* MUKScrolling */ = {
			isa = PBXGroup;
			children = (
				06FF1B8415678CBD0040DA06 /* MUKScrolling.h */,
				06D7BA1E156692A0006F1E42 /* MUKRecyclingScrollView.h */,
				06D7BA1F156692A0006F1E42 /* MUKRecyclable.h */,
				06D7BA20156692A0006F1E42 /* MUKGridView.h */,
				06D7BA21156692A0006F1E42 /* MUKGridCoordinate.h */,
				06D7BA22156692A0006F1E42 /* MUKGridCellSize.h */,
				06D7BA23156692A0006F1E42 /* MUKGridCellFixedSize.h */,
				06D7BA24156692A0006F1E42 /* MUKGridCellOptions.h */,
				06D7BA25156692A0006F1E42 /* MUKRecyclableView.h */,
			);
			name = MUKScrolling;
			sourceTree = "<group>";
		};
/* End PBXGroup section */

/* Begin PBXHeadersBuildPhase section */
		0600494E154C13BA004A3B17 /* Headers */ = {
			isa = PBXHeadersBuildPhase;
			buildActionMask = 2147483647;
			files = (
				060049DF154C1667004A3B17 /* MUKMediaGallery-Prefix.pch in Headers */,
				060049E0154C1667004A3B17 /* MUKMediaGallery.h in Headers */,
				060049F0154C1781004A3B17 /* MUKMediaAssetProtocol.h in Headers */,
				06004A0A154C1CEB004A3B17 /* MUKMediaThumbnailsView.h in Headers */,
				06004A36154C24AD004A3B17 /* MUKMediaThumbnailsCountView_.h in Headers */,
				06004A39154C26CC004A3B17 /* MUKMediaThumbnailsView_MediaAssetsCountView.h in Headers */,
				06004A3E154C2972004A3B17 /* MUKMediaGalleryUtils_.h in Headers */,
				06004A47154C3420004A3B17 /* MUKMediaImageAssetProtocol.h in Headers */,
				06004A49154C3446004A3B17 /* MUKMediaVideoAssetProtocol.h in Headers */,
				06004A4B154C345F004A3B17 /* MUKMediaAudioAssetProtocol.h in Headers */,
				06004A4D154C36BF004A3B17 /* MUKMediaThumbnailsView_Layout.h in Headers */,
				06004A51154C3B56004A3B17 /* MUKMediaThumbnailView_.h in Headers */,
				06004A56154C40A0004A3B17 /* MUKMediaThumbnailsView_Cells.h in Headers */,
				060B1AB91551428200454D72 /* MUKMediaThumbnailsView_Thumbnails.h in Headers */,
				060B1B3C1551611900454D72 /* MUKMediaImageAsset.h in Headers */,
				060B1B41155161F700454D72 /* MUKMediaAsset.h in Headers */,
				060B1B471551813D00454D72 /* MUKMediaAudioAsset.h in Headers */,
				060B1B4C155181D200454D72 /* MUKMediaVideoAsset.h in Headers */,
				06A82AD41557CDDD00B6D449 /* MUKMediaThumbnailsView_Selection.h in Headers */,
				06A93C58155A5BC30083CFE4 /* MUKImageFetcher.h in Headers */,
				06A93C61155A6EAF0083CFE4 /* MUKImageFetcherURLConnectionQueue_.h in Headers */,
				065BF44E155D07E5008C91BD /* MUKMediaCarouselView.h in Headers */,
				06A26C30155E5CFE009D36F0 /* MUKMediaGalleryImageFetcher_.h in Headers */,
				06A26C37155E613B009D36F0 /* MUKMediaCarouselImageCellView_.h in Headers */,
				06A26C3A155E6731009D36F0 /* MUKMediaCarouselView_Thumbnails.h in Headers */,
				06A26C74155E8743009D36F0 /* MUKMediaCarouselView_FullImage.h in Headers */,
				06A26C7C155E8ADE009D36F0 /* MUKMediaCarouselCellView_.h in Headers */,
				06A26C7F155E8BC6009D36F0 /* MUKMediaCarouselView_Cells.h in Headers */,
				0671974A1560F6F20017EAC0 /* MUKMediaCarouselPlayerCellView_.h in Headers */,
				06D0729215610C42000296C3 /* PSYouTubeExtractor.h in Headers */,
				06D072A015610CBC000296C3 /* MUKMediaCarouselYouTubeCellView_.h in Headers */,
				06D072D5156189A8000296C3 /* MUKMediaThumbnailsViewController.h in Headers */,
				06499740156239F100B9A254 /* MUKMediaCarouselViewController.h in Headers */,
				06D7BA0E15669222006F1E42 /* MUK.h in Headers */,
				06D7BA0F15669222006F1E42 /* MUK+String.h in Headers */,
				06D7BA1015669222006F1E42 /* MUK+Date.h in Headers */,
				06D7BA1115669222006F1E42 /* MUK+Array.h in Headers */,
				06D7BA1215669222006F1E42 /* MUK+URL.h in Headers */,
				06D7BA1315669222006F1E42 /* MUK+Geometry.h in Headers */,
				06D7BA1415669222006F1E42 /* MUK+Object.h in Headers */,
				06D7BA1515669222006F1E42 /* MUK+Data.h in Headers */,
				06D7BA1715669236006F1E42 /* MUKObjectCache.h in Headers */,
				06D7BA1B15669282006F1E42 /* MUKURLConnection.h in Headers */,
				06D7BA1C15669282006F1E42 /* MUKURLConnectionQueue.h in Headers */,
				06D7BA26156692A0006F1E42 /* MUKRecyclingScrollView.h in Headers */,
				06D7BA27156692A0006F1E42 /* MUKRecyclable.h in Headers */,
				06D7BA28156692A0006F1E42 /* MUKGridView.h in Headers */,
				06D7BA29156692A0006F1E42 /* MUKGridCoordinate.h in Headers */,
				06D7BA2A156692A0006F1E42 /* MUKGridCellSize.h in Headers */,
				06D7BA2B156692A0006F1E42 /* MUKGridCellFixedSize.h in Headers */,
				06D7BA2C156692A0006F1E42 /* MUKGridCellOptions.h in Headers */,
				06D7BA2D156692A0006F1E42 /* MUKRecyclableView.h in Headers */,
				06FF1B8015678C8B0040DA06 /* MUKToolkit.h in Headers */,
				06FF1B8315678C9A0040DA06 /* MUKNetworking.h in Headers */,
				06FF1B8515678CBD0040DA06 /* MUKScrolling.h in Headers */,
			);
			runOnlyForDeploymentPostprocessing = 0;
		};
/* End PBXHeadersBuildPhase section */

/* Begin PBXNativeTarget section */
		0600494F154C13BA004A3B17 /* MUKMediaGallery */ = {
			isa = PBXNativeTarget;
			buildConfigurationList = 06004974154C13BA004A3B17 /* Build configuration list for PBXNativeTarget "MUKMediaGallery" */;
			buildPhases = (
				06FF1B9715678D8A0040DA06 /* Copy MUKToolkit Headers */,
				06FF1B9815678D8C0040DA06 /* Copy MUKNetworking Headers */,
				06FF1B9915678D8E0040DA06 /* Copy MUKObjectCache Headers */,
				06FF1B9A15678D8F0040DA06 /* Copy MUKScrolling Headers */,
				0600494C154C13BA004A3B17 /* Sources */,
				0600494D154C13BA004A3B17 /* Frameworks */,
				0600494E154C13BA004A3B17 /* Headers */,
				060049F4154C18A0004A3B17 /* Prepare Framework */,
			);
			buildRules = (
			);
			dependencies = (
			);
			name = MUKMediaGallery;
			productName = MUKMediaGallery;
			productReference = 06004950154C13BA004A3B17 /* libMUKMediaGallery.a */;
			productType = "com.apple.product-type.library.static";
		};
		0600495F154C13BA004A3B17 /* MUKMediaGalleryTests */ = {
			isa = PBXNativeTarget;
			buildConfigurationList = 06004977154C13BA004A3B17 /* Build configuration list for PBXNativeTarget "MUKMediaGalleryTests" */;
			buildPhases = (
				0600495B154C13BA004A3B17 /* Sources */,
				0600495C154C13BA004A3B17 /* Frameworks */,
				0600495D154C13BA004A3B17 /* Resources */,
				0600495E154C13BA004A3B17 /* ShellScript */,
			);
			buildRules = (
			);
			dependencies = (
				06D7BA37156692E0006F1E42 /* PBXTargetDependency */,
				06D7BA39156692E0006F1E42 /* PBXTargetDependency */,
				06D7BA3B156692E0006F1E42 /* PBXTargetDependency */,
				06D7BA3D156692E0006F1E42 /* PBXTargetDependency */,
				06D7BA33156692B7006F1E42 /* PBXTargetDependency */,
			);
			name = MUKMediaGalleryTests;
			productName = MUKMediaGalleryTests;
			productReference = 06004960154C13BA004A3B17 /* MUKMediaGalleryTests.octest */;
			productType = "com.apple.product-type.bundle";
		};
		060049F8154C18FC004A3B17 /* MUKMediaGalleryResources */ = {
			isa = PBXNativeTarget;
			buildConfigurationList = 06004A03154C18FC004A3B17 /* Build configuration list for PBXNativeTarget "MUKMediaGalleryResources" */;
			buildPhases = (
				060049F5154C18FC004A3B17 /* Sources */,
				060049F6154C18FC004A3B17 /* Frameworks */,
				060049F7154C18FC004A3B17 /* Resources */,
			);
			buildRules = (
			);
			dependencies = (
			);
			name = MUKMediaGalleryResources;
			productName = MUKMediaGalleryResources;
			productReference = 060049F9154C18FC004A3B17 /* MUKMediaGallery.bundle */;
			productType = "com.apple.product-type.bundle";
		};
/* End PBXNativeTarget section */

/* Begin PBXProject section */
		06004947154C13BA004A3B17 /* Project object */ = {
			isa = PBXProject;
			attributes = {
				LastUpgradeCheck = 0430;
			};
			buildConfigurationList = 0600494A154C13BA004A3B17 /* Build configuration list for PBXProject "MUKMediaGallery" */;
			compatibilityVersion = "Xcode 3.2";
			developmentRegion = English;
			hasScannedForEncodings = 0;
			knownRegions = (
				en,
				it,
			);
			mainGroup = 06004945154C13BA004A3B17;
			productRefGroup = 06004951154C13BA004A3B17 /* Products */;
			projectDirPath = "";
			projectReferences = (
				{
					ProductGroup = 06D7B9C41566919B006F1E42 /* Products */;
					ProjectRef = 06D7B9C31566919B006F1E42 /* MUKNetworking.xcodeproj */;
				},
				{
					ProductGroup = 06D7B9C71566919B006F1E42 /* Products */;
					ProjectRef = 06D7B9C61566919B006F1E42 /* MUKObjectCache.xcodeproj */;
				},
				{
					ProductGroup = 06D7B9CA1566919B006F1E42 /* Products */;
					ProjectRef = 06D7B9C91566919B006F1E42 /* MUKScrolling.xcodeproj */;
				},
				{
					ProductGroup = 06D7B9F9156691FE006F1E42 /* Products */;
					ProjectRef = 06D7B9F8156691FE006F1E42 /* MUKToolkit.xcodeproj */;
				},
			);
			projectRoot = "";
			targets = (
				0600494F154C13BA004A3B17 /* MUKMediaGallery */,
				0600495F154C13BA004A3B17 /* MUKMediaGalleryTests */,
				060049F8154C18FC004A3B17 /* MUKMediaGalleryResources */,
				060049E8154C16C9004A3B17 /* MUKMediaGalleryDocumentation */,
			);
		};
/* End PBXProject section */

/* Begin PBXReferenceProxy section */
		06D7B9E11566919C006F1E42 /* libMUKNetworking.a */ = {
			isa = PBXReferenceProxy;
			fileType = archive.ar;
			path = libMUKNetworking.a;
			remoteRef = 06D7B9E01566919C006F1E42 /* PBXContainerItemProxy */;
			sourceTree = BUILT_PRODUCTS_DIR;
		};
		06D7B9E31566919C006F1E42 /* MUKNetworkingTests.octest */ = {
			isa = PBXReferenceProxy;
			fileType = wrapper.cfbundle;
			path = MUKNetworkingTests.octest;
			remoteRef = 06D7B9E21566919C006F1E42 /* PBXContainerItemProxy */;
			sourceTree = BUILT_PRODUCTS_DIR;
		};
		06D7B9E81566919C006F1E42 /* libMUKObjectCache.a */ = {
			isa = PBXReferenceProxy;
			fileType = archive.ar;
			path = libMUKObjectCache.a;
			remoteRef = 06D7B9E71566919C006F1E42 /* PBXContainerItemProxy */;
			sourceTree = BUILT_PRODUCTS_DIR;
		};
		06D7B9EA1566919C006F1E42 /* MUKObjectCacheTests.octest */ = {
			isa = PBXReferenceProxy;
			fileType = wrapper.cfbundle;
			path = MUKObjectCacheTests.octest;
			remoteRef = 06D7B9E91566919C006F1E42 /* PBXContainerItemProxy */;
			sourceTree = BUILT_PRODUCTS_DIR;
		};
		06D7B9EF1566919C006F1E42 /* libMUKScrolling.a */ = {
			isa = PBXReferenceProxy;
			fileType = archive.ar;
			path = libMUKScrolling.a;
			remoteRef = 06D7B9EE1566919C006F1E42 /* PBXContainerItemProxy */;
			sourceTree = BUILT_PRODUCTS_DIR;
		};
		06D7B9F11566919C006F1E42 /* MUKScrollingTests.octest */ = {
			isa = PBXReferenceProxy;
			fileType = wrapper.cfbundle;
			path = MUKScrollingTests.octest;
			remoteRef = 06D7B9F01566919C006F1E42 /* PBXContainerItemProxy */;
			sourceTree = BUILT_PRODUCTS_DIR;
		};
		06D7BA02156691FF006F1E42 /* libMUKToolkit.a */ = {
			isa = PBXReferenceProxy;
			fileType = archive.ar;
			path = libMUKToolkit.a;
			remoteRef = 06D7BA01156691FF006F1E42 /* PBXContainerItemProxy */;
			sourceTree = BUILT_PRODUCTS_DIR;
		};
		06D7BA04156691FF006F1E42 /* MUKToolkitTests.octest */ = {
			isa = PBXReferenceProxy;
			fileType = wrapper.cfbundle;
			path = MUKToolkitTests.octest;
			remoteRef = 06D7BA03156691FF006F1E42 /* PBXContainerItemProxy */;
			sourceTree = BUILT_PRODUCTS_DIR;
		};
/* End PBXReferenceProxy section */

/* Begin PBXResourcesBuildPhase section */
		0600495D154C13BA004A3B17 /* Resources */ = {
			isa = PBXResourcesBuildPhase;
			buildActionMask = 2147483647;
			files = (
			);
			runOnlyForDeploymentPostprocessing = 0;
		};
		060049F7154C18FC004A3B17 /* Resources */ = {
			isa = PBXResourcesBuildPhase;
			buildActionMask = 2147483647;
			files = (
				06004A01154C18FC004A3B17 /* InfoPlist.strings in Resources */,
				06004A42154C2AB7004A3B17 /* Localizable.strings in Resources */,
				0624482E15527F8C005CE74D /* MUKMediaThumbnailView_audio.png in Resources */,
				0624482F15527F8C005CE74D /* MUKMediaThumbnailView_audio@2x.png in Resources */,
				0624483015527F8C005CE74D /* MUKMediaThumbnailView_video.png in Resources */,
				0624483115527F8C005CE74D /* MUKMediaThumbnailView_video@2x.png in Resources */,
				0624483215527F8C005CE74D /* MUKMediaThumbnailView_.xib in Resources */,
			);
			runOnlyForDeploymentPostprocessing = 0;
		};
/* End PBXResourcesBuildPhase section */

/* Begin PBXShellScriptBuildPhase section */
		0600495E154C13BA004A3B17 /* ShellScript */ = {
			isa = PBXShellScriptBuildPhase;
			buildActionMask = 2147483647;
			files = (
			);
			inputPaths = (
			);
			outputPaths = (
			);
			runOnlyForDeploymentPostprocessing = 0;
			shellPath = /bin/sh;
			shellScript = "# Run the unit tests in this test bundle.\n\"${SYSTEM_DEVELOPER_DIR}/Tools/RunUnitTests\"\n";
		};
		060049EC154C16D4004A3B17 /* ShellScript */ = {
			isa = PBXShellScriptBuildPhase;
			buildActionMask = 2147483647;
			files = (
			);
			inputPaths = (
			);
			outputPaths = (
			);
			runOnlyForDeploymentPostprocessing = 0;
			shellPath = /bin/sh;
			shellScript = "/usr/local/bin/appledoc \\\n--project-name \"MUKMediaGallery\" \\\n--project-company \"MeLive\" \\\n--company-id \"it.melive\" \\\n--output \"Documentation\" \\\n--logformat xcode \\\n--keep-undocumented-objects \\\n--keep-undocumented-members \\\n--no-repeat-first-par \\\n--no-warn-invalid-crossref \\\n--ignore \"*.m\" \\\n--ignore \"Unit Tests\" \\\n--ignore \"Example\" \\\n--ignore \"Private\" \\\n--ignore \"Submodules\" \\\n--exit-threshold 2 \\\n\"${PROJECT_DIR}\"";
		};
		060049F4154C18A0004A3B17 /* Prepare Framework */ = {
			isa = PBXShellScriptBuildPhase;
			buildActionMask = 2147483647;
			files = (
			);
			inputPaths = (
			);
			name = "Prepare Framework";
			outputPaths = (
			);
			runOnlyForDeploymentPostprocessing = 0;
			shellPath = /bin/sh;
			shellScript = "set -e\n\nmkdir -p \"${BUILT_PRODUCTS_DIR}/${PRODUCT_NAME}.framework/Versions/A\"\nmkdir -p \"${BUILT_PRODUCTS_DIR}/${PRODUCT_NAME}.framework/Versions/A/Headers\"\n\n# Link the \"Current\" version to \"A\"\nln -sfh A \"${BUILT_PRODUCTS_DIR}/${PRODUCT_NAME}.framework/Versions/Current\"\nln -sfh Versions/Current/Headers \"${BUILT_PRODUCTS_DIR}/${PRODUCT_NAME}.framework/Headers\"\nln -sfh \"Versions/Current/${PRODUCT_NAME}\" \"${BUILT_PRODUCTS_DIR}/${PRODUCT_NAME}.framework/${PRODUCT_NAME}\"\n\n# The -a ensures that the headers maintain the source modification date so that we don't constantly# cause propagating rebuilds of files that import these headers.\ncp -a \"${TARGET_BUILD_DIR}/${PUBLIC_HEADERS_FOLDER_PATH}/\" \"${BUILT_PRODUCTS_DIR}/${PRODUCT_NAME}.framework/Versions/A/Headers\"";
		};
/* End PBXShellScriptBuildPhase section */

/* Begin PBXSourcesBuildPhase section */
		0600494C154C13BA004A3B17 /* Sources */ = {
			isa = PBXSourcesBuildPhase;
			buildActionMask = 2147483647;
			files = (
				06004A0B154C1CEB004A3B17 /* MUKMediaThumbnailsView.m in Sources */,
				06004A37154C24AD004A3B17 /* MUKMediaThumbnailsCountView_.m in Sources */,
				06004A3F154C2972004A3B17 /* MUKMediaGalleryUtils_.m in Sources */,
				06004A52154C3B56004A3B17 /* MUKMediaThumbnailView_.m in Sources */,
				060B1B3D1551611900454D72 /* MUKMediaImageAsset.m in Sources */,
				060B1B42155161F700454D72 /* MUKMediaAsset.m in Sources */,
				060B1B481551813D00454D72 /* MUKMediaAudioAsset.m in Sources */,
				060B1B4D155181D200454D72 /* MUKMediaVideoAsset.m in Sources */,
				06A93C59155A5BC30083CFE4 /* MUKImageFetcher.m in Sources */,
				06A93C62155A6EAF0083CFE4 /* MUKImageFetcherURLConnectionQueue_.m in Sources */,
				065BF44F155D07E5008C91BD /* MUKMediaCarouselView.m in Sources */,
				06A26C31155E5CFE009D36F0 /* MUKMediaGalleryImageFetcher_.m in Sources */,
				06A26C38155E613B009D36F0 /* MUKMediaCarouselImageCellView_.m in Sources */,
				06A26C7D155E8ADE009D36F0 /* MUKMediaCarouselCellView_.m in Sources */,
				0671974B1560F6F20017EAC0 /* MUKMediaCarouselPlayerCellView_.m in Sources */,
				06D072A115610CBC000296C3 /* MUKMediaCarouselYouTubeCellView_.m in Sources */,
				06D072D6156189A8000296C3 /* MUKMediaThumbnailsViewController.m in Sources */,
				06499741156239F100B9A254 /* MUKMediaCarouselViewController.m in Sources */,
			);
			runOnlyForDeploymentPostprocessing = 0;
		};
		0600495B154C13BA004A3B17 /* Sources */ = {
			isa = PBXSourcesBuildPhase;
			buildActionMask = 2147483647;
			files = (
				06D7BA4215669301006F1E42 /* PSYouTubeExtractor.m in Sources */,
				060049E7154C168F004A3B17 /* MUKMediaGalleryTests.m in Sources */,
			);
			runOnlyForDeploymentPostprocessing = 0;
		};
		060049F5154C18FC004A3B17 /* Sources */ = {
			isa = PBXSourcesBuildPhase;
			buildActionMask = 2147483647;
			files = (
			);
			runOnlyForDeploymentPostprocessing = 0;
		};
/* End PBXSourcesBuildPhase section */

/* Begin PBXTargetDependency section */
		06D7BA33156692B7006F1E42 /* PBXTargetDependency */ = {
			isa = PBXTargetDependency;
			name = MUKToolkit;
			targetProxy = 06D7BA32156692B7006F1E42 /* PBXContainerItemProxy */;
		};
		06D7BA37156692E0006F1E42 /* PBXTargetDependency */ = {
			isa = PBXTargetDependency;
			target = 0600494F154C13BA004A3B17 /* MUKMediaGallery */;
			targetProxy = 06D7BA36156692E0006F1E42 /* PBXContainerItemProxy */;
		};
		06D7BA39156692E0006F1E42 /* PBXTargetDependency */ = {
			isa = PBXTargetDependency;
			name = MUKObjectCache;
			targetProxy = 06D7BA38156692E0006F1E42 /* PBXContainerItemProxy */;
		};
		06D7BA3B156692E0006F1E42 /* PBXTargetDependency */ = {
			isa = PBXTargetDependency;
			name = MUKScrolling;
			targetProxy = 06D7BA3A156692E0006F1E42 /* PBXContainerItemProxy */;
		};
		06D7BA3D156692E0006F1E42 /* PBXTargetDependency */ = {
			isa = PBXTargetDependency;
			name = MUKNetworking;
			targetProxy = 06D7BA3C156692E0006F1E42 /* PBXContainerItemProxy */;
		};
/* End PBXTargetDependency section */

/* Begin PBXVariantGroup section */
		060049FF154C18FC004A3B17 /* InfoPlist.strings */ = {
			isa = PBXVariantGroup;
			children = (
				06004A00154C18FC004A3B17 /* en */,
				0624483915528741005CE74D /* it */,
			);
			name = InfoPlist.strings;
			sourceTree = "<group>";
		};
		06004A44154C2AB7004A3B17 /* Localizable.strings */ = {
			isa = PBXVariantGroup;
			children = (
				06004A43154C2AB7004A3B17 /* en */,
				06004A45154C2AC6004A3B17 /* it */,
				0624483815528741005CE74D /* it */,
			);
			name = Localizable.strings;
			sourceTree = "<group>";
		};
/* End PBXVariantGroup section */

/* Begin XCBuildConfiguration section */
		06004972154C13BA004A3B17 /* Debug */ = {
			isa = XCBuildConfiguration;
			buildSettings = {
				ALWAYS_SEARCH_USER_PATHS = NO;
				ARCHS = (
					armv6,
					armv7,
				);
				CLANG_ENABLE_OBJC_ARC = YES;
				COPY_PHASE_STRIP = NO;
				DEAD_CODE_STRIPPING = NO;
				GCC_C_LANGUAGE_STANDARD = gnu99;
				GCC_DYNAMIC_NO_PIC = NO;
				GCC_OPTIMIZATION_LEVEL = 0;
				GCC_PREPROCESSOR_DEFINITIONS = (
					"DEBUG=1",
					"$(inherited)",
				);
				GCC_SYMBOLS_PRIVATE_EXTERN = NO;
				GCC_THUMB_SUPPORT = NO;
				GCC_VERSION = com.apple.compilers.llvm.clang.1_0;
				GCC_WARN_ABOUT_RETURN_TYPE = YES;
				GCC_WARN_UNINITIALIZED_AUTOS = YES;
				GCC_WARN_UNUSED_VARIABLE = YES;
				IPHONEOS_DEPLOYMENT_TARGET = 5.1;
				PUBLIC_HEADERS_FOLDER_PATH = Headers;
				SDKROOT = iphoneos;
				STRIP_STYLE = "non-global";
			};
			name = Debug;
		};
		06004973154C13BA004A3B17 /* Release */ = {
			isa = XCBuildConfiguration;
			buildSettings = {
				ALWAYS_SEARCH_USER_PATHS = NO;
				ARCHS = (
					armv6,
					armv7,
				);
				CLANG_ENABLE_OBJC_ARC = YES;
				COPY_PHASE_STRIP = NO;
				DEAD_CODE_STRIPPING = NO;
				GCC_C_LANGUAGE_STANDARD = gnu99;
				GCC_THUMB_SUPPORT = NO;
				GCC_VERSION = com.apple.compilers.llvm.clang.1_0;
				GCC_WARN_ABOUT_RETURN_TYPE = YES;
				GCC_WARN_UNINITIALIZED_AUTOS = YES;
				GCC_WARN_UNUSED_VARIABLE = YES;
				IPHONEOS_DEPLOYMENT_TARGET = 5.1;
				PUBLIC_HEADERS_FOLDER_PATH = Headers;
				SDKROOT = iphoneos;
				STRIP_STYLE = "non-global";
				VALIDATE_PRODUCT = YES;
			};
			name = Release;
		};
		06004975154C13BA004A3B17 /* Debug */ = {
			isa = XCBuildConfiguration;
			buildSettings = {
				DSTROOT = /tmp/MUKMediaGallery.dst;
				GCC_PRECOMPILE_PREFIX_HEADER = YES;
				GCC_PREFIX_HEADER = "MUKMediaGallery/MUKMediaGallery-Prefix.pch";
				GCC_THUMB_SUPPORT = NO;
				HEADER_SEARCH_PATHS = "${BUILT_PRODUCTS_DIR}/MUK/DependenciesHeaders";
				OTHER_LDFLAGS = "-ObjC";
				PRODUCT_NAME = "$(TARGET_NAME)";
				SKIP_INSTALL = YES;
			};
			name = Debug;
		};
		06004976154C13BA004A3B17 /* Release */ = {
			isa = XCBuildConfiguration;
			buildSettings = {
				DSTROOT = /tmp/MUKMediaGallery.dst;
				GCC_PRECOMPILE_PREFIX_HEADER = YES;
				GCC_PREFIX_HEADER = "MUKMediaGallery/MUKMediaGallery-Prefix.pch";
				GCC_THUMB_SUPPORT = NO;
				HEADER_SEARCH_PATHS = "${BUILT_PRODUCTS_DIR}/MUK/DependenciesHeaders";
				OTHER_LDFLAGS = "-ObjC";
				PRODUCT_NAME = "$(TARGET_NAME)";
				SKIP_INSTALL = YES;
			};
			name = Release;
		};
		06004978154C13BA004A3B17 /* Debug */ = {
			isa = XCBuildConfiguration;
			buildSettings = {
				FRAMEWORK_SEARCH_PATHS = (
					"$(SDKROOT)/Developer/Library/Frameworks",
					"$(DEVELOPER_LIBRARY_DIR)/Frameworks",
				);
				GCC_PRECOMPILE_PREFIX_HEADER = YES;
				GCC_PREFIX_HEADER = "MUKMediaGallery/MUKMediaGallery-Prefix.pch";
				GCC_THUMB_SUPPORT = NO;
				INFOPLIST_FILE = "MUKMediaGallery/Unit Tests/MUKMediaGalleryTests-Info.plist";
				OTHER_LDFLAGS = "-ObjC";
				PRODUCT_NAME = "$(TARGET_NAME)";
				WRAPPER_EXTENSION = octest;
			};
			name = Debug;
		};
		06004979154C13BA004A3B17 /* Release */ = {
			isa = XCBuildConfiguration;
			buildSettings = {
				FRAMEWORK_SEARCH_PATHS = (
					"$(SDKROOT)/Developer/Library/Frameworks",
					"$(DEVELOPER_LIBRARY_DIR)/Frameworks",
				);
				GCC_PRECOMPILE_PREFIX_HEADER = YES;
				GCC_PREFIX_HEADER = "MUKMediaGallery/MUKMediaGallery-Prefix.pch";
				GCC_THUMB_SUPPORT = NO;
				INFOPLIST_FILE = "MUKMediaGallery/Unit Tests/MUKMediaGalleryTests-Info.plist";
				OTHER_LDFLAGS = "-ObjC";
				PRODUCT_NAME = "$(TARGET_NAME)";
				WRAPPER_EXTENSION = octest;
			};
			name = Release;
		};
		060049EA154C16C9004A3B17 /* Debug */ = {
			isa = XCBuildConfiguration;
			buildSettings = {
				GCC_THUMB_SUPPORT = NO;
				PRODUCT_NAME = "$(TARGET_NAME)";
			};
			name = Debug;
		};
		060049EB154C16C9004A3B17 /* Release */ = {
			isa = XCBuildConfiguration;
			buildSettings = {
				GCC_THUMB_SUPPORT = NO;
				PRODUCT_NAME = "$(TARGET_NAME)";
			};
			name = Release;
		};
		06004A04154C18FC004A3B17 /* Debug */ = {
			isa = XCBuildConfiguration;
			buildSettings = {
				GCC_ENABLE_OBJC_EXCEPTIONS = YES;
				GCC_PRECOMPILE_PREFIX_HEADER = YES;
				GCC_PREFIX_HEADER = "MUKMediaGalleryResources/MUKMediaGalleryResources-Prefix.pch";
				GCC_THUMB_SUPPORT = NO;
				GCC_WARN_64_TO_32_BIT_CONVERSION = YES;
				INFOPLIST_FILE = "MUKMediaGalleryResources/MUKMediaGalleryResources-Info.plist";
				INSTALL_PATH = "$(LOCAL_LIBRARY_DIR)/Bundles";
				MACOSX_DEPLOYMENT_TARGET = 10.7;
				PRODUCT_NAME = MUKMediaGallery;
				SKIP_INSTALL = YES;
				WRAPPER_EXTENSION = bundle;
			};
			name = Debug;
		};
		06004A05154C18FC004A3B17 /* Release */ = {
			isa = XCBuildConfiguration;
			buildSettings = {
				COPY_PHASE_STRIP = YES;
				DEBUG_INFORMATION_FORMAT = "dwarf-with-dsym";
				GCC_ENABLE_OBJC_EXCEPTIONS = YES;
				GCC_PRECOMPILE_PREFIX_HEADER = YES;
				GCC_PREFIX_HEADER = "MUKMediaGalleryResources/MUKMediaGalleryResources-Prefix.pch";
				GCC_THUMB_SUPPORT = NO;
				GCC_WARN_64_TO_32_BIT_CONVERSION = YES;
				INFOPLIST_FILE = "MUKMediaGalleryResources/MUKMediaGalleryResources-Info.plist";
				INSTALL_PATH = "$(LOCAL_LIBRARY_DIR)/Bundles";
				MACOSX_DEPLOYMENT_TARGET = 10.7;
				PRODUCT_NAME = MUKMediaGallery;
				SKIP_INSTALL = YES;
				WRAPPER_EXTENSION = bundle;
			};
			name = Release;
		};
/* End XCBuildConfiguration section */

/* Begin XCConfigurationList section */
		0600494A154C13BA004A3B17 /* Build configuration list for PBXProject "MUKMediaGallery" */ = {
			isa = XCConfigurationList;
			buildConfigurations = (
				06004972154C13BA004A3B17 /* Debug */,
				06004973154C13BA004A3B17 /* Release */,
			);
			defaultConfigurationIsVisible = 0;
			defaultConfigurationName = Release;
		};
		06004974154C13BA004A3B17 /* Build configuration list for PBXNativeTarget "MUKMediaGallery" */ = {
			isa = XCConfigurationList;
			buildConfigurations = (
				06004975154C13BA004A3B17 /* Debug */,
				06004976154C13BA004A3B17 /* Release */,
			);
			defaultConfigurationIsVisible = 0;
			defaultConfigurationName = Release;
		};
		06004977154C13BA004A3B17 /* Build configuration list for PBXNativeTarget "MUKMediaGalleryTests" */ = {
			isa = XCConfigurationList;
			buildConfigurations = (
				06004978154C13BA004A3B17 /* Debug */,
				06004979154C13BA004A3B17 /* Release */,
			);
			defaultConfigurationIsVisible = 0;
			defaultConfigurationName = Release;
		};
		060049E9154C16C9004A3B17 /* Build configuration list for PBXAggregateTarget "MUKMediaGalleryDocumentation" */ = {
			isa = XCConfigurationList;
			buildConfigurations = (
				060049EA154C16C9004A3B17 /* Debug */,
				060049EB154C16C9004A3B17 /* Release */,
			);
			defaultConfigurationIsVisible = 0;
			defaultConfigurationName = Release;
		};
		06004A03154C18FC004A3B17 /* Build configuration list for PBXNativeTarget "MUKMediaGalleryResources" */ = {
			isa = XCConfigurationList;
			buildConfigurations = (
				06004A04154C18FC004A3B17 /* Debug */,
				06004A05154C18FC004A3B17 /* Release */,
			);
			defaultConfigurationIsVisible = 0;
			defaultConfigurationName = Release;
		};
/* End XCConfigurationList section */
	};
	rootObject = 06004947154C13BA004A3B17 /* Project object */;
}
