// !$*UTF8*$!
{
	archiveVersion = 1;
	classes = {
	};
	objectVersion = 46;
	objects = {

/* Begin PBXAggregateTarget section */
		060049E8154C16C9004A3B17 /* MUKMediaGalleryDocumentation */ = {
			isa = PBXAggregateTarget;
			buildConfigurationList = 060049E9154C16C9004A3B17 /* Build configuration list for PBXAggregateTarget "MUKMediaGalleryDocumentation" */;
			buildPhases = (
				060049EC154C16D4004A3B17 /* ShellScript */,
			);
			dependencies = (
			);
			name = MUKMediaGalleryDocumentation;
			productName = MUKMediaGalleryDocumentation;
		};
/* End PBXAggregateTarget section */

/* Begin PBXBuildFile section */
		06004954154C13BA004A3B17 /* Foundation.framework in Frameworks */ = {isa = PBXBuildFile; fileRef = 06004953154C13BA004A3B17 /* Foundation.framework */; };
		06004962154C13BA004A3B17 /* SenTestingKit.framework in Frameworks */ = {isa = PBXBuildFile; fileRef = 06004961154C13BA004A3B17 /* SenTestingKit.framework */; };
		06004965154C13BA004A3B17 /* Foundation.framework in Frameworks */ = {isa = PBXBuildFile; fileRef = 06004953154C13BA004A3B17 /* Foundation.framework */; };
		06004968154C13BA004A3B17 /* libMUKMediaGallery.a in Frameworks */ = {isa = PBXBuildFile; fileRef = 06004950154C13BA004A3B17 /* libMUKMediaGallery.a */; };
		060049DF154C1667004A3B17 /* MUKMediaGallery-Prefix.pch in Headers */ = {isa = PBXBuildFile; fileRef = 060049DD154C1667004A3B17 /* MUKMediaGallery-Prefix.pch */; };
		060049E0154C1667004A3B17 /* MUKMediaGallery.h in Headers */ = {isa = PBXBuildFile; fileRef = 060049DE154C1667004A3B17 /* MUKMediaGallery.h */; settings = {ATTRIBUTES = (Public, ); }; };
		060049E7154C168F004A3B17 /* MUKMediaGalleryTests.m in Sources */ = {isa = PBXBuildFile; fileRef = 060049E5154C168F004A3B17 /* MUKMediaGalleryTests.m */; };
		060049F0154C1781004A3B17 /* MUKMediaAssetProtocol.h in Headers */ = {isa = PBXBuildFile; fileRef = 060049EF154C1781004A3B17 /* MUKMediaAssetProtocol.h */; settings = {ATTRIBUTES = (Public, ); }; };
		060049FB154C18FC004A3B17 /* CoreFoundation.framework in Frameworks */ = {isa = PBXBuildFile; fileRef = 060049FA154C18FC004A3B17 /* CoreFoundation.framework */; };
		06004A0A154C1CEB004A3B17 /* MUKMediaThumbnailsView.h in Headers */ = {isa = PBXBuildFile; fileRef = 06004A08154C1CEB004A3B17 /* MUKMediaThumbnailsView.h */; settings = {ATTRIBUTES = (Public, ); }; };
		06004A0B154C1CEB004A3B17 /* MUKMediaThumbnailsView.m in Sources */ = {isa = PBXBuildFile; fileRef = 06004A09154C1CEB004A3B17 /* MUKMediaThumbnailsView.m */; };
		06004A36154C24AD004A3B17 /* MUKMediaThumbnailsCountView_.h in Headers */ = {isa = PBXBuildFile; fileRef = 06004A34154C24AD004A3B17 /* MUKMediaThumbnailsCountView_.h */; };
		06004A37154C24AD004A3B17 /* MUKMediaThumbnailsCountView_.m in Sources */ = {isa = PBXBuildFile; fileRef = 06004A35154C24AD004A3B17 /* MUKMediaThumbnailsCountView_.m */; };
		06004A39154C26CC004A3B17 /* MUKMediaThumbnailsView_MediaAssetsCountView.h in Headers */ = {isa = PBXBuildFile; fileRef = 06004A38154C26CC004A3B17 /* MUKMediaThumbnailsView_MediaAssetsCountView.h */; };
		06004A3E154C2972004A3B17 /* MUKMediaGalleryUtils_.h in Headers */ = {isa = PBXBuildFile; fileRef = 06004A3C154C2972004A3B17 /* MUKMediaGalleryUtils_.h */; };
		06004A3F154C2972004A3B17 /* MUKMediaGalleryUtils_.m in Sources */ = {isa = PBXBuildFile; fileRef = 06004A3D154C2972004A3B17 /* MUKMediaGalleryUtils_.m */; };
		06004A42154C2AB7004A3B17 /* Localizable.strings in Resources */ = {isa = PBXBuildFile; fileRef = 06004A44154C2AB7004A3B17 /* Localizable.strings */; };
		06004A47154C3420004A3B17 /* MUKMediaImageAssetProtocol.h in Headers */ = {isa = PBXBuildFile; fileRef = 06004A46154C3420004A3B17 /* MUKMediaImageAssetProtocol.h */; settings = {ATTRIBUTES = (Public, ); }; };
		06004A49154C3446004A3B17 /* MUKMediaVideoAssetProtocol.h in Headers */ = {isa = PBXBuildFile; fileRef = 06004A48154C3446004A3B17 /* MUKMediaVideoAssetProtocol.h */; settings = {ATTRIBUTES = (Public, ); }; };
		06004A4B154C345F004A3B17 /* MUKMediaAudioAssetProtocol.h in Headers */ = {isa = PBXBuildFile; fileRef = 06004A4A154C345F004A3B17 /* MUKMediaAudioAssetProtocol.h */; settings = {ATTRIBUTES = (Public, ); }; };
		06004A4D154C36BF004A3B17 /* MUKMediaThumbnailsView_Layout.h in Headers */ = {isa = PBXBuildFile; fileRef = 06004A4C154C36BF004A3B17 /* MUKMediaThumbnailsView_Layout.h */; };
		06004A51154C3B56004A3B17 /* MUKMediaThumbnailView_.h in Headers */ = {isa = PBXBuildFile; fileRef = 06004A4F154C3B56004A3B17 /* MUKMediaThumbnailView_.h */; };
		06004A52154C3B56004A3B17 /* MUKMediaThumbnailView_.m in Sources */ = {isa = PBXBuildFile; fileRef = 06004A50154C3B56004A3B17 /* MUKMediaThumbnailView_.m */; };
		06004A56154C40A0004A3B17 /* MUKMediaThumbnailsView_Cells.h in Headers */ = {isa = PBXBuildFile; fileRef = 06004A55154C40A0004A3B17 /* MUKMediaThumbnailsView_Cells.h */; };
		060B1AB91551428200454D72 /* MUKMediaThumbnailsView_Thumbnails.h in Headers */ = {isa = PBXBuildFile; fileRef = 060B1AB81551428200454D72 /* MUKMediaThumbnailsView_Thumbnails.h */; };
		060B1B3C1551611900454D72 /* MUKMediaImageAsset.h in Headers */ = {isa = PBXBuildFile; fileRef = 060B1B3A1551611900454D72 /* MUKMediaImageAsset.h */; settings = {ATTRIBUTES = (Public, ); }; };
		060B1B3D1551611900454D72 /* MUKMediaImageAsset.m in Sources */ = {isa = PBXBuildFile; fileRef = 060B1B3B1551611900454D72 /* MUKMediaImageAsset.m */; };
		060B1B41155161F700454D72 /* MUKMediaAsset.h in Headers */ = {isa = PBXBuildFile; fileRef = 060B1B3F155161F700454D72 /* MUKMediaAsset.h */; settings = {ATTRIBUTES = (Public, ); }; };
		060B1B42155161F700454D72 /* MUKMediaAsset.m in Sources */ = {isa = PBXBuildFile; fileRef = 060B1B40155161F700454D72 /* MUKMediaAsset.m */; };
		060B1B471551813D00454D72 /* MUKMediaAudioAsset.h in Headers */ = {isa = PBXBuildFile; fileRef = 060B1B451551813D00454D72 /* MUKMediaAudioAsset.h */; settings = {ATTRIBUTES = (Public, ); }; };
		060B1B481551813D00454D72 /* MUKMediaAudioAsset.m in Sources */ = {isa = PBXBuildFile; fileRef = 060B1B461551813D00454D72 /* MUKMediaAudioAsset.m */; };
		060B1B4C155181D200454D72 /* MUKMediaVideoAsset.h in Headers */ = {isa = PBXBuildFile; fileRef = 060B1B4A155181D200454D72 /* MUKMediaVideoAsset.h */; settings = {ATTRIBUTES = (Public, ); }; };
		060B1B4D155181D200454D72 /* MUKMediaVideoAsset.m in Sources */ = {isa = PBXBuildFile; fileRef = 060B1B4B155181D200454D72 /* MUKMediaVideoAsset.m */; };
		0624482E15527F8C005CE74D /* MUKMediaThumbnailView_audio.png in Resources */ = {isa = PBXBuildFile; fileRef = 0624482815527F8C005CE74D /* MUKMediaThumbnailView_audio.png */; };
		0624482F15527F8C005CE74D /* MUKMediaThumbnailView_audio@2x.png in Resources */ = {isa = PBXBuildFile; fileRef = 0624482915527F8C005CE74D /* MUKMediaThumbnailView_audio@2x.png */; };
		0624483015527F8C005CE74D /* MUKMediaThumbnailView_video.png in Resources */ = {isa = PBXBuildFile; fileRef = 0624482A15527F8C005CE74D /* MUKMediaThumbnailView_video.png */; };
		0624483115527F8C005CE74D /* MUKMediaThumbnailView_video@2x.png in Resources */ = {isa = PBXBuildFile; fileRef = 0624482B15527F8C005CE74D /* MUKMediaThumbnailView_video@2x.png */; };
		0624483215527F8C005CE74D /* MUKMediaThumbnailView_.xib in Resources */ = {isa = PBXBuildFile; fileRef = 0624482D15527F8C005CE74D /* MUKMediaThumbnailView_.xib */; };
		063DEFB015863E22008ABADA /* LBYouTubeExtractor.m in Sources */ = {isa = PBXBuildFile; fileRef = 063DEFA715863E10008ABADA /* LBYouTubeExtractor.m */; };
		063DEFB115863E30008ABADA /* JSONKit.m in Sources */ = {isa = PBXBuildFile; fileRef = 063DEFAE15863E10008ABADA /* JSONKit.m */; settings = {COMPILER_FLAGS = "-fno-objc-arc"; }; };
		063DEFB315863E78008ABADA /* libMUKImageFetcher.a in Frameworks */ = {isa = PBXBuildFile; fileRef = 063DEFB215863E78008ABADA /* libMUKImageFetcher.a */; };
		06499740156239F100B9A254 /* MUKMediaCarouselViewController.h in Headers */ = {isa = PBXBuildFile; fileRef = 0649973E156239F100B9A254 /* MUKMediaCarouselViewController.h */; settings = {ATTRIBUTES = (Public, ); }; };
		06499741156239F100B9A254 /* MUKMediaCarouselViewController.m in Sources */ = {isa = PBXBuildFile; fileRef = 0649973F156239F100B9A254 /* MUKMediaCarouselViewController.m */; };
		065BF44E155D07E5008C91BD /* MUKMediaCarouselView.h in Headers */ = {isa = PBXBuildFile; fileRef = 065BF44C155D07E5008C91BD /* MUKMediaCarouselView.h */; settings = {ATTRIBUTES = (Public, ); }; };
		065BF44F155D07E5008C91BD /* MUKMediaCarouselView.m in Sources */ = {isa = PBXBuildFile; fileRef = 065BF44D155D07E5008C91BD /* MUKMediaCarouselView.m */; };
		0671974A1560F6F20017EAC0 /* MUKMediaCarouselPlayerCellView_.h in Headers */ = {isa = PBXBuildFile; fileRef = 067197481560F6F20017EAC0 /* MUKMediaCarouselPlayerCellView_.h */; };
		0671974B1560F6F20017EAC0 /* MUKMediaCarouselPlayerCellView_.m in Sources */ = {isa = PBXBuildFile; fileRef = 067197491560F6F20017EAC0 /* MUKMediaCarouselPlayerCellView_.m */; };
		06A26C30155E5CFE009D36F0 /* MUKMediaGalleryImageFetcher_.h in Headers */ = {isa = PBXBuildFile; fileRef = 06A26C2E155E5CFE009D36F0 /* MUKMediaGalleryImageFetcher_.h */; };
		06A26C31155E5CFE009D36F0 /* MUKMediaGalleryImageFetcher_.m in Sources */ = {isa = PBXBuildFile; fileRef = 06A26C2F155E5CFE009D36F0 /* MUKMediaGalleryImageFetcher_.m */; };
		06A26C37155E613B009D36F0 /* MUKMediaCarouselImageCellView_.h in Headers */ = {isa = PBXBuildFile; fileRef = 06A26C35155E613B009D36F0 /* MUKMediaCarouselImageCellView_.h */; };
		06A26C38155E613B009D36F0 /* MUKMediaCarouselImageCellView_.m in Sources */ = {isa = PBXBuildFile; fileRef = 06A26C36155E613B009D36F0 /* MUKMediaCarouselImageCellView_.m */; };
		06A26C3A155E6731009D36F0 /* MUKMediaCarouselView_Thumbnails.h in Headers */ = {isa = PBXBuildFile; fileRef = 06A26C39155E6731009D36F0 /* MUKMediaCarouselView_Thumbnails.h */; };
		06A26C74155E8743009D36F0 /* MUKMediaCarouselView_FullImage.h in Headers */ = {isa = PBXBuildFile; fileRef = 06A26C73155E8743009D36F0 /* MUKMediaCarouselView_FullImage.h */; };
		06A26C7C155E8ADE009D36F0 /* MUKMediaCarouselCellView_.h in Headers */ = {isa = PBXBuildFile; fileRef = 06A26C7A155E8ADE009D36F0 /* MUKMediaCarouselCellView_.h */; };
		06A26C7D155E8ADE009D36F0 /* MUKMediaCarouselCellView_.m in Sources */ = {isa = PBXBuildFile; fileRef = 06A26C7B155E8ADE009D36F0 /* MUKMediaCarouselCellView_.m */; };
		06A26C7F155E8BC6009D36F0 /* MUKMediaCarouselView_Cells.h in Headers */ = {isa = PBXBuildFile; fileRef = 06A26C7E155E8BC5009D36F0 /* MUKMediaCarouselView_Cells.h */; };
		06A82AD41557CDDD00B6D449 /* MUKMediaThumbnailsView_Selection.h in Headers */ = {isa = PBXBuildFile; fileRef = 06A82AD31557CDDD00B6D449 /* MUKMediaThumbnailsView_Selection.h */; };
		06D072A015610CBC000296C3 /* MUKMediaCarouselYouTubeCellView_.h in Headers */ = {isa = PBXBuildFile; fileRef = 06D0729E15610CBC000296C3 /* MUKMediaCarouselYouTubeCellView_.h */; };
		06D072A115610CBC000296C3 /* MUKMediaCarouselYouTubeCellView_.m in Sources */ = {isa = PBXBuildFile; fileRef = 06D0729F15610CBC000296C3 /* MUKMediaCarouselYouTubeCellView_.m */; };
		06D072D5156189A8000296C3 /* MUKMediaThumbnailsViewController.h in Headers */ = {isa = PBXBuildFile; fileRef = 06D072D3156189A8000296C3 /* MUKMediaThumbnailsViewController.h */; settings = {ATTRIBUTES = (Public, ); }; };
		06D072D6156189A8000296C3 /* MUKMediaThumbnailsViewController.m in Sources */ = {isa = PBXBuildFile; fileRef = 06D072D4156189A8000296C3 /* MUKMediaThumbnailsViewController.m */; };
		06D7B9BE15669068006F1E42 /* UIKit.framework in Frameworks */ = {isa = PBXBuildFile; fileRef = 06D7B9BD15669068006F1E42 /* UIKit.framework */; };
		06D7B9C01566906D006F1E42 /* CoreGraphics.framework in Frameworks */ = {isa = PBXBuildFile; fileRef = 06D7B9BF1566906D006F1E42 /* CoreGraphics.framework */; };
		06EEEECE156950500090EE76 /* libMUKNetworking.a in Frameworks */ = {isa = PBXBuildFile; fileRef = 06EEEECA156950500090EE76 /* libMUKNetworking.a */; };
		06EEEECF156950500090EE76 /* libMUKObjectCache.a in Frameworks */ = {isa = PBXBuildFile; fileRef = 06EEEECB156950500090EE76 /* libMUKObjectCache.a */; };
		06EEEED0156950500090EE76 /* libMUKScrolling.a in Frameworks */ = {isa = PBXBuildFile; fileRef = 06EEEECC156950500090EE76 /* libMUKScrolling.a */; };
		06EEEED1156950500090EE76 /* libMUKToolkit.a in Frameworks */ = {isa = PBXBuildFile; fileRef = 06EEEECD156950500090EE76 /* libMUKToolkit.a */; };
		06EEEED2156950A50090EE76 /* UIKit.framework in Frameworks */ = {isa = PBXBuildFile; fileRef = 06D7B9BD15669068006F1E42 /* UIKit.framework */; };
		06EEEED3156950AF0090EE76 /* CoreGraphics.framework in Frameworks */ = {isa = PBXBuildFile; fileRef = 06D7B9BF1566906D006F1E42 /* CoreGraphics.framework */; };
		06EEEED5156950B50090EE76 /* Security.framework in Frameworks */ = {isa = PBXBuildFile; fileRef = 06EEEED4156950B50090EE76 /* Security.framework */; };
		06EEEED7156950BA0090EE76 /* MediaPlayer.framework in Frameworks */ = {isa = PBXBuildFile; fileRef = 06EEEED6156950BA0090EE76 /* MediaPlayer.framework */; };
/* End PBXBuildFile section */

/* Begin PBXContainerItemProxy section */
		06D7BA36156692E0006F1E42 /* PBXContainerItemProxy */ = {
			isa = PBXContainerItemProxy;
			containerPortal = 06004947154C13BA004A3B17 /* Project object */;
			proxyType = 1;
			remoteGlobalIDString = 0600494F154C13BA004A3B17;
			remoteInfo = MUKMediaGallery;
		};
/* End PBXContainerItemProxy section */

/* Begin PBXFileReference section */
		06004950154C13BA004A3B17 /* libMUKMediaGallery.a */ = {isa = PBXFileReference; explicitFileType = archive.ar; includeInIndex = 0; path = libMUKMediaGallery.a; sourceTree = BUILT_PRODUCTS_DIR; };
		06004953154C13BA004A3B17 /* Foundation.framework */ = {isa = PBXFileReference; lastKnownFileType = wrapper.framework; name = Foundation.framework; path = System/Library/Frameworks/Foundation.framework; sourceTree = SDKROOT; };
		06004960154C13BA004A3B17 /* MUKMediaGalleryTests.octest */ = {isa = PBXFileReference; explicitFileType = wrapper.cfbundle; includeInIndex = 0; path = MUKMediaGalleryTests.octest; sourceTree = BUILT_PRODUCTS_DIR; };
		06004961154C13BA004A3B17 /* SenTestingKit.framework */ = {isa = PBXFileReference; lastKnownFileType = wrapper.framework; name = SenTestingKit.framework; path = Library/Frameworks/SenTestingKit.framework; sourceTree = DEVELOPER_DIR; };
		060049DD154C1667004A3B17 /* MUKMediaGallery-Prefix.pch */ = {isa = PBXFileReference; fileEncoding = 4; lastKnownFileType = sourcecode.c.h; name = "MUKMediaGallery-Prefix.pch"; path = "MUKMediaGallery/MUKMediaGallery-Prefix.pch"; sourceTree = "<group>"; };
		060049DE154C1667004A3B17 /* MUKMediaGallery.h */ = {isa = PBXFileReference; fileEncoding = 4; lastKnownFileType = sourcecode.c.h; name = MUKMediaGallery.h; path = MUKMediaGallery/MUKMediaGallery.h; sourceTree = "<group>"; };
		060049E1154C167C004A3B17 /* LICENSE */ = {isa = PBXFileReference; lastKnownFileType = text; path = LICENSE; sourceTree = "<group>"; };
		060049E3154C168F004A3B17 /* MUKMediaGalleryTests-Info.plist */ = {isa = PBXFileReference; fileEncoding = 4; lastKnownFileType = text.plist.xml; path = "MUKMediaGalleryTests-Info.plist"; sourceTree = "<group>"; };
		060049E4154C168F004A3B17 /* MUKMediaGalleryTests.h */ = {isa = PBXFileReference; fileEncoding = 4; lastKnownFileType = sourcecode.c.h; path = MUKMediaGalleryTests.h; sourceTree = "<group>"; };
		060049E5154C168F004A3B17 /* MUKMediaGalleryTests.m */ = {isa = PBXFileReference; fileEncoding = 4; lastKnownFileType = sourcecode.c.objc; path = MUKMediaGalleryTests.m; sourceTree = "<group>"; };
		060049EF154C1781004A3B17 /* MUKMediaAssetProtocol.h */ = {isa = PBXFileReference; fileEncoding = 4; lastKnownFileType = sourcecode.c.h; path = MUKMediaAssetProtocol.h; sourceTree = "<group>"; };
		060049F9154C18FC004A3B17 /* MUKMediaGallery.bundle */ = {isa = PBXFileReference; explicitFileType = wrapper.cfbundle; includeInIndex = 0; path = MUKMediaGallery.bundle; sourceTree = BUILT_PRODUCTS_DIR; };
		060049FA154C18FC004A3B17 /* CoreFoundation.framework */ = {isa = PBXFileReference; lastKnownFileType = wrapper.framework; name = CoreFoundation.framework; path = System/Library/Frameworks/CoreFoundation.framework; sourceTree = SDKROOT; };
		060049FE154C18FC004A3B17 /* MUKMediaGalleryResources-Info.plist */ = {isa = PBXFileReference; lastKnownFileType = text.plist.xml; path = "MUKMediaGalleryResources-Info.plist"; sourceTree = "<group>"; };
		06004A02154C18FC004A3B17 /* MUKMediaGalleryResources-Prefix.pch */ = {isa = PBXFileReference; lastKnownFileType = sourcecode.c.h; path = "MUKMediaGalleryResources-Prefix.pch"; sourceTree = "<group>"; };
		06004A08154C1CEB004A3B17 /* MUKMediaThumbnailsView.h */ = {isa = PBXFileReference; fileEncoding = 4; lastKnownFileType = sourcecode.c.h; path = MUKMediaThumbnailsView.h; sourceTree = "<group>"; };
		06004A09154C1CEB004A3B17 /* MUKMediaThumbnailsView.m */ = {isa = PBXFileReference; fileEncoding = 4; lastKnownFileType = sourcecode.c.objc; path = MUKMediaThumbnailsView.m; sourceTree = "<group>"; };
		06004A34154C24AD004A3B17 /* MUKMediaThumbnailsCountView_.h */ = {isa = PBXFileReference; fileEncoding = 4; lastKnownFileType = sourcecode.c.h; path = MUKMediaThumbnailsCountView_.h; sourceTree = "<group>"; };
		06004A35154C24AD004A3B17 /* MUKMediaThumbnailsCountView_.m */ = {isa = PBXFileReference; fileEncoding = 4; lastKnownFileType = sourcecode.c.objc; path = MUKMediaThumbnailsCountView_.m; sourceTree = "<group>"; };
		06004A38154C26CC004A3B17 /* MUKMediaThumbnailsView_MediaAssetsCountView.h */ = {isa = PBXFileReference; fileEncoding = 4; lastKnownFileType = sourcecode.c.h; path = MUKMediaThumbnailsView_MediaAssetsCountView.h; sourceTree = "<group>"; };
		06004A3C154C2972004A3B17 /* MUKMediaGalleryUtils_.h */ = {isa = PBXFileReference; fileEncoding = 4; lastKnownFileType = sourcecode.c.h; path = MUKMediaGalleryUtils_.h; sourceTree = "<group>"; };
		06004A3D154C2972004A3B17 /* MUKMediaGalleryUtils_.m */ = {isa = PBXFileReference; fileEncoding = 4; lastKnownFileType = sourcecode.c.objc; path = MUKMediaGalleryUtils_.m; sourceTree = "<group>"; };
		06004A43154C2AB7004A3B17 /* en */ = {isa = PBXFileReference; fileEncoding = 10; lastKnownFileType = text.plist.strings; name = en; path = en.lproj/Localizable.strings; sourceTree = "<group>"; };
		06004A46154C3420004A3B17 /* MUKMediaImageAssetProtocol.h */ = {isa = PBXFileReference; fileEncoding = 4; lastKnownFileType = sourcecode.c.h; path = MUKMediaImageAssetProtocol.h; sourceTree = "<group>"; };
		06004A48154C3446004A3B17 /* MUKMediaVideoAssetProtocol.h */ = {isa = PBXFileReference; fileEncoding = 4; lastKnownFileType = sourcecode.c.h; path = MUKMediaVideoAssetProtocol.h; sourceTree = "<group>"; };
		06004A4A154C345F004A3B17 /* MUKMediaAudioAssetProtocol.h */ = {isa = PBXFileReference; fileEncoding = 4; lastKnownFileType = sourcecode.c.h; path = MUKMediaAudioAssetProtocol.h; sourceTree = "<group>"; };
		06004A4C154C36BF004A3B17 /* MUKMediaThumbnailsView_Layout.h */ = {isa = PBXFileReference; fileEncoding = 4; lastKnownFileType = sourcecode.c.h; path = MUKMediaThumbnailsView_Layout.h; sourceTree = "<group>"; };
		06004A4F154C3B56004A3B17 /* MUKMediaThumbnailView_.h */ = {isa = PBXFileReference; fileEncoding = 4; lastKnownFileType = sourcecode.c.h; path = MUKMediaThumbnailView_.h; sourceTree = "<group>"; };
		06004A50154C3B56004A3B17 /* MUKMediaThumbnailView_.m */ = {isa = PBXFileReference; fileEncoding = 4; lastKnownFileType = sourcecode.c.objc; path = MUKMediaThumbnailView_.m; sourceTree = "<group>"; };
		06004A55154C40A0004A3B17 /* MUKMediaThumbnailsView_Cells.h */ = {isa = PBXFileReference; fileEncoding = 4; lastKnownFileType = sourcecode.c.h; path = MUKMediaThumbnailsView_Cells.h; sourceTree = "<group>"; };
		060B1AB81551428200454D72 /* MUKMediaThumbnailsView_Thumbnails.h */ = {isa = PBXFileReference; fileEncoding = 4; lastKnownFileType = sourcecode.c.h; path = MUKMediaThumbnailsView_Thumbnails.h; sourceTree = "<group>"; };
		060B1B3A1551611900454D72 /* MUKMediaImageAsset.h */ = {isa = PBXFileReference; fileEncoding = 4; lastKnownFileType = sourcecode.c.h; path = MUKMediaImageAsset.h; sourceTree = "<group>"; };
		060B1B3B1551611900454D72 /* MUKMediaImageAsset.m */ = {isa = PBXFileReference; fileEncoding = 4; lastKnownFileType = sourcecode.c.objc; path = MUKMediaImageAsset.m; sourceTree = "<group>"; };
		060B1B3F155161F700454D72 /* MUKMediaAsset.h */ = {isa = PBXFileReference; fileEncoding = 4; lastKnownFileType = sourcecode.c.h; path = MUKMediaAsset.h; sourceTree = "<group>"; };
		060B1B40155161F700454D72 /* MUKMediaAsset.m */ = {isa = PBXFileReference; fileEncoding = 4; lastKnownFileType = sourcecode.c.objc; path = MUKMediaAsset.m; sourceTree = "<group>"; };
		060B1B451551813D00454D72 /* MUKMediaAudioAsset.h */ = {isa = PBXFileReference; fileEncoding = 4; lastKnownFileType = sourcecode.c.h; path = MUKMediaAudioAsset.h; sourceTree = "<group>"; };
		060B1B461551813D00454D72 /* MUKMediaAudioAsset.m */ = {isa = PBXFileReference; fileEncoding = 4; lastKnownFileType = sourcecode.c.objc; path = MUKMediaAudioAsset.m; sourceTree = "<group>"; };
		060B1B4A155181D200454D72 /* MUKMediaVideoAsset.h */ = {isa = PBXFileReference; fileEncoding = 4; lastKnownFileType = sourcecode.c.h; path = MUKMediaVideoAsset.h; sourceTree = "<group>"; };
		060B1B4B155181D200454D72 /* MUKMediaVideoAsset.m */ = {isa = PBXFileReference; fileEncoding = 4; lastKnownFileType = sourcecode.c.objc; path = MUKMediaVideoAsset.m; sourceTree = "<group>"; };
		0624482815527F8C005CE74D /* MUKMediaThumbnailView_audio.png */ = {isa = PBXFileReference; lastKnownFileType = image.png; path = MUKMediaThumbnailView_audio.png; sourceTree = "<group>"; };
		0624482915527F8C005CE74D /* MUKMediaThumbnailView_audio@2x.png */ = {isa = PBXFileReference; lastKnownFileType = image.png; path = "MUKMediaThumbnailView_audio@2x.png"; sourceTree = "<group>"; };
		0624482A15527F8C005CE74D /* MUKMediaThumbnailView_video.png */ = {isa = PBXFileReference; lastKnownFileType = image.png; path = MUKMediaThumbnailView_video.png; sourceTree = "<group>"; };
		0624482B15527F8C005CE74D /* MUKMediaThumbnailView_video@2x.png */ = {isa = PBXFileReference; lastKnownFileType = image.png; path = "MUKMediaThumbnailView_video@2x.png"; sourceTree = "<group>"; };
		0624482D15527F8C005CE74D /* MUKMediaThumbnailView_.xib */ = {isa = PBXFileReference; fileEncoding = 4; lastKnownFileType = file.xib; path = MUKMediaThumbnailView_.xib; sourceTree = "<group>"; };
		063DEFA615863E10008ABADA /* LBYouTubeExtractor.h */ = {isa = PBXFileReference; lastKnownFileType = sourcecode.c.h; path = LBYouTubeExtractor.h; sourceTree = "<group>"; };
		063DEFA715863E10008ABADA /* LBYouTubeExtractor.m */ = {isa = PBXFileReference; lastKnownFileType = sourcecode.c.objc; path = LBYouTubeExtractor.m; sourceTree = "<group>"; };
		063DEFAD15863E10008ABADA /* JSONKit.h */ = {isa = PBXFileReference; lastKnownFileType = sourcecode.c.h; path = JSONKit.h; sourceTree = "<group>"; };
		063DEFAE15863E10008ABADA /* JSONKit.m */ = {isa = PBXFileReference; lastKnownFileType = sourcecode.c.objc; path = JSONKit.m; sourceTree = "<group>"; };
		063DEFB215863E78008ABADA /* libMUKImageFetcher.a */ = {isa = PBXFileReference; lastKnownFileType = archive.ar; name = libMUKImageFetcher.a; path = "Submodules/MUKImageFetcher/build/Release-iphoneos/libMUKImageFetcher.a"; sourceTree = "<group>"; };
		0649973E156239F100B9A254 /* MUKMediaCarouselViewController.h */ = {isa = PBXFileReference; fileEncoding = 4; lastKnownFileType = sourcecode.c.h; path = MUKMediaCarouselViewController.h; sourceTree = "<group>"; };
		0649973F156239F100B9A254 /* MUKMediaCarouselViewController.m */ = {isa = PBXFileReference; fileEncoding = 4; lastKnownFileType = sourcecode.c.objc; path = MUKMediaCarouselViewController.m; sourceTree = "<group>"; };
		065BF44C155D07E5008C91BD /* MUKMediaCarouselView.h */ = {isa = PBXFileReference; fileEncoding = 4; lastKnownFileType = sourcecode.c.h; path = MUKMediaCarouselView.h; sourceTree = "<group>"; };
		065BF44D155D07E5008C91BD /* MUKMediaCarouselView.m */ = {isa = PBXFileReference; fileEncoding = 4; lastKnownFileType = sourcecode.c.objc; path = MUKMediaCarouselView.m; sourceTree = "<group>"; };
		067197481560F6F20017EAC0 /* MUKMediaCarouselPlayerCellView_.h */ = {isa = PBXFileReference; fileEncoding = 4; lastKnownFileType = sourcecode.c.h; path = MUKMediaCarouselPlayerCellView_.h; sourceTree = "<group>"; };
		067197491560F6F20017EAC0 /* MUKMediaCarouselPlayerCellView_.m */ = {isa = PBXFileReference; fileEncoding = 4; lastKnownFileType = sourcecode.c.objc; path = MUKMediaCarouselPlayerCellView_.m; sourceTree = "<group>"; };
		0675639215D3A8AE00D72C58 /* LBYouTubeVideoQuality.h */ = {isa = PBXFileReference; fileEncoding = 4; lastKnownFileType = sourcecode.c.h; name = LBYouTubeVideoQuality.h; path = Submodules/LBYouTubeView/LBYouTubeVideoQuality.h; sourceTree = SOURCE_ROOT; };
		06A26C2E155E5CFE009D36F0 /* MUKMediaGalleryImageFetcher_.h */ = {isa = PBXFileReference; fileEncoding = 4; lastKnownFileType = sourcecode.c.h; path = MUKMediaGalleryImageFetcher_.h; sourceTree = "<group>"; };
		06A26C2F155E5CFE009D36F0 /* MUKMediaGalleryImageFetcher_.m */ = {isa = PBXFileReference; fileEncoding = 4; lastKnownFileType = sourcecode.c.objc; path = MUKMediaGalleryImageFetcher_.m; sourceTree = "<group>"; };
		06A26C35155E613B009D36F0 /* MUKMediaCarouselImageCellView_.h */ = {isa = PBXFileReference; fileEncoding = 4; lastKnownFileType = sourcecode.c.h; path = MUKMediaCarouselImageCellView_.h; sourceTree = "<group>"; };
		06A26C36155E613B009D36F0 /* MUKMediaCarouselImageCellView_.m */ = {isa = PBXFileReference; fileEncoding = 4; lastKnownFileType = sourcecode.c.objc; path = MUKMediaCarouselImageCellView_.m; sourceTree = "<group>"; };
		06A26C39155E6731009D36F0 /* MUKMediaCarouselView_Thumbnails.h */ = {isa = PBXFileReference; fileEncoding = 4; lastKnownFileType = sourcecode.c.h; path = MUKMediaCarouselView_Thumbnails.h; sourceTree = "<group>"; };
		06A26C73155E8743009D36F0 /* MUKMediaCarouselView_FullImage.h */ = {isa = PBXFileReference; fileEncoding = 4; lastKnownFileType = sourcecode.c.h; path = MUKMediaCarouselView_FullImage.h; sourceTree = "<group>"; };
		06A26C7A155E8ADE009D36F0 /* MUKMediaCarouselCellView_.h */ = {isa = PBXFileReference; fileEncoding = 4; lastKnownFileType = sourcecode.c.h; path = MUKMediaCarouselCellView_.h; sourceTree = "<group>"; };
		06A26C7B155E8ADE009D36F0 /* MUKMediaCarouselCellView_.m */ = {isa = PBXFileReference; fileEncoding = 4; lastKnownFileType = sourcecode.c.objc; path = MUKMediaCarouselCellView_.m; sourceTree = "<group>"; };
		06A26C7E155E8BC5009D36F0 /* MUKMediaCarouselView_Cells.h */ = {isa = PBXFileReference; fileEncoding = 4; lastKnownFileType = sourcecode.c.h; path = MUKMediaCarouselView_Cells.h; sourceTree = "<group>"; };
		06A82AD31557CDDD00B6D449 /* MUKMediaThumbnailsView_Selection.h */ = {isa = PBXFileReference; fileEncoding = 4; lastKnownFileType = sourcecode.c.h; path = MUKMediaThumbnailsView_Selection.h; sourceTree = "<group>"; };
		06D0729E15610CBC000296C3 /* MUKMediaCarouselYouTubeCellView_.h */ = {isa = PBXFileReference; fileEncoding = 4; lastKnownFileType = sourcecode.c.h; path = MUKMediaCarouselYouTubeCellView_.h; sourceTree = "<group>"; };
		06D0729F15610CBC000296C3 /* MUKMediaCarouselYouTubeCellView_.m */ = {isa = PBXFileReference; fileEncoding = 4; lastKnownFileType = sourcecode.c.objc; path = MUKMediaCarouselYouTubeCellView_.m; sourceTree = "<group>"; };
		06D072D3156189A8000296C3 /* MUKMediaThumbnailsViewController.h */ = {isa = PBXFileReference; fileEncoding = 4; lastKnownFileType = sourcecode.c.h; path = MUKMediaThumbnailsViewController.h; sourceTree = "<group>"; };
		06D072D4156189A8000296C3 /* MUKMediaThumbnailsViewController.m */ = {isa = PBXFileReference; fileEncoding = 4; lastKnownFileType = sourcecode.c.objc; path = MUKMediaThumbnailsViewController.m; sourceTree = "<group>"; };
		06D7B9BD15669068006F1E42 /* UIKit.framework */ = {isa = PBXFileReference; lastKnownFileType = wrapper.framework; name = UIKit.framework; path = System/Library/Frameworks/UIKit.framework; sourceTree = SDKROOT; };
		06D7B9BF1566906D006F1E42 /* CoreGraphics.framework */ = {isa = PBXFileReference; lastKnownFileType = wrapper.framework; name = CoreGraphics.framework; path = System/Library/Frameworks/CoreGraphics.framework; sourceTree = SDKROOT; };
		06EEEECA156950500090EE76 /* libMUKNetworking.a */ = {isa = PBXFileReference; lastKnownFileType = archive.ar; name = libMUKNetworking.a; path = "Submodules/MUKNetworking/build/Release-iphoneos/libMUKNetworking.a"; sourceTree = "<group>"; };
		06EEEECB156950500090EE76 /* libMUKObjectCache.a */ = {isa = PBXFileReference; lastKnownFileType = archive.ar; name = libMUKObjectCache.a; path = "Submodules/MUKObjectCache/build/Release-iphoneos/libMUKObjectCache.a"; sourceTree = "<group>"; };
		06EEEECC156950500090EE76 /* libMUKScrolling.a */ = {isa = PBXFileReference; lastKnownFileType = archive.ar; name = libMUKScrolling.a; path = "Submodules/MUKScrolling/build/Release-iphoneos/libMUKScrolling.a"; sourceTree = "<group>"; };
		06EEEECD156950500090EE76 /* libMUKToolkit.a */ = {isa = PBXFileReference; lastKnownFileType = archive.ar; name = libMUKToolkit.a; path = "Submodules/MUKToolkit/build/Release-iphoneos/libMUKToolkit.a"; sourceTree = "<group>"; };
		06EEEED4156950B50090EE76 /* Security.framework */ = {isa = PBXFileReference; lastKnownFileType = wrapper.framework; name = Security.framework; path = System/Library/Frameworks/Security.framework; sourceTree = SDKROOT; };
		06EEEED6156950BA0090EE76 /* MediaPlayer.framework */ = {isa = PBXFileReference; lastKnownFileType = wrapper.framework; name = MediaPlayer.framework; path = System/Library/Frameworks/MediaPlayer.framework; sourceTree = SDKROOT; };
		06F20D3615A038DF008E1A90 /* it */ = {isa = PBXFileReference; lastKnownFileType = text.plist.strings; name = it; path = it.lproj/Localizable.strings; sourceTree = "<group>"; };
/* End PBXFileReference section */

/* Begin PBXFrameworksBuildPhase section */
		0600494D154C13BA004A3B17 /* Frameworks */ = {
			isa = PBXFrameworksBuildPhase;
			buildActionMask = 2147483647;
			files = (
				06D7B9C01566906D006F1E42 /* CoreGraphics.framework in Frameworks */,
				06D7B9BE15669068006F1E42 /* UIKit.framework in Frameworks */,
				06004954154C13BA004A3B17 /* Foundation.framework in Frameworks */,
			);
			runOnlyForDeploymentPostprocessing = 0;
		};
		0600495C154C13BA004A3B17 /* Frameworks */ = {
			isa = PBXFrameworksBuildPhase;
			buildActionMask = 2147483647;
			files = (
				063DEFB315863E78008ABADA /* libMUKImageFetcher.a in Frameworks */,
				06EEEED7156950BA0090EE76 /* MediaPlayer.framework in Frameworks */,
				06EEEED5156950B50090EE76 /* Security.framework in Frameworks */,
				06EEEED3156950AF0090EE76 /* CoreGraphics.framework in Frameworks */,
				06EEEED2156950A50090EE76 /* UIKit.framework in Frameworks */,
				06004968154C13BA004A3B17 /* libMUKMediaGallery.a in Frameworks */,
				06EEEECE156950500090EE76 /* libMUKNetworking.a in Frameworks */,
				06EEEECF156950500090EE76 /* libMUKObjectCache.a in Frameworks */,
				06EEEED0156950500090EE76 /* libMUKScrolling.a in Frameworks */,
				06EEEED1156950500090EE76 /* libMUKToolkit.a in Frameworks */,
				06004962154C13BA004A3B17 /* SenTestingKit.framework in Frameworks */,
				06004965154C13BA004A3B17 /* Foundation.framework in Frameworks */,
			);
			runOnlyForDeploymentPostprocessing = 0;
		};
		060049F6154C18FC004A3B17 /* Frameworks */ = {
			isa = PBXFrameworksBuildPhase;
			buildActionMask = 2147483647;
			files = (
				060049FB154C18FC004A3B17 /* CoreFoundation.framework in Frameworks */,
			);
			runOnlyForDeploymentPostprocessing = 0;
		};
/* End PBXFrameworksBuildPhase section */

/* Begin PBXGroup section */
		06004945154C13BA004A3B17 = {
			isa = PBXGroup;
			children = (
				060049E1154C167C004A3B17 /* LICENSE */,
				060049DD154C1667004A3B17 /* MUKMediaGallery-Prefix.pch */,
				060049DE154C1667004A3B17 /* MUKMediaGallery.h */,
				060049DC154C1667004A3B17 /* Classes */,
				060049E2154C168F004A3B17 /* Unit Tests */,
				060049FC154C18FC004A3B17 /* MUKMediaGalleryResources */,
				06004952154C13BA004A3B17 /* Frameworks */,
				06004951154C13BA004A3B17 /* Products */,
			);
			sourceTree = "<group>";
		};
		06004951154C13BA004A3B17 /* Products */ = {
			isa = PBXGroup;
			children = (
				06004950154C13BA004A3B17 /* libMUKMediaGallery.a */,
				06004960154C13BA004A3B17 /* MUKMediaGalleryTests.octest */,
				060049F9154C18FC004A3B17 /* MUKMediaGallery.bundle */,
			);
			name = Products;
			sourceTree = "<group>";
		};
		06004952154C13BA004A3B17 /* Frameworks */ = {
			isa = PBXGroup;
			children = (
				063DEFB215863E78008ABADA /* libMUKImageFetcher.a */,
				06EEEED6156950BA0090EE76 /* MediaPlayer.framework */,
				06EEEED4156950B50090EE76 /* Security.framework */,
				06EEEECA156950500090EE76 /* libMUKNetworking.a */,
				06EEEECB156950500090EE76 /* libMUKObjectCache.a */,
				06EEEECC156950500090EE76 /* libMUKScrolling.a */,
				06EEEECD156950500090EE76 /* libMUKToolkit.a */,
				06D7B9BF1566906D006F1E42 /* CoreGraphics.framework */,
				06D7B9BD15669068006F1E42 /* UIKit.framework */,
				06004953154C13BA004A3B17 /* Foundation.framework */,
				06004961154C13BA004A3B17 /* SenTestingKit.framework */,
				060049FA154C18FC004A3B17 /* CoreFoundation.framework */,
			);
			name = Frameworks;
			sourceTree = "<group>";
		};
		060049DC154C1667004A3B17 /* Classes */ = {
			isa = PBXGroup;
			children = (
				063DEFA415863DF1008ABADA /* Dependencies */,
				06004A3A154C2958004A3B17 /* Private */,
				066F8454154E940600704724 /* Models */,
				06D072D01561898D000296C3 /* Controllers */,
				06004A06154C1CCF004A3B17 /* Views */,
				060049ED154C176E004A3B17 /* Protocols */,
			);
			name = Classes;
			path = MUKMediaGallery/Classes;
			sourceTree = "<group>";
		};
		060049E2154C168F004A3B17 /* Unit Tests */ = {
			isa = PBXGroup;
			children = (
				060049E3154C168F004A3B17 /* MUKMediaGalleryTests-Info.plist */,
				060049E4154C168F004A3B17 /* MUKMediaGalleryTests.h */,
				060049E5154C168F004A3B17 /* MUKMediaGalleryTests.m */,
			);
			name = "Unit Tests";
			path = "MUKMediaGallery/Unit Tests";
			sourceTree = "<group>";
		};
		060049ED154C176E004A3B17 /* Protocols */ = {
			isa = PBXGroup;
			children = (
				060049EE154C176E004A3B17 /* Media Asset */,
			);
			path = Protocols;
			sourceTree = "<group>";
		};
		060049EE154C176E004A3B17 /* Media Asset */ = {
			isa = PBXGroup;
			children = (
				060049EF154C1781004A3B17 /* MUKMediaAssetProtocol.h */,
				06004A46154C3420004A3B17 /* MUKMediaImageAssetProtocol.h */,
				06004A48154C3446004A3B17 /* MUKMediaVideoAssetProtocol.h */,
				06004A4A154C345F004A3B17 /* MUKMediaAudioAssetProtocol.h */,
			);
			path = "Media Asset";
			sourceTree = "<group>";
		};
		060049FC154C18FC004A3B17 /* MUKMediaGalleryResources */ = {
			isa = PBXGroup;
			children = (
				0624482715527F8C005CE74D /* Images */,
				0624482C15527F8C005CE74D /* XIBs */,
				060049FD154C18FC004A3B17 /* Supporting Files */,
				06004A44154C2AB7004A3B17 /* Localizable.strings */,
			);
			path = MUKMediaGalleryResources;
			sourceTree = "<group>";
		};
		060049FD154C18FC004A3B17 /* Supporting Files */ = {
			isa = PBXGroup;
			children = (
				060049FE154C18FC004A3B17 /* MUKMediaGalleryResources-Info.plist */,
				06004A02154C18FC004A3B17 /* MUKMediaGalleryResources-Prefix.pch */,
			);
			name = "Supporting Files";
			sourceTree = "<group>";
		};
		06004A06154C1CCF004A3B17 /* Views */ = {
			isa = PBXGroup;
			children = (
				065BF444155D07AE008C91BD /* Carousel */,
				06004A07154C1CCF004A3B17 /* Thumbnails */,
			);
			path = Views;
			sourceTree = "<group>";
		};
		06004A07154C1CCF004A3B17 /* Thumbnails */ = {
			isa = PBXGroup;
			children = (
				06004A31154C2487004A3B17 /* Private */,
				06004A08154C1CEB004A3B17 /* MUKMediaThumbnailsView.h */,
				06004A09154C1CEB004A3B17 /* MUKMediaThumbnailsView.m */,
			);
			path = Thumbnails;
			sourceTree = "<group>";
		};
		06004A31154C2487004A3B17 /* Private */ = {
			isa = PBXGroup;
			children = (
				06004A33154C24A1004A3B17 /* Count View */,
				06004A4E154C3B2B004A3B17 /* Thumbnail View */,
				06004A38154C26CC004A3B17 /* MUKMediaThumbnailsView_MediaAssetsCountView.h */,
				06004A4C154C36BF004A3B17 /* MUKMediaThumbnailsView_Layout.h */,
				06004A55154C40A0004A3B17 /* MUKMediaThumbnailsView_Cells.h */,
				060B1AB81551428200454D72 /* MUKMediaThumbnailsView_Thumbnails.h */,
				06A82AD31557CDDD00B6D449 /* MUKMediaThumbnailsView_Selection.h */,
			);
			path = Private;
			sourceTree = "<group>";
		};
		06004A33154C24A1004A3B17 /* Count View */ = {
			isa = PBXGroup;
			children = (
				06004A34154C24AD004A3B17 /* MUKMediaThumbnailsCountView_.h */,
				06004A35154C24AD004A3B17 /* MUKMediaThumbnailsCountView_.m */,
			);
			path = "Count View";
			sourceTree = "<group>";
		};
		06004A3A154C2958004A3B17 /* Private */ = {
			isa = PBXGroup;
			children = (
				06A26C26155E5CBC009D36F0 /* Image Fetcher */,
				06004A3B154C2958004A3B17 /* Utils */,
			);
			path = Private;
			sourceTree = "<group>";
		};
		06004A3B154C2958004A3B17 /* Utils */ = {
			isa = PBXGroup;
			children = (
				06004A3C154C2972004A3B17 /* MUKMediaGalleryUtils_.h */,
				06004A3D154C2972004A3B17 /* MUKMediaGalleryUtils_.m */,
			);
			path = Utils;
			sourceTree = "<group>";
		};
		06004A4E154C3B2B004A3B17 /* Thumbnail View */ = {
			isa = PBXGroup;
			children = (
				06004A4F154C3B56004A3B17 /* MUKMediaThumbnailView_.h */,
				06004A50154C3B56004A3B17 /* MUKMediaThumbnailView_.m */,
			);
			path = "Thumbnail View";
			sourceTree = "<group>";
		};
		060B1B381551610E00454D72 /* Media Assets */ = {
			isa = PBXGroup;
			children = (
				060B1B3E155161E600454D72 /* Base */,
				060B1B441551812A00454D72 /* Audio */,
				060B1B391551610E00454D72 /* Image */,
				060B1B49155181B300454D72 /* Video */,
			);
			path = "Media Assets";
			sourceTree = "<group>";
		};
		060B1B391551610E00454D72 /* Image */ = {
			isa = PBXGroup;
			children = (
				060B1B3A1551611900454D72 /* MUKMediaImageAsset.h */,
				060B1B3B1551611900454D72 /* MUKMediaImageAsset.m */,
			);
			path = Image;
			sourceTree = "<group>";
		};
		060B1B3E155161E600454D72 /* Base */ = {
			isa = PBXGroup;
			children = (
				060B1B3F155161F700454D72 /* MUKMediaAsset.h */,
				060B1B40155161F700454D72 /* MUKMediaAsset.m */,
			);
			path = Base;
			sourceTree = "<group>";
		};
		060B1B441551812A00454D72 /* Audio */ = {
			isa = PBXGroup;
			children = (
				060B1B451551813D00454D72 /* MUKMediaAudioAsset.h */,
				060B1B461551813D00454D72 /* MUKMediaAudioAsset.m */,
			);
			path = Audio;
			sourceTree = "<group>";
		};
		060B1B49155181B300454D72 /* Video */ = {
			isa = PBXGroup;
			children = (
				060B1B4A155181D200454D72 /* MUKMediaVideoAsset.h */,
				060B1B4B155181D200454D72 /* MUKMediaVideoAsset.m */,
			);
			path = Video;
			sourceTree = "<group>";
		};
		0624482715527F8C005CE74D /* Images */ = {
			isa = PBXGroup;
			children = (
				0624482815527F8C005CE74D /* MUKMediaThumbnailView_audio.png */,
				0624482915527F8C005CE74D /* MUKMediaThumbnailView_audio@2x.png */,
				0624482A15527F8C005CE74D /* MUKMediaThumbnailView_video.png */,
				0624482B15527F8C005CE74D /* MUKMediaThumbnailView_video@2x.png */,
			);
			path = Images;
			sourceTree = "<group>";
		};
		0624482C15527F8C005CE74D /* XIBs */ = {
			isa = PBXGroup;
			children = (
				0624482D15527F8C005CE74D /* MUKMediaThumbnailView_.xib */,
			);
			path = XIBs;
			sourceTree = "<group>";
		};
		063DEFA415863DF1008ABADA /* Dependencies */ = {
			isa = PBXGroup;
			children = (
				063DEFA515863E10008ABADA /* LBYouTubeExtractor */,
				063DEFAB15863E10008ABADA /* JSONKit */,
			);
			name = Dependencies;
			sourceTree = "<group>";
		};
		063DEFA515863E10008ABADA /* LBYouTubeExtractor */ = {
			isa = PBXGroup;
			children = (
				0675639215D3A8AE00D72C58 /* LBYouTubeVideoQuality.h */,
				063DEFA615863E10008ABADA /* LBYouTubeExtractor.h */,
				063DEFA715863E10008ABADA /* LBYouTubeExtractor.m */,
			);
			name = LBYouTubeExtractor;
			path = Submodules/LBYouTubeView/LBYouTubeExtractor;
			sourceTree = SOURCE_ROOT;
		};
		063DEFAB15863E10008ABADA /* JSONKit */ = {
			isa = PBXGroup;
			children = (
				063DEFAD15863E10008ABADA /* JSONKit.h */,
				063DEFAE15863E10008ABADA /* JSONKit.m */,
			);
			name = JSONKit;
			path = Submodules/LBYouTubeView/Submodules/JSONKit;
			sourceTree = SOURCE_ROOT;
		};
		065BF444155D07AE008C91BD /* Carousel */ = {
			isa = PBXGroup;
			children = (
				06A26C32155E60F9009D36F0 /* Private */,
				065BF44C155D07E5008C91BD /* MUKMediaCarouselView.h */,
				065BF44D155D07E5008C91BD /* MUKMediaCarouselView.m */,
			);
			path = Carousel;
			sourceTree = "<group>";
		};
		066F8454154E940600704724 /* Models */ = {
			isa = PBXGroup;
			children = (
				060B1B381551610E00454D72 /* Media Assets */,
			);
			path = Models;
			sourceTree = "<group>";
		};
		067197401560F6CE0017EAC0 /* Media Player */ = {
			isa = PBXGroup;
			children = (
				067197481560F6F20017EAC0 /* MUKMediaCarouselPlayerCellView_.h */,
				067197491560F6F20017EAC0 /* MUKMediaCarouselPlayerCellView_.m */,
			);
			path = "Media Player";
			sourceTree = "<group>";
		};
		06A26C26155E5CBC009D36F0 /* Image Fetcher */ = {
			isa = PBXGroup;
			children = (
				06A26C2E155E5CFE009D36F0 /* MUKMediaGalleryImageFetcher_.h */,
				06A26C2F155E5CFE009D36F0 /* MUKMediaGalleryImageFetcher_.m */,
			);
			path = "Image Fetcher";
			sourceTree = "<group>";
		};
		06A26C32155E60F9009D36F0 /* Private */ = {
			isa = PBXGroup;
			children = (
				06A26C33155E60F9009D36F0 /* Cells */,
				06A26C39155E6731009D36F0 /* MUKMediaCarouselView_Thumbnails.h */,
				06A26C73155E8743009D36F0 /* MUKMediaCarouselView_FullImage.h */,
				06A26C7E155E8BC5009D36F0 /* MUKMediaCarouselView_Cells.h */,
			);
			path = Private;
			sourceTree = "<group>";
		};
		06A26C33155E60F9009D36F0 /* Cells */ = {
			isa = PBXGroup;
			children = (
				06A26C75155E8A4E009D36F0 /* Base */,
				06A26C34155E60F9009D36F0 /* Image */,
				067197401560F6CE0017EAC0 /* Media Player */,
				06D0729D15610CA7000296C3 /* YouTube */,
			);
			path = Cells;
			sourceTree = "<group>";
		};
		06A26C34155E60F9009D36F0 /* Image */ = {
			isa = PBXGroup;
			children = (
				06A26C35155E613B009D36F0 /* MUKMediaCarouselImageCellView_.h */,
				06A26C36155E613B009D36F0 /* MUKMediaCarouselImageCellView_.m */,
			);
			path = Image;
			sourceTree = "<group>";
		};
		06A26C75155E8A4E009D36F0 /* Base */ = {
			isa = PBXGroup;
			children = (
				06A26C7A155E8ADE009D36F0 /* MUKMediaCarouselCellView_.h */,
				06A26C7B155E8ADE009D36F0 /* MUKMediaCarouselCellView_.m */,
			);
			path = Base;
			sourceTree = "<group>";
		};
		06D0729D15610CA7000296C3 /* YouTube */ = {
			isa = PBXGroup;
			children = (
				06D0729E15610CBC000296C3 /* MUKMediaCarouselYouTubeCellView_.h */,
				06D0729F15610CBC000296C3 /* MUKMediaCarouselYouTubeCellView_.m */,
			);
			path = YouTube;
			sourceTree = "<group>";
		};
		06D072D01561898D000296C3 /* Controllers */ = {
			isa = PBXGroup;
			children = (
				06D072D11561898D000296C3 /* Carousel */,
				06D072D21561898D000296C3 /* Thumbnails */,
			);
			path = Controllers;
			sourceTree = "<group>";
		};
		06D072D11561898D000296C3 /* Carousel */ = {
			isa = PBXGroup;
			children = (
				0649973E156239F100B9A254 /* MUKMediaCarouselViewController.h */,
				0649973F156239F100B9A254 /* MUKMediaCarouselViewController.m */,
			);
			path = Carousel;
			sourceTree = "<group>";
		};
		06D072D21561898D000296C3 /* Thumbnails */ = {
			isa = PBXGroup;
			children = (
				06D072D3156189A8000296C3 /* MUKMediaThumbnailsViewController.h */,
				06D072D4156189A8000296C3 /* MUKMediaThumbnailsViewController.m */,
			);
			path = Thumbnails;
			sourceTree = "<group>";
		};
/* End PBXGroup section */

/* Begin PBXHeadersBuildPhase section */
		0600494E154C13BA004A3B17 /* Headers */ = {
			isa = PBXHeadersBuildPhase;
			buildActionMask = 2147483647;
			files = (
				060049DF154C1667004A3B17 /* MUKMediaGallery-Prefix.pch in Headers */,
				060049E0154C1667004A3B17 /* MUKMediaGallery.h in Headers */,
				060049F0154C1781004A3B17 /* MUKMediaAssetProtocol.h in Headers */,
				06004A0A154C1CEB004A3B17 /* MUKMediaThumbnailsView.h in Headers */,
				06004A36154C24AD004A3B17 /* MUKMediaThumbnailsCountView_.h in Headers */,
				06004A39154C26CC004A3B17 /* MUKMediaThumbnailsView_MediaAssetsCountView.h in Headers */,
				06004A3E154C2972004A3B17 /* MUKMediaGalleryUtils_.h in Headers */,
				06004A47154C3420004A3B17 /* MUKMediaImageAssetProtocol.h in Headers */,
				06004A49154C3446004A3B17 /* MUKMediaVideoAssetProtocol.h in Headers */,
				06004A4B154C345F004A3B17 /* MUKMediaAudioAssetProtocol.h in Headers */,
				06004A4D154C36BF004A3B17 /* MUKMediaThumbnailsView_Layout.h in Headers */,
				06004A51154C3B56004A3B17 /* MUKMediaThumbnailView_.h in Headers */,
				06004A56154C40A0004A3B17 /* MUKMediaThumbnailsView_Cells.h in Headers */,
				060B1AB91551428200454D72 /* MUKMediaThumbnailsView_Thumbnails.h in Headers */,
				060B1B3C1551611900454D72 /* MUKMediaImageAsset.h in Headers */,
				060B1B41155161F700454D72 /* MUKMediaAsset.h in Headers */,
				060B1B471551813D00454D72 /* MUKMediaAudioAsset.h in Headers */,
				060B1B4C155181D200454D72 /* MUKMediaVideoAsset.h in Headers */,
				06A82AD41557CDDD00B6D449 /* MUKMediaThumbnailsView_Selection.h in Headers */,
				065BF44E155D07E5008C91BD /* MUKMediaCarouselView.h in Headers */,
				06A26C30155E5CFE009D36F0 /* MUKMediaGalleryImageFetcher_.h in Headers */,
				06A26C37155E613B009D36F0 /* MUKMediaCarouselImageCellView_.h in Headers */,
				06A26C3A155E6731009D36F0 /* MUKMediaCarouselView_Thumbnails.h in Headers */,
				06A26C74155E8743009D36F0 /* MUKMediaCarouselView_FullImage.h in Headers */,
				06A26C7C155E8ADE009D36F0 /* MUKMediaCarouselCellView_.h in Headers */,
				06A26C7F155E8BC6009D36F0 /* MUKMediaCarouselView_Cells.h in Headers */,
				0671974A1560F6F20017EAC0 /* MUKMediaCarouselPlayerCellView_.h in Headers */,
				06D072A015610CBC000296C3 /* MUKMediaCarouselYouTubeCellView_.h in Headers */,
				06D072D5156189A8000296C3 /* MUKMediaThumbnailsViewController.h in Headers */,
				06499740156239F100B9A254 /* MUKMediaCarouselViewController.h in Headers */,
			);
			runOnlyForDeploymentPostprocessing = 0;
		};
/* End PBXHeadersBuildPhase section */

/* Begin PBXNativeTarget section */
		0600494F154C13BA004A3B17 /* MUKMediaGallery */ = {
			isa = PBXNativeTarget;
			buildConfigurationList = 06004974154C13BA004A3B17 /* Build configuration list for PBXNativeTarget "MUKMediaGallery" */;
			buildPhases = (
				06A2F41515D53B3F006D6768 /* MUKImageFetcher Headers */,
				06A2F41615D53B7B006D6768 /* MUKNetworking Headers */,
				06A2F41715D53B95006D6768 /* MUKObjectCache Headers */,
				06A2F41815D53BAF006D6768 /* MUKScrolling Headers */,
				06A2F41915D53BC2006D6768 /* MUKToolkit Headers */,
				0600494C154C13BA004A3B17 /* Sources */,
				0600494D154C13BA004A3B17 /* Frameworks */,
				0600494E154C13BA004A3B17 /* Headers */,
				060049F4154C18A0004A3B17 /* Prepare Framework */,
			);
			buildRules = (
			);
			dependencies = (
			);
			name = MUKMediaGallery;
			productName = MUKMediaGallery;
			productReference = 06004950154C13BA004A3B17 /* libMUKMediaGallery.a */;
			productType = "com.apple.product-type.library.static";
		};
		0600495F154C13BA004A3B17 /* MUKMediaGalleryTests */ = {
			isa = PBXNativeTarget;
			buildConfigurationList = 06004977154C13BA004A3B17 /* Build configuration list for PBXNativeTarget "MUKMediaGalleryTests" */;
			buildPhases = (
				0600495B154C13BA004A3B17 /* Sources */,
				0600495C154C13BA004A3B17 /* Frameworks */,
				0600495D154C13BA004A3B17 /* Resources */,
				0600495E154C13BA004A3B17 /* ShellScript */,
			);
			buildRules = (
			);
			dependencies = (
				06D7BA37156692E0006F1E42 /* PBXTargetDependency */,
			);
			name = MUKMediaGalleryTests;
			productName = MUKMediaGalleryTests;
			productReference = 06004960154C13BA004A3B17 /* MUKMediaGalleryTests.octest */;
			productType = "com.apple.product-type.bundle";
		};
		060049F8154C18FC004A3B17 /* MUKMediaGalleryResources */ = {
			isa = PBXNativeTarget;
			buildConfigurationList = 06004A03154C18FC004A3B17 /* Build configuration list for PBXNativeTarget "MUKMediaGalleryResources" */;
			buildPhases = (
				060049F5154C18FC004A3B17 /* Sources */,
				060049F6154C18FC004A3B17 /* Frameworks */,
				060049F7154C18FC004A3B17 /* Resources */,
			);
			buildRules = (
			);
			dependencies = (
			);
			name = MUKMediaGalleryResources;
			productName = MUKMediaGalleryResources;
			productReference = 060049F9154C18FC004A3B17 /* MUKMediaGallery.bundle */;
			productType = "com.apple.product-type.bundle";
		};
/* End PBXNativeTarget section */

/* Begin PBXProject section */
		06004947154C13BA004A3B17 /* Project object */ = {
			isa = PBXProject;
			attributes = {
				LastUpgradeCheck = 0430;
			};
			buildConfigurationList = 0600494A154C13BA004A3B17 /* Build configuration list for PBXProject "MUKMediaGallery" */;
			compatibilityVersion = "Xcode 3.2";
			developmentRegion = English;
			hasScannedForEncodings = 0;
			knownRegions = (
				en,
				it,
			);
			mainGroup = 06004945154C13BA004A3B17;
			productRefGroup = 06004951154C13BA004A3B17 /* Products */;
			projectDirPath = "";
			projectRoot = "";
			targets = (
				0600494F154C13BA004A3B17 /* MUKMediaGallery */,
				0600495F154C13BA004A3B17 /* MUKMediaGalleryTests */,
				060049F8154C18FC004A3B17 /* MUKMediaGalleryResources */,
				060049E8154C16C9004A3B17 /* MUKMediaGalleryDocumentation */,
			);
		};
/* End PBXProject section */

/* Begin PBXResourcesBuildPhase section */
		0600495D154C13BA004A3B17 /* Resources */ = {
			isa = PBXResourcesBuildPhase;
			buildActionMask = 2147483647;
			files = (
			);
			runOnlyForDeploymentPostprocessing = 0;
		};
		060049F7154C18FC004A3B17 /* Resources */ = {
			isa = PBXResourcesBuildPhase;
			buildActionMask = 2147483647;
			files = (
				06004A42154C2AB7004A3B17 /* Localizable.strings in Resources */,
				0624482E15527F8C005CE74D /* MUKMediaThumbnailView_audio.png in Resources */,
				0624482F15527F8C005CE74D /* MUKMediaThumbnailView_audio@2x.png in Resources */,
				0624483015527F8C005CE74D /* MUKMediaThumbnailView_video.png in Resources */,
				0624483115527F8C005CE74D /* MUKMediaThumbnailView_video@2x.png in Resources */,
				0624483215527F8C005CE74D /* MUKMediaThumbnailView_.xib in Resources */,
			);
			runOnlyForDeploymentPostprocessing = 0;
		};
/* End PBXResourcesBuildPhase section */

/* Begin PBXShellScriptBuildPhase section */
		0600495E154C13BA004A3B17 /* ShellScript */ = {
			isa = PBXShellScriptBuildPhase;
			buildActionMask = 2147483647;
			files = (
			);
			inputPaths = (
			);
			outputPaths = (
			);
			runOnlyForDeploymentPostprocessing = 0;
			shellPath = /bin/sh;
			shellScript = "# Run the unit tests in this test bundle.\n\"${SYSTEM_DEVELOPER_DIR}/Tools/RunUnitTests\"\n";
		};
		060049EC154C16D4004A3B17 /* ShellScript */ = {
			isa = PBXShellScriptBuildPhase;
			buildActionMask = 2147483647;
			files = (
			);
			inputPaths = (
			);
			outputPaths = (
			);
			runOnlyForDeploymentPostprocessing = 0;
			shellPath = /bin/sh;
			shellScript = "/usr/local/bin/appledoc \\\n--project-name \"MUKMediaGallery\" \\\n--project-company \"MeLive\" \\\n--company-id \"it.melive\" \\\n--output \"Documentation\" \\\n--logformat xcode \\\n--keep-undocumented-objects \\\n--keep-undocumented-members \\\n--no-repeat-first-par \\\n--no-warn-invalid-crossref \\\n--ignore \"*.m\" \\\n--ignore \"Unit Tests\" \\\n--ignore \"Example\" \\\n--ignore \"Private\" \\\n--ignore \"Submodules\" \\\n--exit-threshold 2 \\\n\"${PROJECT_DIR}\"";
		};
		060049F4154C18A0004A3B17 /* Prepare Framework */ = {
			isa = PBXShellScriptBuildPhase;
			buildActionMask = 2147483647;
			files = (
			);
			inputPaths = (
			);
			name = "Prepare Framework";
			outputPaths = (
			);
			runOnlyForDeploymentPostprocessing = 0;
			shellPath = /bin/sh;
			shellScript = "set -e\n\nmkdir -p \"${BUILT_PRODUCTS_DIR}/${PRODUCT_NAME}.framework/Versions/A/Headers\"\n\n# Link the \"Current\" version to \"A\"\n/bin/ln -sfh A \"${BUILT_PRODUCTS_DIR}/${PRODUCT_NAME}.framework/Versions/Current\"\n/bin/ln -sfh Versions/Current/Headers \"${BUILT_PRODUCTS_DIR}/${PRODUCT_NAME}.framework/Headers\"\n/bin/ln -sfh \"Versions/Current/${PRODUCT_NAME}\" \"${BUILT_PRODUCTS_DIR}/${PRODUCT_NAME}.framework/${PRODUCT_NAME}\"\n\n# The -a ensures that the headers maintain the source modification date so that we don't constantly\n# cause propagating rebuilds of files that import these headers.\n/bin/cp -a \"${TARGET_BUILD_DIR}/${PUBLIC_HEADERS_FOLDER_PATH}/\" \"${BUILT_PRODUCTS_DIR}/${PRODUCT_NAME}.framework/Versions/A/Headers\"";
		};
		06A2F41515D53B3F006D6768 /* MUKImageFetcher Headers */ = {
			isa = PBXShellScriptBuildPhase;
			buildActionMask = 2147483647;
			files = (
			);
			inputPaths = (
			);
			name = "MUKImageFetcher Headers";
			outputPaths = (
			);
			runOnlyForDeploymentPostprocessing = 0;
			shellPath = /bin/sh;
			shellScript = "set -e\n\nMUK_DEPENDENT_PROJECT_NAME=\"MUKImageFetcher\"\nMUK_DEPENDENT_PROJECT_DIR=\"${SRCROOT}/Submodules/${MUK_DEPENDENT_PROJECT_NAME}/${MUK_DEPENDENT_PROJECT_NAME}\"\nMUK_TARGET_DIR=\"${BUILT_PRODUCTS_DIR}/MUK_DependenciesHeaders/${MUK_DEPENDENT_PROJECT_NAME}\"\n\n# Create headers folder\necho -e \"Creating target folder for ${MUK_DEPENDENT_PROJECT_NAME}...\\n${MUK_TARGET_DIR}\"\nmkdir -p \"${MUK_TARGET_DIR}\"\n\n# Copy all headers\nfind \"${MUK_DEPENDENT_PROJECT_DIR}\" -name \"*.h\" | while read line; do\n# The -a ensures that the headers maintain the source modification date\n/bin/cp -a \"$line\" \"${MUK_TARGET_DIR}\"\ndone";
		};
		06A2F41615D53B7B006D6768 /* MUKNetworking Headers */ = {
			isa = PBXShellScriptBuildPhase;
			buildActionMask = 2147483647;
			files = (
			);
			inputPaths = (
			);
			name = "MUKNetworking Headers";
			outputPaths = (
			);
			runOnlyForDeploymentPostprocessing = 0;
			shellPath = /bin/sh;
			shellScript = "set -e\n\nMUK_DEPENDENT_PROJECT_NAME=\"MUKNetworking\"\nMUK_DEPENDENT_PROJECT_DIR=\"${SRCROOT}/Submodules/${MUK_DEPENDENT_PROJECT_NAME}/${MUK_DEPENDENT_PROJECT_NAME}\"\nMUK_TARGET_DIR=\"${BUILT_PRODUCTS_DIR}/MUK_DependenciesHeaders/${MUK_DEPENDENT_PROJECT_NAME}\"\n\n# Create headers folder\necho -e \"Creating target folder for ${MUK_DEPENDENT_PROJECT_NAME}...\\n${MUK_TARGET_DIR}\"\nmkdir -p \"${MUK_TARGET_DIR}\"\n\n# Copy all headers\nfind \"${MUK_DEPENDENT_PROJECT_DIR}\" -name \"*.h\" | while read line; do\n# The -a ensures that the headers maintain the source modification date\n/bin/cp -a \"$line\" \"${MUK_TARGET_DIR}\"\ndone";
		};
		06A2F41715D53B95006D6768 /* MUKObjectCache Headers */ = {
			isa = PBXShellScriptBuildPhase;
			buildActionMask = 2147483647;
			files = (
			);
			inputPaths = (
			);
			name = "MUKObjectCache Headers";
			outputPaths = (
			);
			runOnlyForDeploymentPostprocessing = 0;
			shellPath = /bin/sh;
			shellScript = "set -e\n\nMUK_DEPENDENT_PROJECT_NAME=\"MUKObjectCache\"\nMUK_DEPENDENT_PROJECT_DIR=\"${SRCROOT}/Submodules/${MUK_DEPENDENT_PROJECT_NAME}/${MUK_DEPENDENT_PROJECT_NAME}\"\nMUK_TARGET_DIR=\"${BUILT_PRODUCTS_DIR}/MUK_DependenciesHeaders/${MUK_DEPENDENT_PROJECT_NAME}\"\n\n# Create headers folder\necho -e \"Creating target folder for ${MUK_DEPENDENT_PROJECT_NAME}...\\n${MUK_TARGET_DIR}\"\nmkdir -p \"${MUK_TARGET_DIR}\"\n\n# Copy all headers\nfind \"${MUK_DEPENDENT_PROJECT_DIR}\" -name \"*.h\" | while read line; do\n# The -a ensures that the headers maintain the source modification date\n/bin/cp -a \"$line\" \"${MUK_TARGET_DIR}\"\ndone";
		};
		06A2F41815D53BAF006D6768 /* MUKScrolling Headers */ = {
			isa = PBXShellScriptBuildPhase;
			buildActionMask = 2147483647;
			files = (
			);
			inputPaths = (
			);
			name = "MUKScrolling Headers";
			outputPaths = (
			);
			runOnlyForDeploymentPostprocessing = 0;
			shellPath = /bin/sh;
			shellScript = "set -e\n\nMUK_DEPENDENT_PROJECT_NAME=\"MUKScrolling\"\nMUK_DEPENDENT_PROJECT_DIR=\"${SRCROOT}/Submodules/${MUK_DEPENDENT_PROJECT_NAME}/${MUK_DEPENDENT_PROJECT_NAME}\"\nMUK_TARGET_DIR=\"${BUILT_PRODUCTS_DIR}/MUK_DependenciesHeaders/${MUK_DEPENDENT_PROJECT_NAME}\"\n\n# Create headers folder\necho -e \"Creating target folder for ${MUK_DEPENDENT_PROJECT_NAME}...\\n${MUK_TARGET_DIR}\"\nmkdir -p \"${MUK_TARGET_DIR}\"\n\n# Copy all headers\nfind \"${MUK_DEPENDENT_PROJECT_DIR}\" -name \"*.h\" | while read line; do\n# The -a ensures that the headers maintain the source modification date\n/bin/cp -a \"$line\" \"${MUK_TARGET_DIR}\"\ndone";
		};
		06A2F41915D53BC2006D6768 /* MUKToolkit Headers */ = {
			isa = PBXShellScriptBuildPhase;
			buildActionMask = 2147483647;
			files = (
			);
			inputPaths = (
			);
			name = "MUKToolkit Headers";
			outputPaths = (
			);
			runOnlyForDeploymentPostprocessing = 0;
			shellPath = /bin/sh;
			shellScript = "set -e\n\nMUK_DEPENDENT_PROJECT_NAME=\"MUKToolkit\"\nMUK_DEPENDENT_PROJECT_DIR=\"${SRCROOT}/Submodules/${MUK_DEPENDENT_PROJECT_NAME}/${MUK_DEPENDENT_PROJECT_NAME}\"\nMUK_TARGET_DIR=\"${BUILT_PRODUCTS_DIR}/MUK_DependenciesHeaders/${MUK_DEPENDENT_PROJECT_NAME}\"\n\n# Create headers folder\necho -e \"Creating target folder for ${MUK_DEPENDENT_PROJECT_NAME}...\\n${MUK_TARGET_DIR}\"\nmkdir -p \"${MUK_TARGET_DIR}\"\n\n# Copy all headers\nfind \"${MUK_DEPENDENT_PROJECT_DIR}\" -name \"*.h\" | while read line; do\n# The -a ensures that the headers maintain the source modification date\n/bin/cp -a \"$line\" \"${MUK_TARGET_DIR}\"\ndone";
		};
/* End PBXShellScriptBuildPhase section */

/* Begin PBXSourcesBuildPhase section */
		0600494C154C13BA004A3B17 /* Sources */ = {
			isa = PBXSourcesBuildPhase;
			buildActionMask = 2147483647;
			files = (
				06004A0B154C1CEB004A3B17 /* MUKMediaThumbnailsView.m in Sources */,
				06004A37154C24AD004A3B17 /* MUKMediaThumbnailsCountView_.m in Sources */,
				06004A3F154C2972004A3B17 /* MUKMediaGalleryUtils_.m in Sources */,
				06004A52154C3B56004A3B17 /* MUKMediaThumbnailView_.m in Sources */,
				060B1B3D1551611900454D72 /* MUKMediaImageAsset.m in Sources */,
				060B1B42155161F700454D72 /* MUKMediaAsset.m in Sources */,
				060B1B481551813D00454D72 /* MUKMediaAudioAsset.m in Sources */,
				060B1B4D155181D200454D72 /* MUKMediaVideoAsset.m in Sources */,
				065BF44F155D07E5008C91BD /* MUKMediaCarouselView.m in Sources */,
				06A26C31155E5CFE009D36F0 /* MUKMediaGalleryImageFetcher_.m in Sources */,
				06A26C38155E613B009D36F0 /* MUKMediaCarouselImageCellView_.m in Sources */,
				06A26C7D155E8ADE009D36F0 /* MUKMediaCarouselCellView_.m in Sources */,
				0671974B1560F6F20017EAC0 /* MUKMediaCarouselPlayerCellView_.m in Sources */,
				06D072A115610CBC000296C3 /* MUKMediaCarouselYouTubeCellView_.m in Sources */,
				06D072D6156189A8000296C3 /* MUKMediaThumbnailsViewController.m in Sources */,
				06499741156239F100B9A254 /* MUKMediaCarouselViewController.m in Sources */,
			);
			runOnlyForDeploymentPostprocessing = 0;
		};
		0600495B154C13BA004A3B17 /* Sources */ = {
			isa = PBXSourcesBuildPhase;
			buildActionMask = 2147483647;
			files = (
				060049E7154C168F004A3B17 /* MUKMediaGalleryTests.m in Sources */,
				063DEFB015863E22008ABADA /* LBYouTubeExtractor.m in Sources */,
				063DEFB115863E30008ABADA /* JSONKit.m in Sources */,
			);
			runOnlyForDeploymentPostprocessing = 0;
		};
		060049F5154C18FC004A3B17 /* Sources */ = {
			isa = PBXSourcesBuildPhase;
			buildActionMask = 2147483647;
			files = (
			);
			runOnlyForDeploymentPostprocessing = 0;
		};
/* End PBXSourcesBuildPhase section */

/* Begin PBXTargetDependency section */
		06D7BA37156692E0006F1E42 /* PBXTargetDependency */ = {
			isa = PBXTargetDependency;
			target = 0600494F154C13BA004A3B17 /* MUKMediaGallery */;
			targetProxy = 06D7BA36156692E0006F1E42 /* PBXContainerItemProxy */;
		};
/* End PBXTargetDependency section */

/* Begin PBXVariantGroup section */
		06004A44154C2AB7004A3B17 /* Localizable.strings */ = {
			isa = PBXVariantGroup;
			children = (
				06004A43154C2AB7004A3B17 /* en */,
				06F20D3615A038DF008E1A90 /* it */,
			);
			name = Localizable.strings;
			sourceTree = "<group>";
		};
/* End PBXVariantGroup section */

/* Begin XCBuildConfiguration section */
		06004972154C13BA004A3B17 /* Debug */ = {
			isa = XCBuildConfiguration;
			buildSettings = {
				ALWAYS_SEARCH_USER_PATHS = NO;
				ARCHS = (
					armv6,
					armv7,
				);
				CLANG_ENABLE_OBJC_ARC = YES;
				COPY_PHASE_STRIP = NO;
				DEAD_CODE_STRIPPING = NO;
				GCC_C_LANGUAGE_STANDARD = gnu99;
				GCC_DYNAMIC_NO_PIC = NO;
				GCC_OPTIMIZATION_LEVEL = 0;
				GCC_PREPROCESSOR_DEFINITIONS = (
					"DEBUG=1",
					"$(inherited)",
				);
				GCC_SYMBOLS_PRIVATE_EXTERN = NO;
				GCC_THUMB_SUPPORT = NO;
				GCC_VERSION = com.apple.compilers.llvm.clang.1_0;
				GCC_WARN_ABOUT_RETURN_TYPE = YES;
				GCC_WARN_UNINITIALIZED_AUTOS = YES;
				GCC_WARN_UNUSED_VARIABLE = YES;
				IPHONEOS_DEPLOYMENT_TARGET = 5.1;
				PUBLIC_HEADERS_FOLDER_PATH = "$(PROJECT_NAME)Headers";
				SDKROOT = iphoneos;
				STRIP_STYLE = "non-global";
			};
			name = Debug;
		};
		06004973154C13BA004A3B17 /* Release */ = {
			isa = XCBuildConfiguration;
			buildSettings = {
				ALWAYS_SEARCH_USER_PATHS = NO;
				ARCHS = (
					armv6,
					armv7,
				);
				CLANG_ENABLE_OBJC_ARC = YES;
				COPY_PHASE_STRIP = NO;
				DEAD_CODE_STRIPPING = NO;
				GCC_C_LANGUAGE_STANDARD = gnu99;
				GCC_THUMB_SUPPORT = NO;
				GCC_VERSION = com.apple.compilers.llvm.clang.1_0;
				GCC_WARN_ABOUT_RETURN_TYPE = YES;
				GCC_WARN_UNINITIALIZED_AUTOS = YES;
				GCC_WARN_UNUSED_VARIABLE = YES;
				IPHONEOS_DEPLOYMENT_TARGET = 5.1;
				PUBLIC_HEADERS_FOLDER_PATH = "$(PROJECT_NAME)Headers";
				SDKROOT = iphoneos;
				STRIP_STYLE = "non-global";
				VALIDATE_PRODUCT = YES;
			};
			name = Release;
		};
		06004975154C13BA004A3B17 /* Debug */ = {
			isa = XCBuildConfiguration;
			buildSettings = {
				DSTROOT = /tmp/MUKMediaGallery.dst;
				GCC_PRECOMPILE_PREFIX_HEADER = YES;
				GCC_PREFIX_HEADER = "MUKMediaGallery/MUKMediaGallery-Prefix.pch";
				GCC_THUMB_SUPPORT = NO;
				HEADER_SEARCH_PATHS = "${BUILT_PRODUCTS_DIR}/MUK_DependenciesHeaders/";
				OTHER_LDFLAGS = "-ObjC";
				PRODUCT_NAME = "$(TARGET_NAME)";
				SKIP_INSTALL = YES;
			};
			name = Debug;
		};
		06004976154C13BA004A3B17 /* Release */ = {
			isa = XCBuildConfiguration;
			buildSettings = {
				DSTROOT = /tmp/MUKMediaGallery.dst;
				GCC_PRECOMPILE_PREFIX_HEADER = YES;
				GCC_PREFIX_HEADER = "MUKMediaGallery/MUKMediaGallery-Prefix.pch";
				GCC_THUMB_SUPPORT = NO;
				HEADER_SEARCH_PATHS = "${BUILT_PRODUCTS_DIR}/MUK_DependenciesHeaders/";
				OTHER_LDFLAGS = "-ObjC";
				PRODUCT_NAME = "$(TARGET_NAME)";
				SKIP_INSTALL = YES;
			};
			name = Release;
		};
		06004978154C13BA004A3B17 /* Debug */ = {
			isa = XCBuildConfiguration;
			buildSettings = {
				FRAMEWORK_SEARCH_PATHS = (
					"$(SDKROOT)/Developer/Library/Frameworks",
					"$(DEVELOPER_LIBRARY_DIR)/Frameworks",
				);
				GCC_PRECOMPILE_PREFIX_HEADER = YES;
				GCC_PREFIX_HEADER = "MUKMediaGallery/MUKMediaGallery-Prefix.pch";
				GCC_THUMB_SUPPORT = NO;
				INFOPLIST_FILE = "MUKMediaGallery/Unit Tests/MUKMediaGalleryTests-Info.plist";
				OTHER_LDFLAGS = "-ObjC";
				PRODUCT_NAME = "$(TARGET_NAME)";
				WRAPPER_EXTENSION = octest;
			};
			name = Debug;
		};
		06004979154C13BA004A3B17 /* Release */ = {
			isa = XCBuildConfiguration;
			buildSettings = {
				FRAMEWORK_SEARCH_PATHS = (
					"$(SDKROOT)/Developer/Library/Frameworks",
					"$(DEVELOPER_LIBRARY_DIR)/Frameworks",
				);
				GCC_PRECOMPILE_PREFIX_HEADER = YES;
				GCC_PREFIX_HEADER = "MUKMediaGallery/MUKMediaGallery-Prefix.pch";
				GCC_THUMB_SUPPORT = NO;
				INFOPLIST_FILE = "MUKMediaGallery/Unit Tests/MUKMediaGalleryTests-Info.plist";
				OTHER_LDFLAGS = "-ObjC";
				PRODUCT_NAME = "$(TARGET_NAME)";
				WRAPPER_EXTENSION = octest;
			};
			name = Release;
		};
		060049EA154C16C9004A3B17 /* Debug */ = {
			isa = XCBuildConfiguration;
			buildSettings = {
				GCC_THUMB_SUPPORT = NO;
				PRODUCT_NAME = "$(TARGET_NAME)";
			};
			name = Debug;
		};
		060049EB154C16C9004A3B17 /* Release */ = {
			isa = XCBuildConfiguration;
			buildSettings = {
				GCC_THUMB_SUPPORT = NO;
				PRODUCT_NAME = "$(TARGET_NAME)";
			};
			name = Release;
		};
		06004A04154C18FC004A3B17 /* Debug */ = {
			isa = XCBuildConfiguration;
			buildSettings = {
				GCC_ENABLE_OBJC_EXCEPTIONS = YES;
				GCC_PRECOMPILE_PREFIX_HEADER = YES;
				GCC_PREFIX_HEADER = "MUKMediaGalleryResources/MUKMediaGalleryResources-Prefix.pch";
				GCC_THUMB_SUPPORT = NO;
				GCC_WARN_64_TO_32_BIT_CONVERSION = YES;
				INFOPLIST_FILE = "MUKMediaGalleryResources/MUKMediaGalleryResources-Info.plist";
				INSTALL_PATH = "$(LOCAL_LIBRARY_DIR)/Bundles";
				MACOSX_DEPLOYMENT_TARGET = 10.7;
				PRODUCT_NAME = MUKMediaGallery;
				SKIP_INSTALL = YES;
				WRAPPER_EXTENSION = bundle;
			};
			name = Debug;
		};
		06004A05154C18FC004A3B17 /* Release */ = {
			isa = XCBuildConfiguration;
			buildSettings = {
				COPY_PHASE_STRIP = YES;
				DEBUG_INFORMATION_FORMAT = "dwarf-with-dsym";
				GCC_ENABLE_OBJC_EXCEPTIONS = YES;
				GCC_PRECOMPILE_PREFIX_HEADER = YES;
				GCC_PREFIX_HEADER = "MUKMediaGalleryResources/MUKMediaGalleryResources-Prefix.pch";
				GCC_THUMB_SUPPORT = NO;
				GCC_WARN_64_TO_32_BIT_CONVERSION = YES;
				INFOPLIST_FILE = "MUKMediaGalleryResources/MUKMediaGalleryResources-Info.plist";
				INSTALL_PATH = "$(LOCAL_LIBRARY_DIR)/Bundles";
				MACOSX_DEPLOYMENT_TARGET = 10.7;
				PRODUCT_NAME = MUKMediaGallery;
				SKIP_INSTALL = YES;
				WRAPPER_EXTENSION = bundle;
			};
			name = Release;
		};
/* End XCBuildConfiguration section */

/* Begin XCConfigurationList section */
		0600494A154C13BA004A3B17 /* Build configuration list for PBXProject "MUKMediaGallery" */ = {
			isa = XCConfigurationList;
			buildConfigurations = (
				06004972154C13BA004A3B17 /* Debug */,
				06004973154C13BA004A3B17 /* Release */,
			);
			defaultConfigurationIsVisible = 0;
			defaultConfigurationName = Release;
		};
		06004974154C13BA004A3B17 /* Build configuration list for PBXNativeTarget "MUKMediaGallery" */ = {
			isa = XCConfigurationList;
			buildConfigurations = (
				06004975154C13BA004A3B17 /* Debug */,
				06004976154C13BA004A3B17 /* Release */,
			);
			defaultConfigurationIsVisible = 0;
			defaultConfigurationName = Release;
		};
		06004977154C13BA004A3B17 /* Build configuration list for PBXNativeTarget "MUKMediaGalleryTests" */ = {
			isa = XCConfigurationList;
			buildConfigurations = (
				06004978154C13BA004A3B17 /* Debug */,
				06004979154C13BA004A3B17 /* Release */,
			);
			defaultConfigurationIsVisible = 0;
			defaultConfigurationName = Release;
		};
		060049E9154C16C9004A3B17 /* Build configuration list for PBXAggregateTarget "MUKMediaGalleryDocumentation" */ = {
			isa = XCConfigurationList;
			buildConfigurations = (
				060049EA154C16C9004A3B17 /* Debug */,
				060049EB154C16C9004A3B17 /* Release */,
			);
			defaultConfigurationIsVisible = 0;
			defaultConfigurationName = Release;
		};
		06004A03154C18FC004A3B17 /* Build configuration list for PBXNativeTarget "MUKMediaGalleryResources" */ = {
			isa = XCConfigurationList;
			buildConfigurations = (
				06004A04154C18FC004A3B17 /* Debug */,
				06004A05154C18FC004A3B17 /* Release */,
			);
			defaultConfigurationIsVisible = 0;
			defaultConfigurationName = Release;
		};
/* End XCConfigurationList section */
	};
	rootObject = 06004947154C13BA004A3B17 /* Project object */;
}
