// !$*UTF8*$!
{
	archiveVersion = 1;
	classes = {
	};
	objectVersion = 46;
	objects = {

/* Begin PBXBuildFile section */
		060B1ACA1551581A00454D72 /* UIKit.framework in Frameworks */ = {isa = PBXBuildFile; fileRef = 060B1AC91551581A00454D72 /* UIKit.framework */; };
		060B1ACC1551581A00454D72 /* Foundation.framework in Frameworks */ = {isa = PBXBuildFile; fileRef = 060B1ACB1551581A00454D72 /* Foundation.framework */; };
		060B1ACE1551581A00454D72 /* CoreGraphics.framework in Frameworks */ = {isa = PBXBuildFile; fileRef = 060B1ACD1551581A00454D72 /* CoreGraphics.framework */; };
		060B1AD41551581A00454D72 /* InfoPlist.strings in Resources */ = {isa = PBXBuildFile; fileRef = 060B1AD21551581A00454D72 /* InfoPlist.strings */; };
		060B1AD61551581A00454D72 /* main.m in Sources */ = {isa = PBXBuildFile; fileRef = 060B1AD51551581A00454D72 /* main.m */; };
		060B1B1C1551587C00454D72 /* Security.framework in Frameworks */ = {isa = PBXBuildFile; fileRef = 060B1B1B1551587C00454D72 /* Security.framework */; };
		060B1B24155158CD00454D72 /* AppDelegate.m in Sources */ = {isa = PBXBuildFile; fileRef = 060B1B20155158CD00454D72 /* AppDelegate.m */; };
		060B1B27155158E400454D72 /* RootTableViewController.m in Sources */ = {isa = PBXBuildFile; fileRef = 060B1B26155158E400454D72 /* RootTableViewController.m */; };
		060B1B2B1551592200454D72 /* ThumbnailsViewController.m in Sources */ = {isa = PBXBuildFile; fileRef = 060B1B291551592200454D72 /* ThumbnailsViewController.m */; };
		060B1B2C1551592200454D72 /* ThumbnailsViewController.xib in Resources */ = {isa = PBXBuildFile; fileRef = 060B1B2A1551592200454D72 /* ThumbnailsViewController.xib */; };
		060B1B511551860800454D72 /* palms-thumbnail.jpg in Resources */ = {isa = PBXBuildFile; fileRef = 060B1B4F1551860800454D72 /* palms-thumbnail.jpg */; };
		060B1B521551860800454D72 /* palms.jpg in Resources */ = {isa = PBXBuildFile; fileRef = 060B1B501551860800454D72 /* palms.jpg */; };
		060B1B55155188BF00454D72 /* MUKMediaGallery.bundle in Resources */ = {isa = PBXBuildFile; fileRef = 060B1B071551584400454D72 /* MUKMediaGallery.bundle */; };
		062448351552848E005CE74D /* sea.mp4 in Resources */ = {isa = PBXBuildFile; fileRef = 062448341552848E005CE74D /* sea.mp4 */; };
		062448371552849A005CE74D /* sea-movie-thumbnail.jpg in Resources */ = {isa = PBXBuildFile; fileRef = 062448361552849A005CE74D /* sea-movie-thumbnail.jpg */; };
		0671974D1560FC730017EAC0 /* MediaPlayer.framework in Frameworks */ = {isa = PBXBuildFile; fileRef = 0671974C1560FC730017EAC0 /* MediaPlayer.framework */; };
		06A26C3F155E6F92009D36F0 /* CarouselViewController.m in Sources */ = {isa = PBXBuildFile; fileRef = 06A26C3D155E6F92009D36F0 /* CarouselViewController.m */; };
		06A26C40155E6F92009D36F0 /* CarouselViewController.xib in Resources */ = {isa = PBXBuildFile; fileRef = 06A26C3E155E6F92009D36F0 /* CarouselViewController.xib */; };
		06A93C5D155A67E90083CFE4 /* ImageFetcherViewController.m in Sources */ = {isa = PBXBuildFile; fileRef = 06A93C5C155A67E90083CFE4 /* ImageFetcherViewController.m */; };
		06D07285156104F9000296C3 /* SexForModerns-StopTheClock_64kb.mp3 in Resources */ = {isa = PBXBuildFile; fileRef = 06D07284156104F9000296C3 /* SexForModerns-StopTheClock_64kb.mp3 */; };
		06D072DB15618E91000296C3 /* ChainedViewController.m in Sources */ = {isa = PBXBuildFile; fileRef = 06D072D915618E91000296C3 /* ChainedViewController.m */; };
		06EEEF1E156953540090EE76 /* libMUKMediaGallery.a in Frameworks */ = {isa = PBXBuildFile; fileRef = 060B1B031551584400454D72 /* libMUKMediaGallery.a */; };
		06EEEF1F156953540090EE76 /* libMUKNetworking.a in Frameworks */ = {isa = PBXBuildFile; fileRef = 06FF1BF51567933F0040DA06 /* libMUKNetworking.a */; };
		06EEEF20156953540090EE76 /* libMUKObjectCache.a in Frameworks */ = {isa = PBXBuildFile; fileRef = 06FF1BFC1567933F0040DA06 /* libMUKObjectCache.a */; };
		06EEEF21156953540090EE76 /* libMUKScrolling.a in Frameworks */ = {isa = PBXBuildFile; fileRef = 06FF1C031567933F0040DA06 /* libMUKScrolling.a */; };
		06EEEF22156953540090EE76 /* libMUKToolkit.a in Frameworks */ = {isa = PBXBuildFile; fileRef = 06FF1C0A1567933F0040DA06 /* libMUKToolkit.a */; };
		06FF1BF01567933F0040DA06 /* PSYouTubeExtractor.m in Sources */ = {isa = PBXBuildFile; fileRef = 06FF1BEF1567933F0040DA06 /* PSYouTubeExtractor.m */; };
/* End PBXBuildFile section */

/* Begin PBXContainerItemProxy section */
		060B1B021551584400454D72 /* PBXContainerItemProxy */ = {
			isa = PBXContainerItemProxy;
			containerPortal = 060B1AE41551584200454D72 /* MUKMediaGallery.xcodeproj */;
			proxyType = 2;
			remoteGlobalIDString = 06004950154C13BA004A3B17;
			remoteInfo = MUKMediaGallery;
		};
		060B1B041551584400454D72 /* PBXContainerItemProxy */ = {
			isa = PBXContainerItemProxy;
			containerPortal = 060B1AE41551584200454D72 /* MUKMediaGallery.xcodeproj */;
			proxyType = 2;
			remoteGlobalIDString = 06004960154C13BA004A3B17;
			remoteInfo = MUKMediaGalleryTests;
		};
		060B1B061551584400454D72 /* PBXContainerItemProxy */ = {
			isa = PBXContainerItemProxy;
			containerPortal = 060B1AE41551584200454D72 /* MUKMediaGallery.xcodeproj */;
			proxyType = 2;
			remoteGlobalIDString = 060049F9154C18FC004A3B17;
			remoteInfo = MUKMediaGalleryResources;
		};
		060B1B531551888D00454D72 /* PBXContainerItemProxy */ = {
			isa = PBXContainerItemProxy;
			containerPortal = 060B1AE41551584200454D72 /* MUKMediaGallery.xcodeproj */;
			proxyType = 1;
			remoteGlobalIDString = 060049F8154C18FC004A3B17;
			remoteInfo = MUKMediaGalleryResources;
		};
		06FF1BF41567933F0040DA06 /* PBXContainerItemProxy */ = {
			isa = PBXContainerItemProxy;
			containerPortal = 06FF1BE21567933F0040DA06 /* MUKNetworking.xcodeproj */;
			proxyType = 2;
			remoteGlobalIDString = 0656683E1517A85A00DA53AA;
			remoteInfo = MUKNetworking;
		};
		06FF1BF61567933F0040DA06 /* PBXContainerItemProxy */ = {
			isa = PBXContainerItemProxy;
			containerPortal = 06FF1BE21567933F0040DA06 /* MUKNetworking.xcodeproj */;
			proxyType = 2;
			remoteGlobalIDString = 0656684E1517A85A00DA53AA;
			remoteInfo = MUKNetworkingTests;
		};
		06FF1BFB1567933F0040DA06 /* PBXContainerItemProxy */ = {
			isa = PBXContainerItemProxy;
			containerPortal = 06FF1BE31567933F0040DA06 /* MUKObjectCache.xcodeproj */;
			proxyType = 2;
			remoteGlobalIDString = 066F8468154ECD6B00704724;
			remoteInfo = MUKObjectCache;
		};
		06FF1BFD1567933F0040DA06 /* PBXContainerItemProxy */ = {
			isa = PBXContainerItemProxy;
			containerPortal = 06FF1BE31567933F0040DA06 /* MUKObjectCache.xcodeproj */;
			proxyType = 2;
			remoteGlobalIDString = 066F8478154ECD6B00704724;
			remoteInfo = MUKObjectCacheTests;
		};
		06FF1C021567933F0040DA06 /* PBXContainerItemProxy */ = {
			isa = PBXContainerItemProxy;
			containerPortal = 06FF1BE41567933F0040DA06 /* MUKScrolling.xcodeproj */;
			proxyType = 2;
			remoteGlobalIDString = 06339BC9153584FD00FB07ED;
			remoteInfo = MUKScrolling;
		};
		06FF1C041567933F0040DA06 /* PBXContainerItemProxy */ = {
			isa = PBXContainerItemProxy;
			containerPortal = 06FF1BE41567933F0040DA06 /* MUKScrolling.xcodeproj */;
			proxyType = 2;
			remoteGlobalIDString = 06339BD9153584FD00FB07ED;
			remoteInfo = MUKScrollingTests;
		};
		06FF1C091567933F0040DA06 /* PBXContainerItemProxy */ = {
			isa = PBXContainerItemProxy;
			containerPortal = 06FF1BE11567933F0040DA06 /* MUKToolkit.xcodeproj */;
			proxyType = 2;
			remoteGlobalIDString = 065793871523337F00D6762A;
			remoteInfo = MUKToolkit;
		};
		06FF1C0B1567933F0040DA06 /* PBXContainerItemProxy */ = {
			isa = PBXContainerItemProxy;
			containerPortal = 06FF1BE11567933F0040DA06 /* MUKToolkit.xcodeproj */;
			proxyType = 2;
			remoteGlobalIDString = 065793971523337F00D6762A;
			remoteInfo = MUKToolkitTests;
		};
		06FF1C0D156793AC0040DA06 /* PBXContainerItemProxy */ = {
			isa = PBXContainerItemProxy;
			containerPortal = 06FF1BE41567933F0040DA06 /* MUKScrolling.xcodeproj */;
			proxyType = 1;
			remoteGlobalIDString = 06339BC8153584FD00FB07ED;
			remoteInfo = MUKScrolling;
		};
		06FF1C0F156793AC0040DA06 /* PBXContainerItemProxy */ = {
			isa = PBXContainerItemProxy;
			containerPortal = 06FF1BE21567933F0040DA06 /* MUKNetworking.xcodeproj */;
			proxyType = 1;
			remoteGlobalIDString = 0656683D1517A85A00DA53AA;
			remoteInfo = MUKNetworking;
		};
		06FF1C11156793AC0040DA06 /* PBXContainerItemProxy */ = {
			isa = PBXContainerItemProxy;
			containerPortal = 06FF1BE31567933F0040DA06 /* MUKObjectCache.xcodeproj */;
			proxyType = 1;
			remoteGlobalIDString = 066F8467154ECD6A00704724;
			remoteInfo = MUKObjectCache;
		};
		06FF1C13156793AC0040DA06 /* PBXContainerItemProxy */ = {
			isa = PBXContainerItemProxy;
			containerPortal = 060B1AE41551584200454D72 /* MUKMediaGallery.xcodeproj */;
			proxyType = 1;
			remoteGlobalIDString = 0600494F154C13BA004A3B17;
			remoteInfo = MUKMediaGallery;
		};
		06FF1C15156793AC0040DA06 /* PBXContainerItemProxy */ = {
			isa = PBXContainerItemProxy;
			containerPortal = 06FF1BE11567933F0040DA06 /* MUKToolkit.xcodeproj */;
			proxyType = 1;
			remoteGlobalIDString = 065793861523337F00D6762A;
			remoteInfo = MUKToolkit;
		};
/* End PBXContainerItemProxy section */

/* Begin PBXFileReference section */
		060B1AC51551581A00454D72 /* MUKMediaGalleryExample.app */ = {isa = PBXFileReference; explicitFileType = wrapper.application; includeInIndex = 0; path = MUKMediaGalleryExample.app; sourceTree = BUILT_PRODUCTS_DIR; };
		060B1AC91551581A00454D72 /* UIKit.framework */ = {isa = PBXFileReference; lastKnownFileType = wrapper.framework; name = UIKit.framework; path = System/Library/Frameworks/UIKit.framework; sourceTree = SDKROOT; };
		060B1ACB1551581A00454D72 /* Foundation.framework */ = {isa = PBXFileReference; lastKnownFileType = wrapper.framework; name = Foundation.framework; path = System/Library/Frameworks/Foundation.framework; sourceTree = SDKROOT; };
		060B1ACD1551581A00454D72 /* CoreGraphics.framework */ = {isa = PBXFileReference; lastKnownFileType = wrapper.framework; name = CoreGraphics.framework; path = System/Library/Frameworks/CoreGraphics.framework; sourceTree = SDKROOT; };
		060B1AD11551581A00454D72 /* MUKMediaGalleryExample-Info.plist */ = {isa = PBXFileReference; lastKnownFileType = text.plist.xml; path = "MUKMediaGalleryExample-Info.plist"; sourceTree = "<group>"; };
		060B1AD31551581A00454D72 /* en */ = {isa = PBXFileReference; lastKnownFileType = text.plist.strings; name = en; path = en.lproj/InfoPlist.strings; sourceTree = "<group>"; };
		060B1AD51551581A00454D72 /* main.m */ = {isa = PBXFileReference; lastKnownFileType = sourcecode.c.objc; path = main.m; sourceTree = "<group>"; };
		060B1AD71551581A00454D72 /* MUKMediaGalleryExample-Prefix.pch */ = {isa = PBXFileReference; lastKnownFileType = sourcecode.c.h; path = "MUKMediaGalleryExample-Prefix.pch"; sourceTree = "<group>"; };
		060B1AE41551584200454D72 /* MUKMediaGallery.xcodeproj */ = {isa = PBXFileReference; lastKnownFileType = "wrapper.pb-project"; name = MUKMediaGallery.xcodeproj; path = ../MUKMediaGallery.xcodeproj; sourceTree = "<group>"; };
		060B1B1B1551587C00454D72 /* Security.framework */ = {isa = PBXFileReference; lastKnownFileType = wrapper.framework; name = Security.framework; path = System/Library/Frameworks/Security.framework; sourceTree = SDKROOT; };
		060B1B1F155158CD00454D72 /* AppDelegate.h */ = {isa = PBXFileReference; fileEncoding = 4; lastKnownFileType = sourcecode.c.h; path = AppDelegate.h; sourceTree = "<group>"; };
		060B1B20155158CD00454D72 /* AppDelegate.m */ = {isa = PBXFileReference; fileEncoding = 4; lastKnownFileType = sourcecode.c.objc; path = AppDelegate.m; sourceTree = "<group>"; };
		060B1B25155158E400454D72 /* RootTableViewController.h */ = {isa = PBXFileReference; fileEncoding = 4; lastKnownFileType = sourcecode.c.h; path = RootTableViewController.h; sourceTree = "<group>"; };
		060B1B26155158E400454D72 /* RootTableViewController.m */ = {isa = PBXFileReference; fileEncoding = 4; lastKnownFileType = sourcecode.c.objc; path = RootTableViewController.m; sourceTree = "<group>"; };
		060B1B281551592200454D72 /* ThumbnailsViewController.h */ = {isa = PBXFileReference; fileEncoding = 4; lastKnownFileType = sourcecode.c.h; path = ThumbnailsViewController.h; sourceTree = "<group>"; };
		060B1B291551592200454D72 /* ThumbnailsViewController.m */ = {isa = PBXFileReference; fileEncoding = 4; lastKnownFileType = sourcecode.c.objc; path = ThumbnailsViewController.m; sourceTree = "<group>"; };
		060B1B2A1551592200454D72 /* ThumbnailsViewController.xib */ = {isa = PBXFileReference; fileEncoding = 4; lastKnownFileType = file.xib; path = ThumbnailsViewController.xib; sourceTree = "<group>"; };
		060B1B4F1551860800454D72 /* palms-thumbnail.jpg */ = {isa = PBXFileReference; lastKnownFileType = image.jpeg; path = "palms-thumbnail.jpg"; sourceTree = "<group>"; };
		060B1B501551860800454D72 /* palms.jpg */ = {isa = PBXFileReference; lastKnownFileType = image.jpeg; path = palms.jpg; sourceTree = "<group>"; };
		062448341552848E005CE74D /* sea.mp4 */ = {isa = PBXFileReference; lastKnownFileType = file; path = sea.mp4; sourceTree = "<group>"; };
		062448361552849A005CE74D /* sea-movie-thumbnail.jpg */ = {isa = PBXFileReference; lastKnownFileType = image.jpeg; path = "sea-movie-thumbnail.jpg"; sourceTree = "<group>"; };
		0624483E15528742005CE74D /* it */ = {isa = PBXFileReference; lastKnownFileType = text.plist.strings; name = it; path = "/Users/muccy/Documents/Developer/Personal/Xcode/Git/MUKit GitHub/MUKMediaGallery/Example/MUKMediaGalleryExample/it.lproj/InfoPlist.strings"; sourceTree = "<absolute>"; };
		0671974C1560FC730017EAC0 /* MediaPlayer.framework */ = {isa = PBXFileReference; lastKnownFileType = wrapper.framework; name = MediaPlayer.framework; path = System/Library/Frameworks/MediaPlayer.framework; sourceTree = SDKROOT; };
		06A26C3C155E6F92009D36F0 /* CarouselViewController.h */ = {isa = PBXFileReference; fileEncoding = 4; lastKnownFileType = sourcecode.c.h; path = CarouselViewController.h; sourceTree = "<group>"; };
		06A26C3D155E6F92009D36F0 /* CarouselViewController.m */ = {isa = PBXFileReference; fileEncoding = 4; lastKnownFileType = sourcecode.c.objc; path = CarouselViewController.m; sourceTree = "<group>"; };
		06A26C3E155E6F92009D36F0 /* CarouselViewController.xib */ = {isa = PBXFileReference; fileEncoding = 4; lastKnownFileType = file.xib; path = CarouselViewController.xib; sourceTree = "<group>"; };
		06A93C5B155A67E90083CFE4 /* ImageFetcherViewController.h */ = {isa = PBXFileReference; fileEncoding = 4; lastKnownFileType = sourcecode.c.h; path = ImageFetcherViewController.h; sourceTree = "<group>"; };
		06A93C5C155A67E90083CFE4 /* ImageFetcherViewController.m */ = {isa = PBXFileReference; fileEncoding = 4; lastKnownFileType = sourcecode.c.objc; path = ImageFetcherViewController.m; sourceTree = "<group>"; };
		06D07284156104F9000296C3 /* SexForModerns-StopTheClock_64kb.mp3 */ = {isa = PBXFileReference; lastKnownFileType = audio.mp3; path = "SexForModerns-StopTheClock_64kb.mp3"; sourceTree = "<group>"; };
		06D072D815618E91000296C3 /* ChainedViewController.h */ = {isa = PBXFileReference; fileEncoding = 4; lastKnownFileType = sourcecode.c.h; path = ChainedViewController.h; sourceTree = "<group>"; };
		06D072D915618E91000296C3 /* ChainedViewController.m */ = {isa = PBXFileReference; fileEncoding = 4; lastKnownFileType = sourcecode.c.objc; path = ChainedViewController.m; sourceTree = "<group>"; };
		06FF1BE11567933F0040DA06 /* MUKToolkit.xcodeproj */ = {isa = PBXFileReference; lastKnownFileType = "wrapper.pb-project"; name = MUKToolkit.xcodeproj; path = ../Submodules/MUKToolkit/MUKToolkit.xcodeproj; sourceTree = "<group>"; };
		06FF1BE21567933F0040DA06 /* MUKNetworking.xcodeproj */ = {isa = PBXFileReference; lastKnownFileType = "wrapper.pb-project"; name = MUKNetworking.xcodeproj; path = ../Submodules/MUKNetworking/MUKNetworking.xcodeproj; sourceTree = "<group>"; };
		06FF1BE31567933F0040DA06 /* MUKObjectCache.xcodeproj */ = {isa = PBXFileReference; lastKnownFileType = "wrapper.pb-project"; name = MUKObjectCache.xcodeproj; path = ../Submodules/MUKObjectCache/MUKObjectCache.xcodeproj; sourceTree = "<group>"; };
		06FF1BE41567933F0040DA06 /* MUKScrolling.xcodeproj */ = {isa = PBXFileReference; lastKnownFileType = "wrapper.pb-project"; name = MUKScrolling.xcodeproj; path = ../Submodules/MUKScrolling/MUKScrolling.xcodeproj; sourceTree = "<group>"; };
		06FF1BEE1567933F0040DA06 /* PSYouTubeExtractor.h */ = {isa = PBXFileReference; fileEncoding = 4; lastKnownFileType = sourcecode.c.h; name = PSYouTubeExtractor.h; path = Submodules/PSYouTubeExtractor/PSYouTubeExtractor.h; sourceTree = "<group>"; };
		06FF1BEF1567933F0040DA06 /* PSYouTubeExtractor.m */ = {isa = PBXFileReference; fileEncoding = 4; lastKnownFileType = sourcecode.c.objc; name = PSYouTubeExtractor.m; path = Submodules/PSYouTubeExtractor/PSYouTubeExtractor.m; sourceTree = "<group>"; };
/* End PBXFileReference section */

/* Begin PBXFrameworksBuildPhase section */
		060B1AC21551581A00454D72 /* Frameworks */ = {
			isa = PBXFrameworksBuildPhase;
			buildActionMask = 2147483647;
			files = (
				06EEEF1E156953540090EE76 /* libMUKMediaGallery.a in Frameworks */,
				06EEEF1F156953540090EE76 /* libMUKNetworking.a in Frameworks */,
				06EEEF20156953540090EE76 /* libMUKObjectCache.a in Frameworks */,
				06EEEF21156953540090EE76 /* libMUKScrolling.a in Frameworks */,
				06EEEF22156953540090EE76 /* libMUKToolkit.a in Frameworks */,
				0671974D1560FC730017EAC0 /* MediaPlayer.framework in Frameworks */,
				060B1B1C1551587C00454D72 /* Security.framework in Frameworks */,
				060B1ACA1551581A00454D72 /* UIKit.framework in Frameworks */,
				060B1ACC1551581A00454D72 /* Foundation.framework in Frameworks */,
				060B1ACE1551581A00454D72 /* CoreGraphics.framework in Frameworks */,
			);
			runOnlyForDeploymentPostprocessing = 0;
		};
/* End PBXFrameworksBuildPhase section */

/* Begin PBXGroup section */
		060B1ABA1551581900454D72 = {
			isa = PBXGroup;
			children = (
				060B1ACF1551581A00454D72 /* MUKMediaGalleryExample */,
				060B1AC81551581A00454D72 /* Frameworks */,
				060B1AC61551581A00454D72 /* Products */,
			);
			sourceTree = "<group>";
		};
		060B1AC61551581A00454D72 /* Products */ = {
			isa = PBXGroup;
			children = (
				060B1AC51551581A00454D72 /* MUKMediaGalleryExample.app */,
			);
			name = Products;
			sourceTree = "<group>";
		};
		060B1AC81551581A00454D72 /* Frameworks */ = {
			isa = PBXGroup;
			children = (
				06FF1BE11567933F0040DA06 /* MUKToolkit.xcodeproj */,
				06FF1BE21567933F0040DA06 /* MUKNetworking.xcodeproj */,
				06FF1BE31567933F0040DA06 /* MUKObjectCache.xcodeproj */,
				06FF1BE41567933F0040DA06 /* MUKScrolling.xcodeproj */,
				060B1AE41551584200454D72 /* MUKMediaGallery.xcodeproj */,
				060B1B1B1551587C00454D72 /* Security.framework */,
				0671974C1560FC730017EAC0 /* MediaPlayer.framework */,
				060B1AC91551581A00454D72 /* UIKit.framework */,
				060B1ACB1551581A00454D72 /* Foundation.framework */,
				060B1ACD1551581A00454D72 /* CoreGraphics.framework */,
			);
			name = Frameworks;
			sourceTree = "<group>";
		};
		060B1ACF1551581A00454D72 /* MUKMediaGalleryExample */ = {
			isa = PBXGroup;
			children = (
				060B1B1D155158CD00454D72 /* Classes */,
				060B1AD01551581A00454D72 /* Supporting Files */,
			);
			path = MUKMediaGalleryExample;
			sourceTree = "<group>";
		};
		060B1AD01551581A00454D72 /* Supporting Files */ = {
			isa = PBXGroup;
			children = (
				06FF1BE51567933F0040DA06 /* PSYouTubeExtractor */,
				06D07283156104F9000296C3 /* Audio */,
				062448331552848E005CE74D /* Movies */,
				060B1B4E1551860800454D72 /* Images */,
				060B1AD11551581A00454D72 /* MUKMediaGalleryExample-Info.plist */,
				060B1AD21551581A00454D72 /* InfoPlist.strings */,
				060B1AD51551581A00454D72 /* main.m */,
				060B1AD71551581A00454D72 /* MUKMediaGalleryExample-Prefix.pch */,
			);
			name = "Supporting Files";
			sourceTree = "<group>";
		};
		060B1AE51551584200454D72 /* Products */ = {
			isa = PBXGroup;
			children = (
				060B1B031551584400454D72 /* libMUKMediaGallery.a */,
				060B1B051551584400454D72 /* MUKMediaGalleryTests.octest */,
				060B1B071551584400454D72 /* MUKMediaGallery.bundle */,
			);
			name = Products;
			sourceTree = "<group>";
		};
		060B1B1D155158CD00454D72 /* Classes */ = {
			isa = PBXGroup;
			children = (
				060B1B1E155158CD00454D72 /* App Delegate */,
				060B1B21155158CD00454D72 /* View Controllers */,
			);
			path = Classes;
			sourceTree = "<group>";
		};
		060B1B1E155158CD00454D72 /* App Delegate */ = {
			isa = PBXGroup;
			children = (
				060B1B1F155158CD00454D72 /* AppDelegate.h */,
				060B1B20155158CD00454D72 /* AppDelegate.m */,
			);
			path = "App Delegate";
			sourceTree = "<group>";
		};
		060B1B21155158CD00454D72 /* View Controllers */ = {
			isa = PBXGroup;
			children = (
				060B1B22155158CD00454D72 /* Root */,
				06A93C5A155A67CE0083CFE4 /* Image Fetcher */,
				060B1B23155158CD00454D72 /* Thumbnails View */,
				06A26C3B155E6F7F009D36F0 /* Carousel View */,
				06D072D715618E47000296C3 /* Chained View Controllers */,
			);
			path = "View Controllers";
			sourceTree = "<group>";
		};
		060B1B22155158CD00454D72 /* Root */ = {
			isa = PBXGroup;
			children = (
				060B1B25155158E400454D72 /* RootTableViewController.h */,
				060B1B26155158E400454D72 /* RootTableViewController.m */,
			);
			path = Root;
			sourceTree = "<group>";
		};
		060B1B23155158CD00454D72 /* Thumbnails View */ = {
			isa = PBXGroup;
			children = (
				060B1B281551592200454D72 /* ThumbnailsViewController.h */,
				060B1B291551592200454D72 /* ThumbnailsViewController.m */,
				060B1B2A1551592200454D72 /* ThumbnailsViewController.xib */,
			);
			path = "Thumbnails View";
			sourceTree = "<group>";
		};
		060B1B4E1551860800454D72 /* Images */ = {
			isa = PBXGroup;
			children = (
				062448361552849A005CE74D /* sea-movie-thumbnail.jpg */,
				060B1B4F1551860800454D72 /* palms-thumbnail.jpg */,
				060B1B501551860800454D72 /* palms.jpg */,
			);
			path = Images;
			sourceTree = "<group>";
		};
		062448331552848E005CE74D /* Movies */ = {
			isa = PBXGroup;
			children = (
				062448341552848E005CE74D /* sea.mp4 */,
			);
			path = Movies;
			sourceTree = "<group>";
		};
		06A26C3B155E6F7F009D36F0 /* Carousel View */ = {
			isa = PBXGroup;
			children = (
				06A26C3C155E6F92009D36F0 /* CarouselViewController.h */,
				06A26C3D155E6F92009D36F0 /* CarouselViewController.m */,
				06A26C3E155E6F92009D36F0 /* CarouselViewController.xib */,
			);
			path = "Carousel View";
			sourceTree = "<group>";
		};
		06A93C5A155A67CE0083CFE4 /* Image Fetcher */ = {
			isa = PBXGroup;
			children = (
				06A93C5B155A67E90083CFE4 /* ImageFetcherViewController.h */,
				06A93C5C155A67E90083CFE4 /* ImageFetcherViewController.m */,
			);
			path = "Image Fetcher";
			sourceTree = "<group>";
		};
		06D07283156104F9000296C3 /* Audio */ = {
			isa = PBXGroup;
			children = (
				06D07284156104F9000296C3 /* SexForModerns-StopTheClock_64kb.mp3 */,
			);
			path = Audio;
			sourceTree = "<group>";
		};
		06D072D715618E47000296C3 /* Chained View Controllers */ = {
			isa = PBXGroup;
			children = (
				06D072D815618E91000296C3 /* ChainedViewController.h */,
				06D072D915618E91000296C3 /* ChainedViewController.m */,
			);
			path = "Chained View Controllers";
			sourceTree = "<group>";
		};
		06FF1BE51567933F0040DA06 /* PSYouTubeExtractor */ = {
			isa = PBXGroup;
			children = (
				06FF1BEE1567933F0040DA06 /* PSYouTubeExtractor.h */,
				06FF1BEF1567933F0040DA06 /* PSYouTubeExtractor.m */,
			);
			name = PSYouTubeExtractor;
			path = ../..;
			sourceTree = "<group>";
		};
		06FF1BE61567933F0040DA06 /* Products */ = {
			isa = PBXGroup;
			children = (
				06FF1C0A1567933F0040DA06 /* libMUKToolkit.a */,
				06FF1C0C1567933F0040DA06 /* MUKToolkitTests.octest */,
			);
			name = Products;
			sourceTree = "<group>";
		};
		06FF1BE81567933F0040DA06 /* Products */ = {
			isa = PBXGroup;
			children = (
				06FF1BF51567933F0040DA06 /* libMUKNetworking.a */,
				06FF1BF71567933F0040DA06 /* MUKNetworkingTests.octest */,
			);
			name = Products;
			sourceTree = "<group>";
		};
		06FF1BEA1567933F0040DA06 /* Products */ = {
			isa = PBXGroup;
			children = (
				06FF1BFC1567933F0040DA06 /* libMUKObjectCache.a */,
				06FF1BFE1567933F0040DA06 /* MUKObjectCacheTests.octest */,
			);
			name = Products;
			sourceTree = "<group>";
		};
		06FF1BEC1567933F0040DA06 /* Products */ = {
			isa = PBXGroup;
			children = (
				06FF1C031567933F0040DA06 /* libMUKScrolling.a */,
				06FF1C051567933F0040DA06 /* MUKScrollingTests.octest */,
			);
			name = Products;
			sourceTree = "<group>";
		};
/* End PBXGroup section */

/* Begin PBXNativeTarget section */
		060B1AC41551581A00454D72 /* MUKMediaGalleryExample */ = {
			isa = PBXNativeTarget;
			buildConfigurationList = 060B1ADD1551581A00454D72 /* Build configuration list for PBXNativeTarget "MUKMediaGalleryExample" */;
			buildPhases = (
				060B1AC11551581A00454D72 /* Sources */,
				060B1AC21551581A00454D72 /* Frameworks */,
				060B1AC31551581A00454D72 /* Resources */,
			);
			buildRules = (
			);
			dependencies = (
				06FF1C0E156793AC0040DA06 /* PBXTargetDependency */,
				06FF1C10156793AC0040DA06 /* PBXTargetDependency */,
				06FF1C12156793AC0040DA06 /* PBXTargetDependency */,
				06FF1C14156793AC0040DA06 /* PBXTargetDependency */,
				06FF1C16156793AC0040DA06 /* PBXTargetDependency */,
				060B1B541551888D00454D72 /* PBXTargetDependency */,
			);
			name = MUKMediaGalleryExample;
			productName = MUKMediaGalleryExample;
			productReference = 060B1AC51551581A00454D72 /* MUKMediaGalleryExample.app */;
			productType = "com.apple.product-type.application";
		};
/* End PBXNativeTarget section */

/* Begin PBXProject section */
		060B1ABC1551581900454D72 /* Project object */ = {
			isa = PBXProject;
			attributes = {
				LastUpgradeCheck = 0430;
			};
			buildConfigurationList = 060B1ABF1551581900454D72 /* Build configuration list for PBXProject "MUKMediaGalleryExample" */;
			compatibilityVersion = "Xcode 3.2";
			developmentRegion = English;
			hasScannedForEncodings = 0;
			knownRegions = (
				en,
			);
			mainGroup = 060B1ABA1551581900454D72;
			productRefGroup = 060B1AC61551581A00454D72 /* Products */;
			projectDirPath = "";
			projectReferences = (
				{
					ProductGroup = 060B1AE51551584200454D72 /* Products */;
					ProjectRef = 060B1AE41551584200454D72 /* MUKMediaGallery.xcodeproj */;
				},
				{
					ProductGroup = 06FF1BE81567933F0040DA06 /* Products */;
					ProjectRef = 06FF1BE21567933F0040DA06 /* MUKNetworking.xcodeproj */;
				},
				{
					ProductGroup = 06FF1BEA1567933F0040DA06 /* Products */;
					ProjectRef = 06FF1BE31567933F0040DA06 /* MUKObjectCache.xcodeproj */;
				},
				{
					ProductGroup = 06FF1BEC1567933F0040DA06 /* Products */;
					ProjectRef = 06FF1BE41567933F0040DA06 /* MUKScrolling.xcodeproj */;
				},
				{
					ProductGroup = 06FF1BE61567933F0040DA06 /* Products */;
					ProjectRef = 06FF1BE11567933F0040DA06 /* MUKToolkit.xcodeproj */;
				},
			);
			projectRoot = "";
			targets = (
				060B1AC41551581A00454D72 /* MUKMediaGalleryExample */,
			);
		};
/* End PBXProject section */

/* Begin PBXReferenceProxy section */
		060B1B031551584400454D72 /* libMUKMediaGallery.a */ = {
			isa = PBXReferenceProxy;
			fileType = archive.ar;
			path = libMUKMediaGallery.a;
			remoteRef = 060B1B021551584400454D72 /* PBXContainerItemProxy */;
			sourceTree = BUILT_PRODUCTS_DIR;
		};
		060B1B051551584400454D72 /* MUKMediaGalleryTests.octest */ = {
			isa = PBXReferenceProxy;
			fileType = wrapper.cfbundle;
			path = MUKMediaGalleryTests.octest;
			remoteRef = 060B1B041551584400454D72 /* PBXContainerItemProxy */;
			sourceTree = BUILT_PRODUCTS_DIR;
		};
		060B1B071551584400454D72 /* MUKMediaGallery.bundle */ = {
			isa = PBXReferenceProxy;
			fileType = wrapper.cfbundle;
			path = MUKMediaGallery.bundle;
			remoteRef = 060B1B061551584400454D72 /* PBXContainerItemProxy */;
			sourceTree = BUILT_PRODUCTS_DIR;
		};
		06FF1BF51567933F0040DA06 /* libMUKNetworking.a */ = {
			isa = PBXReferenceProxy;
			fileType = archive.ar;
			path = libMUKNetworking.a;
			remoteRef = 06FF1BF41567933F0040DA06 /* PBXContainerItemProxy */;
			sourceTree = BUILT_PRODUCTS_DIR;
		};
		06FF1BF71567933F0040DA06 /* MUKNetworkingTests.octest */ = {
			isa = PBXReferenceProxy;
			fileType = wrapper.cfbundle;
			path = MUKNetworkingTests.octest;
			remoteRef = 06FF1BF61567933F0040DA06 /* PBXContainerItemProxy */;
			sourceTree = BUILT_PRODUCTS_DIR;
		};
		06FF1BFC1567933F0040DA06 /* libMUKObjectCache.a */ = {
			isa = PBXReferenceProxy;
			fileType = archive.ar;
			path = libMUKObjectCache.a;
			remoteRef = 06FF1BFB1567933F0040DA06 /* PBXContainerItemProxy */;
			sourceTree = BUILT_PRODUCTS_DIR;
		};
		06FF1BFE1567933F0040DA06 /* MUKObjectCacheTests.octest */ = {
			isa = PBXReferenceProxy;
			fileType = wrapper.cfbundle;
			path = MUKObjectCacheTests.octest;
			remoteRef = 06FF1BFD1567933F0040DA06 /* PBXContainerItemProxy */;
			sourceTree = BUILT_PRODUCTS_DIR;
		};
		06FF1C031567933F0040DA06 /* libMUKScrolling.a */ = {
			isa = PBXReferenceProxy;
			fileType = archive.ar;
			path = libMUKScrolling.a;
			remoteRef = 06FF1C021567933F0040DA06 /* PBXContainerItemProxy */;
			sourceTree = BUILT_PRODUCTS_DIR;
		};
		06FF1C051567933F0040DA06 /* MUKScrollingTests.octest */ = {
			isa = PBXReferenceProxy;
			fileType = wrapper.cfbundle;
			path = MUKScrollingTests.octest;
			remoteRef = 06FF1C041567933F0040DA06 /* PBXContainerItemProxy */;
			sourceTree = BUILT_PRODUCTS_DIR;
		};
		06FF1C0A1567933F0040DA06 /* libMUKToolkit.a */ = {
			isa = PBXReferenceProxy;
			fileType = archive.ar;
			path = libMUKToolkit.a;
			remoteRef = 06FF1C091567933F0040DA06 /* PBXContainerItemProxy */;
			sourceTree = BUILT_PRODUCTS_DIR;
		};
		06FF1C0C1567933F0040DA06 /* MUKToolkitTests.octest */ = {
			isa = PBXReferenceProxy;
			fileType = wrapper.cfbundle;
			path = MUKToolkitTests.octest;
			remoteRef = 06FF1C0B1567933F0040DA06 /* PBXContainerItemProxy */;
			sourceTree = BUILT_PRODUCTS_DIR;
		};
/* End PBXReferenceProxy section */

/* Begin PBXResourcesBuildPhase section */
		060B1AC31551581A00454D72 /* Resources */ = {
			isa = PBXResourcesBuildPhase;
			buildActionMask = 2147483647;
			files = (
				060B1B55155188BF00454D72 /* MUKMediaGallery.bundle in Resources */,
				060B1AD41551581A00454D72 /* InfoPlist.strings in Resources */,
				060B1B2C1551592200454D72 /* ThumbnailsViewController.xib in Resources */,
				060B1B511551860800454D72 /* palms-thumbnail.jpg in Resources */,
				060B1B521551860800454D72 /* palms.jpg in Resources */,
				062448351552848E005CE74D /* sea.mp4 in Resources */,
				062448371552849A005CE74D /* sea-movie-thumbnail.jpg in Resources */,
				06A26C40155E6F92009D36F0 /* CarouselViewController.xib in Resources */,
				06D07285156104F9000296C3 /* SexForModerns-StopTheClock_64kb.mp3 in Resources */,
			);
			runOnlyForDeploymentPostprocessing = 0;
		};
/* End PBXResourcesBuildPhase section */

/* Begin PBXSourcesBuildPhase section */
		060B1AC11551581A00454D72 /* Sources */ = {
			isa = PBXSourcesBuildPhase;
			buildActionMask = 2147483647;
			files = (
				060B1AD61551581A00454D72 /* main.m in Sources */,
				060B1B24155158CD00454D72 /* AppDelegate.m in Sources */,
				060B1B27155158E400454D72 /* RootTableViewController.m in Sources */,
				060B1B2B1551592200454D72 /* ThumbnailsViewController.m in Sources */,
				06A93C5D155A67E90083CFE4 /* ImageFetcherViewController.m in Sources */,
				06A26C3F155E6F92009D36F0 /* CarouselViewController.m in Sources */,
				06D072DB15618E91000296C3 /* ChainedViewController.m in Sources */,
				06FF1BF01567933F0040DA06 /* PSYouTubeExtractor.m in Sources */,
			);
			runOnlyForDeploymentPostprocessing = 0;
		};
/* End PBXSourcesBuildPhase section */

/* Begin PBXTargetDependency section */
		060B1B541551888D00454D72 /* PBXTargetDependency */ = {
			isa = PBXTargetDependency;
			name = MUKMediaGalleryResources;
			targetProxy = 060B1B531551888D00454D72 /* PBXContainerItemProxy */;
		};
		06FF1C0E156793AC0040DA06 /* PBXTargetDependency */ = {
			isa = PBXTargetDependency;
			name = MUKScrolling;
			targetProxy = 06FF1C0D156793AC0040DA06 /* PBXContainerItemProxy */;
		};
		06FF1C10156793AC0040DA06 /* PBXTargetDependency */ = {
			isa = PBXTargetDependency;
			name = MUKNetworking;
			targetProxy = 06FF1C0F156793AC0040DA06 /* PBXContainerItemProxy */;
		};
		06FF1C12156793AC0040DA06 /* PBXTargetDependency */ = {
			isa = PBXTargetDependency;
			name = MUKObjectCache;
			targetProxy = 06FF1C11156793AC0040DA06 /* PBXContainerItemProxy */;
		};
		06FF1C14156793AC0040DA06 /* PBXTargetDependency */ = {
			isa = PBXTargetDependency;
			name = MUKMediaGallery;
			targetProxy = 06FF1C13156793AC0040DA06 /* PBXContainerItemProxy */;
		};
		06FF1C16156793AC0040DA06 /* PBXTargetDependency */ = {
			isa = PBXTargetDependency;
			name = MUKToolkit;
			targetProxy = 06FF1C15156793AC0040DA06 /* PBXContainerItemProxy */;
		};
/* End PBXTargetDependency section */

/* Begin PBXVariantGroup section */
		060B1AD21551581A00454D72 /* InfoPlist.strings */ = {
			isa = PBXVariantGroup;
			children = (
				060B1AD31551581A00454D72 /* en */,
				0624483E15528742005CE74D /* it */,
			);
			name = InfoPlist.strings;
			sourceTree = "<group>";
		};
/* End PBXVariantGroup section */

/* Begin XCBuildConfiguration section */
		060B1ADB1551581A00454D72 /* Debug */ = {
			isa = XCBuildConfiguration;
			buildSettings = {
				ALWAYS_SEARCH_USER_PATHS = NO;
				ARCHS = (
					armv6,
					armv7,
				);
				CLANG_ENABLE_OBJC_ARC = YES;
				CODE_SIGN_IDENTITY = "iPhone Developer: Marco Muccinelli (959P8R4D7Z)";
				COPY_PHASE_STRIP = NO;
				GCC_C_LANGUAGE_STANDARD = gnu99;
				GCC_DYNAMIC_NO_PIC = NO;
				GCC_OPTIMIZATION_LEVEL = 0;
				GCC_PREPROCESSOR_DEFINITIONS = (
					"DEBUG=1",
					"$(inherited)",
				);
				GCC_SYMBOLS_PRIVATE_EXTERN = NO;
				GCC_THUMB_SUPPORT = NO;
				GCC_VERSION = com.apple.compilers.llvm.clang.1_0;
				GCC_WARN_ABOUT_RETURN_TYPE = YES;
				GCC_WARN_UNINITIALIZED_AUTOS = YES;
				GCC_WARN_UNUSED_VARIABLE = YES;
				IPHONEOS_DEPLOYMENT_TARGET = 4.0;
				OTHER_LDFLAGS = "-ObjC";
				PROVISIONING_PROFILE = "29A718E1-5F0E-4F78-BCCB-BD08AC04BC69";
				SDKROOT = iphoneos;
				TARGETED_DEVICE_FAMILY = "1,2";
			};
			name = Debug;
		};
		060B1ADC1551581A00454D72 /* Release */ = {
			isa = XCBuildConfiguration;
			buildSettings = {
				ALWAYS_SEARCH_USER_PATHS = NO;
				ARCHS = (
					armv6,
					armv7,
				);
				CLANG_ENABLE_OBJC_ARC = YES;
				COPY_PHASE_STRIP = YES;
				GCC_C_LANGUAGE_STANDARD = gnu99;
				GCC_THUMB_SUPPORT = NO;
				GCC_VERSION = com.apple.compilers.llvm.clang.1_0;
				GCC_WARN_ABOUT_RETURN_TYPE = YES;
				GCC_WARN_UNINITIALIZED_AUTOS = YES;
				GCC_WARN_UNUSED_VARIABLE = YES;
				IPHONEOS_DEPLOYMENT_TARGET = 4.0;
				OTHER_CFLAGS = "-DNS_BLOCK_ASSERTIONS=1";
				OTHER_LDFLAGS = "-ObjC";
				SDKROOT = iphoneos;
				TARGETED_DEVICE_FAMILY = "1,2";
				VALIDATE_PRODUCT = YES;
			};
			name = Release;
		};
		060B1ADE1551581A00454D72 /* Debug */ = {
			isa = XCBuildConfiguration;
			buildSettings = {
				GCC_PRECOMPILE_PREFIX_HEADER = YES;
				GCC_PREFIX_HEADER = "MUKMediaGalleryExample/MUKMediaGalleryExample-Prefix.pch";
				GCC_THUMB_SUPPORT = NO;
				INFOPLIST_FILE = "MUKMediaGalleryExample/MUKMediaGalleryExample-Info.plist";
				PRODUCT_NAME = "$(TARGET_NAME)";
				WRAPPER_EXTENSION = app;
			};
			name = Debug;
		};
		060B1ADF1551581A00454D72 /* Release */ = {
			isa = XCBuildConfiguration;
			buildSettings = {
				GCC_PRECOMPILE_PREFIX_HEADER = YES;
				GCC_PREFIX_HEADER = "MUKMediaGalleryExample/MUKMediaGalleryExample-Prefix.pch";
				GCC_THUMB_SUPPORT = NO;
				INFOPLIST_FILE = "MUKMediaGalleryExample/MUKMediaGalleryExample-Info.plist";
				PRODUCT_NAME = "$(TARGET_NAME)";
				WRAPPER_EXTENSION = app;
			};
			name = Release;
		};
/* End XCBuildConfiguration section */

/* Begin XCConfigurationList section */
		060B1ABF1551581900454D72 /* Build configuration list for PBXProject "MUKMediaGalleryExample" */ = {
			isa = XCConfigurationList;
			buildConfigurations = (
				060B1ADB1551581A00454D72 /* Debug */,
				060B1ADC1551581A00454D72 /* Release */,
			);
			defaultConfigurationIsVisible = 0;
			defaultConfigurationName = Release;
		};
		060B1ADD1551581A00454D72 /* Build configuration list for PBXNativeTarget "MUKMediaGalleryExample" */ = {
			isa = XCConfigurationList;
			buildConfigurations = (
				060B1ADE1551581A00454D72 /* Debug */,
				060B1ADF1551581A00454D72 /* Release */,
			);
			defaultConfigurationIsVisible = 0;
			defaultConfigurationName = Release;
		};
/* End XCConfigurationList section */
	};
	rootObject = 060B1ABC1551581900454D72 /* Project object */;
}
